{
  "version": 4,
  "terraform_version": "1.9.2",
  "serial": 362,
  "lineage": "bc8f7834-5725-9813-17b0-42fcd25fd943",
  "outputs": {
    "cluster_endpoint": {
      "value": "https://F8B296ADBE2FBD122A662383000B8604.gr7.ap-south-1.eks.amazonaws.com",
      "type": "string"
    },
    "cluster_name": {
      "value": "kubeoptima-test",
      "type": "string"
    },
    "kubeconfig_command": {
      "value": "aws eks update-kubeconfig --name kubeoptima-test --region ap-south-1",
      "type": "string"
    }
  },
  "resources": [
    {
      "module": "module.kubeoptima_eks",
      "mode": "data",
      "type": "aws_availability_zones",
      "name": "available",
      "provider": "provider[\"registry.terraform.io/hashicorp/aws\"]",
      "instances": [
        {
          "schema_version": 0,
          "attributes": {
            "all_availability_zones": null,
            "exclude_names": null,
            "exclude_zone_ids": null,
            "filter": null,
            "group_names": [
              "ap-south-1-zg-1"
            ],
            "id": "ap-south-1",
            "names": [
              "ap-south-1a",
              "ap-south-1b",
              "ap-south-1c"
            ],
            "state": "available",
            "timeouts": null,
            "zone_ids": [
              "aps1-az1",
              "aps1-az3",
              "aps1-az2"
            ]
          },
          "sensitive_attributes": []
        }
      ]
    },
    {
      "module": "module.kubeoptima_eks",
      "mode": "data",
      "type": "aws_caller_identity",
      "name": "current",
      "provider": "provider[\"registry.terraform.io/hashicorp/aws\"]",
      "instances": [
        {
          "schema_version": 0,
          "attributes": {
            "account_id": "320343233567",
            "arn": "arn:aws:iam::320343233567:user/sharan-personal",
            "id": "320343233567",
            "user_id": "AIDAUVFPR2QPZJVRHEOZH"
          },
          "sensitive_attributes": []
        }
      ]
    },
    {
      "module": "module.kubeoptima_eks",
      "mode": "managed",
      "type": "aws_eks_node_group",
      "name": "spot",
      "provider": "provider[\"registry.terraform.io/hashicorp/aws\"]",
      "instances": [
        {
          "schema_version": 0,
          "attributes": {
            "ami_type": "AL2023_x86_64_STANDARD",
            "arn": "arn:aws:eks:ap-south-1:320343233567:nodegroup/kubeoptima-test/spot/8ccfbb54-88ef-4708-af41-5a57d4c7b660",
            "capacity_type": "SPOT",
            "cluster_name": "kubeoptima-test",
            "disk_size": 20,
            "force_update_version": null,
            "id": "kubeoptima-test:spot",
            "instance_types": [
              "t3.medium"
            ],
            "labels": {
              "kubeoptima.ai/managed": "true",
              "kubeoptima.ai/spot": "true",
              "node.kubernetes.io/type": "spot"
            },
            "launch_template": [],
            "node_group_name": "spot",
            "node_group_name_prefix": "",
            "node_repair_config": [],
            "node_role_arn": "arn:aws:iam::320343233567:role/kubeoptima-test-node-role",
            "release_version": "1.36.2-20260714",
            "remote_access": [],
            "resources": [
              {
                "autoscaling_groups": [
                  {
                    "name": "eks-spot-8ccfbb54-88ef-4708-af41-5a57d4c7b660"
                  }
                ],
                "remote_access_security_group_id": ""
              }
            ],
            "scaling_config": [
              {
                "desired_size": 0,
                "max_size": 1,
                "min_size": 0
              }
            ],
            "status": "ACTIVE",
            "subnet_ids": [
              "subnet-015a8034446ae70d4",
              "subnet-03a46e0b1b986e6ae",
              "subnet-089052d6fb0dfb701"
            ],
            "tags": {
              "Environment": "testing",
              "ManagedBy": "Terraform",
              "Platform": "KubeOptima"
            },
            "tags_all": {
              "Environment": "testing",
              "ManagedBy": "Terraform",
              "Platform": "KubeOptima"
            },
            "taint": [],
            "timeouts": null,
            "update_config": [
              {
                "max_unavailable": 1,
                "max_unavailable_percentage": 0
              }
            ],
            "version": "1.36"
          },
          "sensitive_attributes": [],
          "private": "eyJlMmJmYjczMC1lY2FhLTExZTYtOGY4OC0zNDM2M2JjN2M0YzAiOnsiY3JlYXRlIjozNjAwMDAwMDAwMDAwLCJkZWxldGUiOjM2MDAwMDAwMDAwMDAsInVwZGF0ZSI6MzYwMDAwMDAwMDAwMH19",
          "dependencies": [
            "module.kubeoptima_eks.aws_iam_role.node",
            "module.kubeoptima_eks.aws_iam_role_policy_attachment.node_policies",
            "module.kubeoptima_eks.data.aws_availability_zones.available",
            "module.kubeoptima_eks.module.eks.aws_cloudwatch_log_group.this",
            "module.kubeoptima_eks.module.eks.aws_eks_access_entry.this",
            "module.kubeoptima_eks.module.eks.aws_eks_access_policy_association.this",
            "module.kubeoptima_eks.module.eks.aws_eks_cluster.this",
            "module.kubeoptima_eks.module.eks.aws_iam_policy.cni_ipv6_policy",
            "module.kubeoptima_eks.module.eks.aws_iam_role.eks_auto",
            "module.kubeoptima_eks.module.eks.aws_iam_role.this",
            "module.kubeoptima_eks.module.eks.aws_iam_role_policy_attachment.this",
            "module.kubeoptima_eks.module.eks.aws_security_group.cluster",
            "module.kubeoptima_eks.module.eks.aws_security_group.node",
            "module.kubeoptima_eks.module.eks.aws_security_group_rule.cluster",
            "module.kubeoptima_eks.module.eks.aws_security_group_rule.node",
            "module.kubeoptima_eks.module.eks.data.aws_caller_identity.current",
            "module.kubeoptima_eks.module.eks.data.aws_iam_policy_document.assume_role_policy",
            "module.kubeoptima_eks.module.eks.data.aws_iam_policy_document.cni_ipv6_policy",
            "module.kubeoptima_eks.module.eks.data.aws_iam_policy_document.node_assume_role_policy",
            "module.kubeoptima_eks.module.eks.data.aws_iam_session_context.current",
            "module.kubeoptima_eks.module.eks.data.aws_partition.current",
            "module.kubeoptima_eks.module.eks.module.kms.aws_kms_external_key.this",
            "module.kubeoptima_eks.module.eks.module.kms.aws_kms_key.this",
            "module.kubeoptima_eks.module.eks.module.kms.aws_kms_replica_external_key.this",
            "module.kubeoptima_eks.module.eks.module.kms.aws_kms_replica_key.this",
            "module.kubeoptima_eks.module.eks.module.kms.data.aws_caller_identity.current",
            "module.kubeoptima_eks.module.eks.module.kms.data.aws_iam_policy_document.this",
            "module.kubeoptima_eks.module.eks.module.kms.data.aws_partition.current",
            "module.kubeoptima_eks.module.vpc.aws_subnet.private",
            "module.kubeoptima_eks.module.vpc.aws_vpc.this",
            "module.kubeoptima_eks.module.vpc.aws_vpc_ipv4_cidr_block_association.this"
          ]
        }
      ]
    },
    {
      "module": "module.kubeoptima_eks",
      "mode": "managed",
      "type": "aws_eks_node_group",
      "name": "system",
      "provider": "provider[\"registry.terraform.io/hashicorp/aws\"]",
      "instances": [
        {
          "schema_version": 0,
          "attributes": {
            "ami_type": "AL2023_x86_64_STANDARD",
            "arn": "arn:aws:eks:ap-south-1:320343233567:nodegroup/kubeoptima-test/system/facfbb54-88f1-0f75-5087-e4c1874eebec",
            "capacity_type": "ON_DEMAND",
            "cluster_name": "kubeoptima-test",
            "disk_size": 20,
            "force_update_version": null,
            "id": "kubeoptima-test:system",
            "instance_types": [
              "t3.medium"
            ],
            "labels": {
              "kubeoptima.ai/managed": "true",
              "node.kubernetes.io/type": "on-demand"
            },
            "launch_template": [],
            "node_group_name": "system",
            "node_group_name_prefix": "",
            "node_repair_config": [],
            "node_role_arn": "arn:aws:iam::320343233567:role/kubeoptima-test-node-role",
            "release_version": "1.36.2-20260714",
            "remote_access": [],
            "resources": [],
            "scaling_config": [
              {
                "desired_size": 1,
                "max_size": 2,
                "min_size": 1
              }
            ],
            "status": "CREATING",
            "subnet_ids": [
              "subnet-015a8034446ae70d4",
              "subnet-03a46e0b1b986e6ae",
              "subnet-089052d6fb0dfb701"
            ],
            "tags": {
              "Environment": "testing",
              "ManagedBy": "Terraform",
              "Platform": "KubeOptima"
            },
            "tags_all": {
              "Environment": "testing",
              "ManagedBy": "Terraform",
              "Platform": "KubeOptima"
            },
            "taint": [],
            "timeouts": null,
            "update_config": [
              {
                "max_unavailable": 0,
                "max_unavailable_percentage": 25
              }
            ],
            "version": "1.36"
          },
          "sensitive_attributes": [],
          "private": "eyJlMmJmYjczMC1lY2FhLTExZTYtOGY4OC0zNDM2M2JjN2M0YzAiOnsiY3JlYXRlIjozNjAwMDAwMDAwMDAwLCJkZWxldGUiOjM2MDAwMDAwMDAwMDAsInVwZGF0ZSI6MzYwMDAwMDAwMDAwMH0sInNjaGVtYV92ZXJzaW9uIjoiMCJ9"
        }
      ]
    },
    {
      "module": "module.kubeoptima_eks",
      "mode": "managed",
      "type": "aws_iam_policy",
      "name": "kubeoptima_operator",
      "provider": "provider[\"registry.terraform.io/hashicorp/aws\"]",
      "instances": [
        {
          "schema_version": 0,
          "attributes": {
            "arn": "arn:aws:iam::320343233567:policy/kubeoptima-test-kubeoptima-operator",
            "attachment_count": 0,
            "description": "Allows KubeOptima Operator to manage EC2, Spot, ASG, and pricing",
            "id": "arn:aws:iam::320343233567:policy/kubeoptima-test-kubeoptima-operator",
            "name": "kubeoptima-test-kubeoptima-operator",
            "name_prefix": "",
            "path": "/",
            "policy": "{\"Statement\":[{\"Action\":[\"ec2:DescribeInstances\",\"ec2:DescribeSpotPriceHistory\",\"ec2:DescribeSpotInstanceRequests\",\"ec2:RequestSpotInstances\",\"ec2:TerminateInstances\",\"autoscaling:*\",\"pricing:GetProducts\",\"cloudwatch:GetMetricStatistics\",\"cloudwatch:ListMetrics\"],\"Effect\":\"Allow\",\"Resource\":\"*\"}],\"Version\":\"2012-10-17\"}",
            "policy_id": "ANPAUVFPR2QPTBFRVCFSQ",
            "tags": {
              "Environment": "testing",
              "ManagedBy": "Terraform",
              "Platform": "KubeOptima"
            },
            "tags_all": {
              "Environment": "testing",
              "ManagedBy": "Terraform",
              "Platform": "KubeOptima"
            }
          },
          "sensitive_attributes": [],
          "private": "bnVsbA=="
        }
      ]
    },
    {
      "module": "module.kubeoptima_eks",
      "mode": "managed",
      "type": "aws_iam_role",
      "name": "node",
      "provider": "provider[\"registry.terraform.io/hashicorp/aws\"]",
      "instances": [
        {
          "schema_version": 0,
          "attributes": {
            "arn": "arn:aws:iam::320343233567:role/kubeoptima-test-node-role",
            "assume_role_policy": "{\"Statement\":[{\"Action\":\"sts:AssumeRole\",\"Effect\":\"Allow\",\"Principal\":{\"Service\":\"ec2.amazonaws.com\"}}],\"Version\":\"2012-10-17\"}",
            "create_date": "2026-07-18T18:47:08Z",
            "description": "",
            "force_detach_policies": false,
            "id": "kubeoptima-test-node-role",
            "inline_policy": [],
            "managed_policy_arns": [
              "arn:aws:iam::aws:policy/AmazonEC2ContainerRegistryReadOnly",
              "arn:aws:iam::aws:policy/AmazonEKSWorkerNodePolicy",
              "arn:aws:iam::aws:policy/AmazonEKS_CNI_Policy"
            ],
            "max_session_duration": 3600,
            "name": "kubeoptima-test-node-role",
            "name_prefix": "",
            "path": "/",
            "permissions_boundary": "",
            "tags": {
              "Environment": "testing",
              "ManagedBy": "Terraform",
              "Platform": "KubeOptima"
            },
            "tags_all": {
              "Environment": "testing",
              "ManagedBy": "Terraform",
              "Platform": "KubeOptima"
            },
            "unique_id": "AROAUVFPR2QPTNSMMM56H"
          },
          "sensitive_attributes": [],
          "private": "bnVsbA=="
        }
      ]
    },
    {
      "module": "module.kubeoptima_eks",
      "mode": "managed",
      "type": "aws_iam_role_policy_attachment",
      "name": "node_policies",
      "provider": "provider[\"registry.terraform.io/hashicorp/aws\"]",
      "instances": [
        {
          "index_key": "arn:aws:iam::aws:policy/AmazonEC2ContainerRegistryReadOnly",
          "schema_version": 0,
          "attributes": {
            "id": "kubeoptima-test-node-role-20260718184709288500000006",
            "policy_arn": "arn:aws:iam::aws:policy/AmazonEC2ContainerRegistryReadOnly",
            "role": "kubeoptima-test-node-role"
          },
          "sensitive_attributes": [],
          "private": "bnVsbA==",
          "dependencies": [
            "module.kubeoptima_eks.aws_iam_role.node"
          ]
        },
        {
          "index_key": "arn:aws:iam::aws:policy/AmazonEKSWorkerNodePolicy",
          "schema_version": 0,
          "attributes": {
            "id": "kubeoptima-test-node-role-20260718184709649200000007",
            "policy_arn": "arn:aws:iam::aws:policy/AmazonEKSWorkerNodePolicy",
            "role": "kubeoptima-test-node-role"
          },
          "sensitive_attributes": [],
          "private": "bnVsbA==",
          "dependencies": [
            "module.kubeoptima_eks.aws_iam_role.node"
          ]
        },
        {
          "index_key": "arn:aws:iam::aws:policy/AmazonEKS_CNI_Policy",
          "schema_version": 0,
          "attributes": {
            "id": "kubeoptima-test-node-role-20260718184709666000000008",
            "policy_arn": "arn:aws:iam::aws:policy/AmazonEKS_CNI_Policy",
            "role": "kubeoptima-test-node-role"
          },
          "sensitive_attributes": [],
          "private": "bnVsbA==",
          "dependencies": [
            "module.kubeoptima_eks.aws_iam_role.node"
          ]
        }
      ]
    },
    {
      "module": "module.kubeoptima_eks.module.eks",
      "mode": "data",
      "type": "aws_caller_identity",
      "name": "current",
      "provider": "provider[\"registry.terraform.io/hashicorp/aws\"]",
      "instances": [
        {
          "index_key": 0,
          "schema_version": 0,
          "attributes": {
            "account_id": "320343233567",
            "arn": "arn:aws:iam::320343233567:user/sharan-personal",
            "id": "320343233567",
            "user_id": "AIDAUVFPR2QPZJVRHEOZH"
          },
          "sensitive_attributes": []
        }
      ]
    },
    {
      "module": "module.kubeoptima_eks.module.eks",
      "mode": "data",
      "type": "aws_eks_addon_version",
      "name": "this",
      "provider": "provider[\"registry.terraform.io/hashicorp/aws\"]",
      "instances": [
        {
          "index_key": "eks-pod-identity-agent",
          "schema_version": 0,
          "attributes": {
            "addon_name": "eks-pod-identity-agent",
            "id": "eks-pod-identity-agent",
            "kubernetes_version": "1.36",
            "most_recent": true,
            "version": "v1.3.10-eksbuild.3"
          },
          "sensitive_attributes": []
        },
        {
          "index_key": "kube-proxy",
          "schema_version": 0,
          "attributes": {
            "addon_name": "kube-proxy",
            "id": "kube-proxy",
            "kubernetes_version": "1.36",
            "most_recent": true,
            "version": "v1.36.0-eksbuild.9"
          },
          "sensitive_attributes": []
        },
        {
          "index_key": "vpc-cni",
          "schema_version": 0,
          "attributes": {
            "addon_name": "vpc-cni",
            "id": "vpc-cni",
            "kubernetes_version": "1.36",
            "most_recent": true,
            "version": "v1.22.3-eksbuild.1"
          },
          "sensitive_attributes": []
        }
      ]
    },
    {
      "module": "module.kubeoptima_eks.module.eks",
      "mode": "data",
      "type": "aws_iam_policy_document",
      "name": "assume_role_policy",
      "provider": "provider[\"registry.terraform.io/hashicorp/aws\"]",
      "instances": [
        {
          "index_key": 0,
          "schema_version": 0,
          "attributes": {
            "id": "2830595799",
            "json": "{\n  \"Version\": \"2012-10-17\",\n  \"Statement\": [\n    {\n      \"Sid\": \"EKSClusterAssumeRole\",\n      \"Effect\": \"Allow\",\n      \"Action\": [\n        \"sts:TagSession\",\n        \"sts:AssumeRole\"\n      ],\n      \"Principal\": {\n        \"Service\": \"eks.amazonaws.com\"\n      }\n    }\n  ]\n}",
            "minified_json": "{\"Version\":\"2012-10-17\",\"Statement\":[{\"Sid\":\"EKSClusterAssumeRole\",\"Effect\":\"Allow\",\"Action\":[\"sts:TagSession\",\"sts:AssumeRole\"],\"Principal\":{\"Service\":\"eks.amazonaws.com\"}}]}",
            "override_json": null,
            "override_policy_documents": null,
            "policy_id": null,
            "source_json": null,
            "source_policy_documents": null,
            "statement": [
              {
                "actions": [
                  "sts:AssumeRole",
                  "sts:TagSession"
                ],
                "condition": [],
                "effect": "Allow",
                "not_actions": [],
                "not_principals": [],
                "not_resources": [],
                "principals": [
                  {
                    "identifiers": [
                      "eks.amazonaws.com"
                    ],
                    "type": "Service"
                  }
                ],
                "resources": [],
                "sid": "EKSClusterAssumeRole"
              }
            ],
            "version": "2012-10-17"
          },
          "sensitive_attributes": []
        }
      ]
    },
    {
      "module": "module.kubeoptima_eks.module.eks",
      "mode": "data",
      "type": "aws_iam_policy_document",
      "name": "cni_ipv6_policy",
      "provider": "provider[\"registry.terraform.io/hashicorp/aws\"]",
      "instances": []
    },
    {
      "module": "module.kubeoptima_eks.module.eks",
      "mode": "data",
      "type": "aws_iam_policy_document",
      "name": "custom",
      "provider": "provider[\"registry.terraform.io/hashicorp/aws\"]",
      "instances": [
        {
          "index_key": 0,
          "schema_version": 0,
          "attributes": {
            "id": "513122117",
            "json": "{\n  \"Version\": \"2012-10-17\",\n  \"Statement\": [\n    {\n      \"Sid\": \"Compute\",\n      \"Effect\": \"Allow\",\n      \"Action\": [\n        \"ec2:RunInstances\",\n        \"ec2:CreateLaunchTemplate\",\n        \"ec2:CreateFleet\"\n      ],\n      \"Resource\": \"*\",\n      \"Condition\": {\n        \"StringEquals\": {\n          \"aws:RequestTag/eks:eks-cluster-name\": \"${aws:PrincipalTag/eks:eks-cluster-name}\"\n        },\n        \"StringLike\": {\n          \"aws:RequestTag/eks:kubernetes-node-class-name\": \"*\",\n          \"aws:RequestTag/eks:kubernetes-node-pool-name\": \"*\"\n        }\n      }\n    },\n    {\n      \"Sid\": \"Storage\",\n      \"Effect\": \"Allow\",\n      \"Action\": [\n        \"ec2:CreateVolume\",\n        \"ec2:CreateSnapshot\"\n      ],\n      \"Resource\": [\n        \"arn:aws:ec2:*:*:volume/*\",\n        \"arn:aws:ec2:*:*:snapshot/*\"\n      ],\n      \"Condition\": {\n        \"StringEquals\": {\n          \"aws:RequestTag/eks:eks-cluster-name\": \"${aws:PrincipalTag/eks:eks-cluster-name}\"\n        }\n      }\n    },\n    {\n      \"Sid\": \"Networking\",\n      \"Effect\": \"Allow\",\n      \"Action\": \"ec2:CreateNetworkInterface\",\n      \"Resource\": \"*\",\n      \"Condition\": {\n        \"StringEquals\": {\n          \"aws:RequestTag/eks:eks-cluster-name\": \"${aws:PrincipalTag/eks:eks-cluster-name}\",\n          \"aws:RequestTag/eks:kubernetes-cni-node-name\": \"*\"\n        }\n      }\n    },\n    {\n      \"Sid\": \"LoadBalancer\",\n      \"Effect\": \"Allow\",\n      \"Action\": [\n        \"elasticloadbalancing:CreateTargetGroup\",\n        \"elasticloadbalancing:CreateRule\",\n        \"elasticloadbalancing:CreateLoadBalancer\",\n        \"elasticloadbalancing:CreateListener\",\n        \"ec2:CreateSecurityGroup\"\n      ],\n      \"Resource\": \"*\",\n      \"Condition\": {\n        \"StringEquals\": {\n          \"aws:RequestTag/eks:eks-cluster-name\": \"${aws:PrincipalTag/eks:eks-cluster-name}\"\n        }\n      }\n    },\n    {\n      \"Sid\": \"ShieldProtection\",\n      \"Effect\": \"Allow\",\n      \"Action\": \"shield:CreateProtection\",\n      \"Resource\": \"*\",\n      \"Condition\": {\n        \"StringEquals\": {\n          \"aws:RequestTag/eks:eks-cluster-name\": \"${aws:PrincipalTag/eks:eks-cluster-name}\"\n        }\n      }\n    },\n    {\n      \"Sid\": \"ShieldTagResource\",\n      \"Effect\": \"Allow\",\n      \"Action\": \"shield:TagResource\",\n      \"Resource\": \"arn:aws:shield::*:protection/*\",\n      \"Condition\": {\n        \"StringEquals\": {\n          \"aws:RequestTag/eks:eks-cluster-name\": \"${aws:PrincipalTag/eks:eks-cluster-name}\"\n        }\n      }\n    }\n  ]\n}",
            "minified_json": "{\"Version\":\"2012-10-17\",\"Statement\":[{\"Sid\":\"Compute\",\"Effect\":\"Allow\",\"Action\":[\"ec2:RunInstances\",\"ec2:CreateLaunchTemplate\",\"ec2:CreateFleet\"],\"Resource\":\"*\",\"Condition\":{\"StringEquals\":{\"aws:RequestTag/eks:eks-cluster-name\":\"${aws:PrincipalTag/eks:eks-cluster-name}\"},\"StringLike\":{\"aws:RequestTag/eks:kubernetes-node-class-name\":\"*\",\"aws:RequestTag/eks:kubernetes-node-pool-name\":\"*\"}}},{\"Sid\":\"Storage\",\"Effect\":\"Allow\",\"Action\":[\"ec2:CreateVolume\",\"ec2:CreateSnapshot\"],\"Resource\":[\"arn:aws:ec2:*:*:volume/*\",\"arn:aws:ec2:*:*:snapshot/*\"],\"Condition\":{\"StringEquals\":{\"aws:RequestTag/eks:eks-cluster-name\":\"${aws:PrincipalTag/eks:eks-cluster-name}\"}}},{\"Sid\":\"Networking\",\"Effect\":\"Allow\",\"Action\":\"ec2:CreateNetworkInterface\",\"Resource\":\"*\",\"Condition\":{\"StringEquals\":{\"aws:RequestTag/eks:eks-cluster-name\":\"${aws:PrincipalTag/eks:eks-cluster-name}\",\"aws:RequestTag/eks:kubernetes-cni-node-name\":\"*\"}}},{\"Sid\":\"LoadBalancer\",\"Effect\":\"Allow\",\"Action\":[\"elasticloadbalancing:CreateTargetGroup\",\"elasticloadbalancing:CreateRule\",\"elasticloadbalancing:CreateLoadBalancer\",\"elasticloadbalancing:CreateListener\",\"ec2:CreateSecurityGroup\"],\"Resource\":\"*\",\"Condition\":{\"StringEquals\":{\"aws:RequestTag/eks:eks-cluster-name\":\"${aws:PrincipalTag/eks:eks-cluster-name}\"}}},{\"Sid\":\"ShieldProtection\",\"Effect\":\"Allow\",\"Action\":\"shield:CreateProtection\",\"Resource\":\"*\",\"Condition\":{\"StringEquals\":{\"aws:RequestTag/eks:eks-cluster-name\":\"${aws:PrincipalTag/eks:eks-cluster-name}\"}}},{\"Sid\":\"ShieldTagResource\",\"Effect\":\"Allow\",\"Action\":\"shield:TagResource\",\"Resource\":\"arn:aws:shield::*:protection/*\",\"Condition\":{\"StringEquals\":{\"aws:RequestTag/eks:eks-cluster-name\":\"${aws:PrincipalTag/eks:eks-cluster-name}\"}}}]}",
            "override_json": null,
            "override_policy_documents": null,
            "policy_id": null,
            "source_json": null,
            "source_policy_documents": null,
            "statement": [
              {
                "actions": [
                  "ec2:CreateFleet",
                  "ec2:CreateLaunchTemplate",
                  "ec2:RunInstances"
                ],
                "condition": [
                  {
                    "test": "StringEquals",
                    "values": [
                      "${aws:PrincipalTag/eks:eks-cluster-name}"
                    ],
                    "variable": "aws:RequestTag/eks:eks-cluster-name"
                  },
                  {
                    "test": "StringLike",
                    "values": [
                      "*"
                    ],
                    "variable": "aws:RequestTag/eks:kubernetes-node-class-name"
                  },
                  {
                    "test": "StringLike",
                    "values": [
                      "*"
                    ],
                    "variable": "aws:RequestTag/eks:kubernetes-node-pool-name"
                  }
                ],
                "effect": "Allow",
                "not_actions": [],
                "not_principals": [],
                "not_resources": [],
                "principals": [],
                "resources": [
                  "*"
                ],
                "sid": "Compute"
              },
              {
                "actions": [
                  "ec2:CreateSnapshot",
                  "ec2:CreateVolume"
                ],
                "condition": [
                  {
                    "test": "StringEquals",
                    "values": [
                      "${aws:PrincipalTag/eks:eks-cluster-name}"
                    ],
                    "variable": "aws:RequestTag/eks:eks-cluster-name"
                  }
                ],
                "effect": "Allow",
                "not_actions": [],
                "not_principals": [],
                "not_resources": [],
                "principals": [],
                "resources": [
                  "arn:aws:ec2:*:*:snapshot/*",
                  "arn:aws:ec2:*:*:volume/*"
                ],
                "sid": "Storage"
              },
              {
                "actions": [
                  "ec2:CreateNetworkInterface"
                ],
                "condition": [
                  {
                    "test": "StringEquals",
                    "values": [
                      "${aws:PrincipalTag/eks:eks-cluster-name}"
                    ],
                    "variable": "aws:RequestTag/eks:eks-cluster-name"
                  },
                  {
                    "test": "StringEquals",
                    "values": [
                      "*"
                    ],
                    "variable": "aws:RequestTag/eks:kubernetes-cni-node-name"
                  }
                ],
                "effect": "Allow",
                "not_actions": [],
                "not_principals": [],
                "not_resources": [],
                "principals": [],
                "resources": [
                  "*"
                ],
                "sid": "Networking"
              },
              {
                "actions": [
                  "ec2:CreateSecurityGroup",
                  "elasticloadbalancing:CreateListener",
                  "elasticloadbalancing:CreateLoadBalancer",
                  "elasticloadbalancing:CreateRule",
                  "elasticloadbalancing:CreateTargetGroup"
                ],
                "condition": [
                  {
                    "test": "StringEquals",
                    "values": [
                      "${aws:PrincipalTag/eks:eks-cluster-name}"
                    ],
                    "variable": "aws:RequestTag/eks:eks-cluster-name"
                  }
                ],
                "effect": "Allow",
                "not_actions": [],
                "not_principals": [],
                "not_resources": [],
                "principals": [],
                "resources": [
                  "*"
                ],
                "sid": "LoadBalancer"
              },
              {
                "actions": [
                  "shield:CreateProtection"
                ],
                "condition": [
                  {
                    "test": "StringEquals",
                    "values": [
                      "${aws:PrincipalTag/eks:eks-cluster-name}"
                    ],
                    "variable": "aws:RequestTag/eks:eks-cluster-name"
                  }
                ],
                "effect": "Allow",
                "not_actions": [],
                "not_principals": [],
                "not_resources": [],
                "principals": [],
                "resources": [
                  "*"
                ],
                "sid": "ShieldProtection"
              },
              {
                "actions": [
                  "shield:TagResource"
                ],
                "condition": [
                  {
                    "test": "StringEquals",
                    "values": [
                      "${aws:PrincipalTag/eks:eks-cluster-name}"
                    ],
                    "variable": "aws:RequestTag/eks:eks-cluster-name"
                  }
                ],
                "effect": "Allow",
                "not_actions": [],
                "not_principals": [],
                "not_resources": [],
                "principals": [],
                "resources": [
                  "arn:aws:shield::*:protection/*"
                ],
                "sid": "ShieldTagResource"
              }
            ],
            "version": "2012-10-17"
          },
          "sensitive_attributes": []
        }
      ]
    },
    {
      "module": "module.kubeoptima_eks.module.eks",
      "mode": "data",
      "type": "aws_iam_policy_document",
      "name": "node_assume_role_policy",
      "provider": "provider[\"registry.terraform.io/hashicorp/aws\"]",
      "instances": []
    },
    {
      "module": "module.kubeoptima_eks.module.eks",
      "mode": "data",
      "type": "aws_iam_session_context",
      "name": "current",
      "provider": "provider[\"registry.terraform.io/hashicorp/aws\"]",
      "instances": [
        {
          "index_key": 0,
          "schema_version": 0,
          "attributes": {
            "arn": "arn:aws:iam::320343233567:user/sharan-personal",
            "id": "arn:aws:iam::320343233567:user/sharan-personal",
            "issuer_arn": "arn:aws:iam::320343233567:user/sharan-personal",
            "issuer_id": "",
            "issuer_name": "",
            "session_name": ""
          },
          "sensitive_attributes": []
        }
      ]
    },
    {
      "module": "module.kubeoptima_eks.module.eks",
      "mode": "data",
      "type": "aws_partition",
      "name": "current",
      "provider": "provider[\"registry.terraform.io/hashicorp/aws\"]",
      "instances": [
        {
          "index_key": 0,
          "schema_version": 0,
          "attributes": {
            "dns_suffix": "amazonaws.com",
            "id": "aws",
            "partition": "aws",
            "reverse_dns_prefix": "com.amazonaws"
          },
          "sensitive_attributes": []
        }
      ]
    },
    {
      "module": "module.kubeoptima_eks.module.eks",
      "mode": "data",
      "type": "tls_certificate",
      "name": "this",
      "provider": "provider[\"registry.terraform.io/hashicorp/tls\"]",
      "instances": [
        {
          "index_key": 0,
          "schema_version": 0,
          "attributes": {
            "certificates": [
              {
                "cert_pem": "-----BEGIN CERTIFICATE-----\nMIIEkjCCA3qgAwIBAgITBn+USionzfP6wq4rAfkI7rnExjANBgkqhkiG9w0BAQsF\nADCBmDELMAkGA1UEBhMCVVMxEDAOBgNVBAgTB0FyaXpvbmExEzARBgNVBAcTClNj\nb3R0c2RhbGUxJTAjBgNVBAoTHFN0YXJmaWVsZCBUZWNobm9sb2dpZXMsIEluYy4x\nOzA5BgNVBAMTMlN0YXJmaWVsZCBTZXJ2aWNlcyBSb290IENlcnRpZmljYXRlIEF1\ndGhvcml0eSAtIEcyMB4XDTE1MDUyNTEyMDAwMFoXDTM3MTIzMTAxMDAwMFowOTEL\nMAkGA1UEBhMCVVMxDzANBgNVBAoTBkFtYXpvbjEZMBcGA1UEAxMQQW1hem9uIFJv\nb3QgQ0EgMTCCASIwDQYJKoZIhvcNAQEBBQADggEPADCCAQoCggEBALJ4gHHKeNXj\nca9HgFB0fW7Y14h29Jlo91ghYPl0hAEvrAIthtOgQ3pOsqTQNroBvo3bSMgHFzZM\n9O6II8c+6zf1tRn4SWiw3te5djgdYZ6k/oI2peVKVuRF4fn9tBb6dNqcmzU5L/qw\nIFAGbHrQgLKm+a/sRxmPUDgH3KKHOVj4utWp+UhnMJbulHheb4mjUcAwhmahRWa6\nVOujw5H5SNz/0egwLX0tdHA114gk957EWW67c4cX8jJGKLhD+rcdqsq08p8kDi1L\n93FcXmn/6pUCyziKrlA4b9v7LWIbxcceVOF34GfID5yHI9Y/QCB/IIDEgEw+OyQm\njgSubJrIqg0CAwEAAaOCATEwggEtMA8GA1UdEwEB/wQFMAMBAf8wDgYDVR0PAQH/\nBAQDAgGGMB0GA1UdDgQWBBSEGMyFNOy8DJSULghZnMeyEE4KCDAfBgNVHSMEGDAW\ngBScXwDfqgHXMCs4iKK4bUqc8hGRgzB4BggrBgEFBQcBAQRsMGowLgYIKwYBBQUH\nMAGGImh0dHA6Ly9vY3NwLnJvb3RnMi5hbWF6b250cnVzdC5jb20wOAYIKwYBBQUH\nMAKGLGh0dHA6Ly9jcnQucm9vdGcyLmFtYXpvbnRydXN0LmNvbS9yb290ZzIuY2Vy\nMD0GA1UdHwQ2MDQwMqAwoC6GLGh0dHA6Ly9jcmwucm9vdGcyLmFtYXpvbnRydXN0\nLmNvbS9yb290ZzIuY3JsMBEGA1UdIAQKMAgwBgYEVR0gADANBgkqhkiG9w0BAQsF\nAAOCAQEAYjdCXLwQtT6LLOkMm2xF4gcAevnFWAu5CIw+7bMlPLVvUOTNNWqnkzSW\nMiGpSESrnO09tKpzbeR/FoCJbM8oAxiDR3mjEH4wW6w7sGDgd9QIpuEdfF7Au/ma\neyKdpwAJfqxGF4PcnCZXmTA5YpaP7dreqsXMGz7KQ2hsVxa81Q4gLv7/wmpdLqBK\nbRRYh5TmOTFffHPLkIhqhBGWJ6bt2YFGpn6jcgAKUj6DiAdjd4lpFw85hdKrCEVN\n0FE6/V1dN2RMfjCyVSRCnTawXZwXgWHxyvkQAiSr6w10kY17RSlQOYiypok1JR4U\nakcjMS9cmvqtmg5iUaQqqcT5NJ0hGA==\n-----END CERTIFICATE-----\n",
                "is_ca": true,
                "issuer": "CN=Starfield Services Root Certificate Authority - G2,O=Starfield Technologies\\, Inc.,L=Scottsdale,ST=Arizona,C=US",
                "max_path_length": -1,
                "not_after": "2037-12-31T01:00:00Z",
                "not_before": "2015-05-25T12:00:00Z",
                "public_key_algorithm": "RSA",
                "serial_number": "144918191876577076464031512351042010504348870",
                "sha1_fingerprint": "06b25927c42a721631c1efd9431e648fa62e1e39",
                "signature_algorithm": "SHA256-RSA",
                "subject": "CN=Amazon Root CA 1,O=Amazon,C=US",
                "version": 3
              },
              {
                "cert_pem": "-----BEGIN CERTIFICATE-----\nMIIEXjCCA0agAwIBAgITB3MSOAudZoijOx7Zv5zNpo4ODzANBgkqhkiG9w0BAQsF\nADA5MQswCQYDVQQGEwJVUzEPMA0GA1UEChMGQW1hem9uMRkwFwYDVQQDExBBbWF6\nb24gUm9vdCBDQSAxMB4XDTIyMDgyMzIyMjEyOFoXDTMwMDgyMzIyMjEyOFowPDEL\nMAkGA1UEBhMCVVMxDzANBgNVBAoTBkFtYXpvbjEcMBoGA1UEAxMTQW1hem9uIFJT\nQSAyMDQ4IE0wMTCCASIwDQYJKoZIhvcNAQEBBQADggEPADCCAQoCggEBAOtxLKnL\nH4gokjIwr4pXD3i3NyWVVYesZ1yX0yLI2qIUZ2t88Gfa4gMqs1YSXca1R/lnCKeT\nepWSGA+0+fkQNpp/L4C2T7oTTsddUx7g3ZYzByDTlrwS5HRQQqEFE3O1T5tEJP4t\nf+28IoXsNiEzl3UGzicYgtzj2cWCB41eJgEmJmcf2T8TzzK6a614ZPyq/w4CPAff\nnAV4coz96nW3AyiE2uhuB4zQUIXvgVSycW7sbWLvj5TDXunEpNCRwC4kkZjK7rol\njtT2cbb7W2s4Bkg3R42G3PLqBvt2N32e/0JOTViCk8/iccJ4sXqrS1uUN4iB5Nmv\nJK74csVl+0u0UecCAwEAAaOCAVowggFWMBIGA1UdEwEB/wQIMAYBAf8CAQAwDgYD\nVR0PAQH/BAQDAgGGMB0GA1UdJQQWMBQGCCsGAQUFBwMBBggrBgEFBQcDAjAdBgNV\nHQ4EFgQUgbgOY4qJEhjl+js7UJWf5uWQE4UwHwYDVR0jBBgwFoAUhBjMhTTsvAyU\nlC4IWZzHshBOCggwewYIKwYBBQUHAQEEbzBtMC8GCCsGAQUFBzABhiNodHRwOi8v\nb2NzcC5yb290Y2ExLmFtYXpvbnRydXN0LmNvbTA6BggrBgEFBQcwAoYuaHR0cDov\nL2NydC5yb290Y2ExLmFtYXpvbnRydXN0LmNvbS9yb290Y2ExLmNlcjA/BgNVHR8E\nODA2MDSgMqAwhi5odHRwOi8vY3JsLnJvb3RjYTEuYW1hem9udHJ1c3QuY29tL3Jv\nb3RjYTEuY3JsMBMGA1UdIAQMMAowCAYGZ4EMAQIBMA0GCSqGSIb3DQEBCwUAA4IB\nAQCtAN4CBSMuBjJitGuxlBbkEUDeK/pZwTXv4KqPK0G50fOHOQAd8j21p0cMBgbG\nkfMHVwLU7b0XwZCav0h1ogdPMN1KakK1DT0VwA/+hFvGPJnMV1Kx2G4S1ZaSk0uU\n5QfoiYIIano01J5k4T2HapKQmmOhS/iPtuo00wW+IMLeBuKMn3OLn005hcrOGTad\nhcmeyfhQP7Z+iKHvyoQGi1C0ClymHETx/chhQGDyYSWqB/THwnN15AwLQo0E5V9E\nSJlbe4mBlqeInUsNYugExNf+tOiybcrswBy8OFsd34XOW3rjSUtsuafd9AWySa3h\nxRRrwszrzX/WWGm6wyB+f7C4\n-----END CERTIFICATE-----\n",
                "is_ca": true,
                "issuer": "CN=Amazon Root CA 1,O=Amazon,C=US",
                "max_path_length": 0,
                "not_after": "2030-08-23T22:21:28Z",
                "not_before": "2022-08-23T22:21:28Z",
                "public_key_algorithm": "RSA",
                "serial_number": "166129328851546858514271303855646110030630415",
                "sha1_fingerprint": "2ad974a775f73cbdbbd8f5ac3a49255fa8fb1f8c",
                "signature_algorithm": "SHA256-RSA",
                "subject": "CN=Amazon RSA 2048 M01,O=Amazon,C=US",
                "version": 3
              },
              {
                "cert_pem": "-----BEGIN CERTIFICATE-----\nMIIF3TCCBMWgAwIBAgIQC4PYfnn7viYTJoWfANxTuTANBgkqhkiG9w0BAQsFADA8\nMQswCQYDVQQGEwJVUzEPMA0GA1UEChMGQW1hem9uMRwwGgYDVQQDExNBbWF6b24g\nUlNBIDIwNDggTTAxMB4XDTI2MDEyNzAwMDAwMFoXDTI3MDIyNTIzNTk1OVowKTEn\nMCUGA1UEAwweKi5la3MuYXAtc291dGgtMS5hbWF6b25hd3MuY29tMIIBIjANBgkq\nhkiG9w0BAQEFAAOCAQ8AMIIBCgKCAQEAhv5NQzOW57AibZtdURJXq/91G3oMa70K\no7Xrhq4XAD0nG6OiN/NImJ3lFP7uxWWSSnN5hAc9xcuDc/77ne9IjfxgNToosF8C\nUvHNnQ13y7pEqvYg0dosz6tM134cZkwyImGP8OeLaKV4FsHYVxIXEnQdI0bC3Qiv\nyjv5mcJuAaKpm+n3/m/qBUiyL4s82W4+LGHI1hCUum3iIGA2ip6Hp7BwVGMoKecs\njqAYiXKjdfBmN6FJIQ+RIxbEgPT+o1Kidfik/1PFH2im76CefXY0HXBoWDQmWZn5\nZ6WrQ3Fu+qI0R/HgHtEb1fa7KqcsWs07rOfnrJZaB5FQVeydUV1ElwIDAQABo4IC\n7DCCAugwHwYDVR0jBBgwFoAUgbgOY4qJEhjl+js7UJWf5uWQE4UwHQYDVR0OBBYE\nFFbaD6c98vgjLUjXSFaf8SPmFLeAMCkGA1UdEQQiMCCCHiouZWtzLmFwLXNvdXRo\nLTEuYW1hem9uYXdzLmNvbTATBgNVHSAEDDAKMAgGBmeBDAECATAOBgNVHQ8BAf8E\nBAMCBaAwEwYDVR0lBAwwCgYIKwYBBQUHAwEwOwYDVR0fBDQwMjAwoC6gLIYqaHR0\ncDovL2NybC5yMm0wMS5hbWF6b250cnVzdC5jb20vcjJtMDEuY3JsMHUGCCsGAQUF\nBwEBBGkwZzAtBggrBgEFBQcwAYYhaHR0cDovL29jc3AucjJtMDEuYW1hem9udHJ1\nc3QuY29tMDYGCCsGAQUFBzAChipodHRwOi8vY3J0LnIybTAxLmFtYXpvbnRydXN0\nLmNvbS9yMm0wMS5jZXIwDAYDVR0TAQH/BAIwADCCAX0GCisGAQQB1nkCBAIEggFt\nBIIBaQFnAHYATGPcmOWcHauI9h6KPd6uj6tEozd7X5uUw/uhnPzBviYAAAGb/M85\ngwAABAMARzBFAiEA1YKhCfg9RgldH6IFIowiYiRs1Addi8oMUCIQ2pBXG/QCIDQs\nuHxMlYyoJ8LFzGLKuDLeaCFypNISBk2B4qJMapD1AHUAHJ9oLOn68EVpUPgbloqH\n3dsyENhM5siy44JSSsTPWZ8AAAGb/M85mQAABAMARjBEAiB0syZumJQByPaA1tqz\nfyZqtCV1iIwQefAGuEHFV6wxcwIgRcOL6BTii+Y/9u/ZGQBOlfDxftwa/4Widc2t\nWDuVsUoAdgBgTJqven93XwHUBvySDciZ6wscffjJUhv6+hd3O5eLyQAAAZv8zzpe\nAAAEAwBHMEUCIHgL0hy9AdNqPvNbTd8wfUUWVAcVRLgTZNCPKX+9nBuaAiEAulm6\ngP+wgjr9cyefY98pksM9Yy19ZoCHaQXTZkQmkv4wDQYJKoZIhvcNAQELBQADggEB\nAKXbVJ9K5wYRv93nW9febVCXN4txei0vG1tsp+1RRtBlKb0n1QoxfY/QHY1aS+KS\n4iZWVqd/45PJBO6ETnGA26dBOzQEmIQaHXlzHmf7ChoQ/IAzGnv1b7zSz1WJ+dHI\nQCRcxud0g7zOsJLZ1E4w3tAIHCWnjBHheAPCPhoKm7ou2Uyg+lAb4R+mjMoAt+tI\nfIs1dL5XZzShQxP92SykI0R2CAuLpluRK+9xTm03tqu9zaVENWTwlLe6ZFXl/G5a\nCA8DoejDqXx5rhT/W3fQ/0wtLULz5253CN20wlNMY9M7rS0UABfxMnTj8tr21ikl\nXqThadIz4H6dg8PDUGq6xbg=\n-----END CERTIFICATE-----\n",
                "is_ca": false,
                "issuer": "CN=Amazon RSA 2048 M01,O=Amazon,C=US",
                "max_path_length": -1,
                "not_after": "2027-02-25T23:59:59Z",
                "not_before": "2026-01-27T00:00:00Z",
                "public_key_algorithm": "RSA",
                "serial_number": "15306089863077027100491464600926835641",
                "sha1_fingerprint": "9540116bb56e8ea19f0b4a08e845a17f827c131e",
                "signature_algorithm": "SHA256-RSA",
                "subject": "CN=*.eks.ap-south-1.amazonaws.com",
                "version": 3
              }
            ],
            "content": null,
            "id": "1e3a331631939a1ae4a625cd4244a4963dabbfa2",
            "url": "https://oidc.eks.ap-south-1.amazonaws.com/id/F8B296ADBE2FBD122A662383000B8604",
            "verify_chain": true
          },
          "sensitive_attributes": []
        }
      ]
    },
    {
      "module": "module.kubeoptima_eks.module.eks",
      "mode": "managed",
      "type": "aws_cloudwatch_log_group",
      "name": "this",
      "provider": "provider[\"registry.terraform.io/hashicorp/aws\"]",
      "instances": [
        {
          "index_key": 0,
          "schema_version": 0,
          "attributes": {
            "arn": "arn:aws:logs:ap-south-1:320343233567:log-group:/aws/eks/kubeoptima-test/cluster",
            "id": "/aws/eks/kubeoptima-test/cluster",
            "kms_key_id": "",
            "log_group_class": "STANDARD",
            "name": "/aws/eks/kubeoptima-test/cluster",
            "name_prefix": "",
            "retention_in_days": 90,
            "skip_destroy": false,
            "tags": {
              "Environment": "testing",
              "ManagedBy": "Terraform",
              "Name": "/aws/eks/kubeoptima-test/cluster",
              "Platform": "KubeOptima",
              "karpenter.sh/discovery": "kubeoptima-test"
            },
            "tags_all": {
              "Environment": "testing",
              "ManagedBy": "Terraform",
              "Name": "/aws/eks/kubeoptima-test/cluster",
              "Platform": "KubeOptima",
              "karpenter.sh/discovery": "kubeoptima-test"
            }
          },
          "sensitive_attributes": [],
          "private": "bnVsbA==",
          "create_before_destroy": true
        }
      ]
    },
    {
      "module": "module.kubeoptima_eks.module.eks",
      "mode": "managed",
      "type": "aws_ec2_tag",
      "name": "cluster_primary_security_group",
      "provider": "provider[\"registry.terraform.io/hashicorp/aws\"]",
      "instances": [
        {
          "index_key": "Environment",
          "schema_version": 0,
          "attributes": {
            "id": "sg-00adc8fcf7f278fc8,Environment",
            "key": "Environment",
            "resource_id": "sg-00adc8fcf7f278fc8",
            "value": "testing"
          },
          "sensitive_attributes": [],
          "private": "bnVsbA==",
          "dependencies": [
            "module.kubeoptima_eks.data.aws_availability_zones.available",
            "module.kubeoptima_eks.module.eks.aws_cloudwatch_log_group.this",
            "module.kubeoptima_eks.module.eks.aws_eks_cluster.this",
            "module.kubeoptima_eks.module.eks.aws_iam_policy.cni_ipv6_policy",
            "module.kubeoptima_eks.module.eks.aws_iam_role.eks_auto",
            "module.kubeoptima_eks.module.eks.aws_iam_role.this",
            "module.kubeoptima_eks.module.eks.aws_iam_role_policy_attachment.this",
            "module.kubeoptima_eks.module.eks.aws_security_group.cluster",
            "module.kubeoptima_eks.module.eks.aws_security_group.node",
            "module.kubeoptima_eks.module.eks.aws_security_group_rule.cluster",
            "module.kubeoptima_eks.module.eks.aws_security_group_rule.node",
            "module.kubeoptima_eks.module.eks.data.aws_caller_identity.current",
            "module.kubeoptima_eks.module.eks.data.aws_iam_policy_document.assume_role_policy",
            "module.kubeoptima_eks.module.eks.data.aws_iam_policy_document.cni_ipv6_policy",
            "module.kubeoptima_eks.module.eks.data.aws_iam_policy_document.node_assume_role_policy",
            "module.kubeoptima_eks.module.eks.data.aws_iam_session_context.current",
            "module.kubeoptima_eks.module.eks.data.aws_partition.current",
            "module.kubeoptima_eks.module.eks.module.kms.aws_kms_external_key.this",
            "module.kubeoptima_eks.module.eks.module.kms.aws_kms_key.this",
            "module.kubeoptima_eks.module.eks.module.kms.aws_kms_replica_external_key.this",
            "module.kubeoptima_eks.module.eks.module.kms.aws_kms_replica_key.this",
            "module.kubeoptima_eks.module.eks.module.kms.data.aws_caller_identity.current",
            "module.kubeoptima_eks.module.eks.module.kms.data.aws_iam_policy_document.this",
            "module.kubeoptima_eks.module.eks.module.kms.data.aws_partition.current",
            "module.kubeoptima_eks.module.vpc.aws_subnet.private",
            "module.kubeoptima_eks.module.vpc.aws_vpc.this",
            "module.kubeoptima_eks.module.vpc.aws_vpc_ipv4_cidr_block_association.this"
          ]
        },
        {
          "index_key": "ManagedBy",
          "schema_version": 0,
          "attributes": {
            "id": "sg-00adc8fcf7f278fc8,ManagedBy",
            "key": "ManagedBy",
            "resource_id": "sg-00adc8fcf7f278fc8",
            "value": "Terraform"
          },
          "sensitive_attributes": [],
          "private": "bnVsbA==",
          "dependencies": [
            "module.kubeoptima_eks.data.aws_availability_zones.available",
            "module.kubeoptima_eks.module.eks.aws_cloudwatch_log_group.this",
            "module.kubeoptima_eks.module.eks.aws_eks_cluster.this",
            "module.kubeoptima_eks.module.eks.aws_iam_policy.cni_ipv6_policy",
            "module.kubeoptima_eks.module.eks.aws_iam_role.eks_auto",
            "module.kubeoptima_eks.module.eks.aws_iam_role.this",
            "module.kubeoptima_eks.module.eks.aws_iam_role_policy_attachment.this",
            "module.kubeoptima_eks.module.eks.aws_security_group.cluster",
            "module.kubeoptima_eks.module.eks.aws_security_group.node",
            "module.kubeoptima_eks.module.eks.aws_security_group_rule.cluster",
            "module.kubeoptima_eks.module.eks.aws_security_group_rule.node",
            "module.kubeoptima_eks.module.eks.data.aws_caller_identity.current",
            "module.kubeoptima_eks.module.eks.data.aws_iam_policy_document.assume_role_policy",
            "module.kubeoptima_eks.module.eks.data.aws_iam_policy_document.cni_ipv6_policy",
            "module.kubeoptima_eks.module.eks.data.aws_iam_policy_document.node_assume_role_policy",
            "module.kubeoptima_eks.module.eks.data.aws_iam_session_context.current",
            "module.kubeoptima_eks.module.eks.data.aws_partition.current",
            "module.kubeoptima_eks.module.eks.module.kms.aws_kms_external_key.this",
            "module.kubeoptima_eks.module.eks.module.kms.aws_kms_key.this",
            "module.kubeoptima_eks.module.eks.module.kms.aws_kms_replica_external_key.this",
            "module.kubeoptima_eks.module.eks.module.kms.aws_kms_replica_key.this",
            "module.kubeoptima_eks.module.eks.module.kms.data.aws_caller_identity.current",
            "module.kubeoptima_eks.module.eks.module.kms.data.aws_iam_policy_document.this",
            "module.kubeoptima_eks.module.eks.module.kms.data.aws_partition.current",
            "module.kubeoptima_eks.module.vpc.aws_subnet.private",
            "module.kubeoptima_eks.module.vpc.aws_vpc.this",
            "module.kubeoptima_eks.module.vpc.aws_vpc_ipv4_cidr_block_association.this"
          ]
        },
        {
          "index_key": "Platform",
          "schema_version": 0,
          "attributes": {
            "id": "sg-00adc8fcf7f278fc8,Platform",
            "key": "Platform",
            "resource_id": "sg-00adc8fcf7f278fc8",
            "value": "KubeOptima"
          },
          "sensitive_attributes": [],
          "private": "bnVsbA==",
          "dependencies": [
            "module.kubeoptima_eks.data.aws_availability_zones.available",
            "module.kubeoptima_eks.module.eks.aws_cloudwatch_log_group.this",
            "module.kubeoptima_eks.module.eks.aws_eks_cluster.this",
            "module.kubeoptima_eks.module.eks.aws_iam_policy.cni_ipv6_policy",
            "module.kubeoptima_eks.module.eks.aws_iam_role.eks_auto",
            "module.kubeoptima_eks.module.eks.aws_iam_role.this",
            "module.kubeoptima_eks.module.eks.aws_iam_role_policy_attachment.this",
            "module.kubeoptima_eks.module.eks.aws_security_group.cluster",
            "module.kubeoptima_eks.module.eks.aws_security_group.node",
            "module.kubeoptima_eks.module.eks.aws_security_group_rule.cluster",
            "module.kubeoptima_eks.module.eks.aws_security_group_rule.node",
            "module.kubeoptima_eks.module.eks.data.aws_caller_identity.current",
            "module.kubeoptima_eks.module.eks.data.aws_iam_policy_document.assume_role_policy",
            "module.kubeoptima_eks.module.eks.data.aws_iam_policy_document.cni_ipv6_policy",
            "module.kubeoptima_eks.module.eks.data.aws_iam_policy_document.node_assume_role_policy",
            "module.kubeoptima_eks.module.eks.data.aws_iam_session_context.current",
            "module.kubeoptima_eks.module.eks.data.aws_partition.current",
            "module.kubeoptima_eks.module.eks.module.kms.aws_kms_external_key.this",
            "module.kubeoptima_eks.module.eks.module.kms.aws_kms_key.this",
            "module.kubeoptima_eks.module.eks.module.kms.aws_kms_replica_external_key.this",
            "module.kubeoptima_eks.module.eks.module.kms.aws_kms_replica_key.this",
            "module.kubeoptima_eks.module.eks.module.kms.data.aws_caller_identity.current",
            "module.kubeoptima_eks.module.eks.module.kms.data.aws_iam_policy_document.this",
            "module.kubeoptima_eks.module.eks.module.kms.data.aws_partition.current",
            "module.kubeoptima_eks.module.vpc.aws_subnet.private",
            "module.kubeoptima_eks.module.vpc.aws_vpc.this",
            "module.kubeoptima_eks.module.vpc.aws_vpc_ipv4_cidr_block_association.this"
          ]
        },
        {
          "index_key": "karpenter.sh/discovery",
          "schema_version": 0,
          "attributes": {
            "id": "sg-00adc8fcf7f278fc8,karpenter.sh/discovery",
            "key": "karpenter.sh/discovery",
            "resource_id": "sg-00adc8fcf7f278fc8",
            "value": "kubeoptima-test"
          },
          "sensitive_attributes": [],
          "private": "bnVsbA==",
          "dependencies": [
            "module.kubeoptima_eks.data.aws_availability_zones.available",
            "module.kubeoptima_eks.module.eks.aws_cloudwatch_log_group.this",
            "module.kubeoptima_eks.module.eks.aws_eks_cluster.this",
            "module.kubeoptima_eks.module.eks.aws_iam_policy.cni_ipv6_policy",
            "module.kubeoptima_eks.module.eks.aws_iam_role.eks_auto",
            "module.kubeoptima_eks.module.eks.aws_iam_role.this",
            "module.kubeoptima_eks.module.eks.aws_iam_role_policy_attachment.this",
            "module.kubeoptima_eks.module.eks.aws_security_group.cluster",
            "module.kubeoptima_eks.module.eks.aws_security_group.node",
            "module.kubeoptima_eks.module.eks.aws_security_group_rule.cluster",
            "module.kubeoptima_eks.module.eks.aws_security_group_rule.node",
            "module.kubeoptima_eks.module.eks.data.aws_caller_identity.current",
            "module.kubeoptima_eks.module.eks.data.aws_iam_policy_document.assume_role_policy",
            "module.kubeoptima_eks.module.eks.data.aws_iam_policy_document.cni_ipv6_policy",
            "module.kubeoptima_eks.module.eks.data.aws_iam_policy_document.node_assume_role_policy",
            "module.kubeoptima_eks.module.eks.data.aws_iam_session_context.current",
            "module.kubeoptima_eks.module.eks.data.aws_partition.current",
            "module.kubeoptima_eks.module.eks.module.kms.aws_kms_external_key.this",
            "module.kubeoptima_eks.module.eks.module.kms.aws_kms_key.this",
            "module.kubeoptima_eks.module.eks.module.kms.aws_kms_replica_external_key.this",
            "module.kubeoptima_eks.module.eks.module.kms.aws_kms_replica_key.this",
            "module.kubeoptima_eks.module.eks.module.kms.data.aws_caller_identity.current",
            "module.kubeoptima_eks.module.eks.module.kms.data.aws_iam_policy_document.this",
            "module.kubeoptima_eks.module.eks.module.kms.data.aws_partition.current",
            "module.kubeoptima_eks.module.vpc.aws_subnet.private",
            "module.kubeoptima_eks.module.vpc.aws_vpc.this",
            "module.kubeoptima_eks.module.vpc.aws_vpc_ipv4_cidr_block_association.this"
          ]
        }
      ]
    },
    {
      "module": "module.kubeoptima_eks.module.eks",
      "mode": "managed",
      "type": "aws_eks_access_entry",
      "name": "this",
      "provider": "provider[\"registry.terraform.io/hashicorp/aws\"]",
      "instances": []
    },
    {
      "module": "module.kubeoptima_eks.module.eks",
      "mode": "managed",
      "type": "aws_eks_access_policy_association",
      "name": "this",
      "provider": "provider[\"registry.terraform.io/hashicorp/aws\"]",
      "instances": []
    },
    {
      "module": "module.kubeoptima_eks.module.eks",
      "mode": "managed",
      "type": "aws_eks_addon",
      "name": "before_compute",
      "provider": "provider[\"registry.terraform.io/hashicorp/aws\"]",
      "instances": []
    },
    {
      "module": "module.kubeoptima_eks.module.eks",
      "mode": "managed",
      "type": "aws_eks_addon",
      "name": "this",
      "provider": "provider[\"registry.terraform.io/hashicorp/aws\"]",
      "instances": [
        {
          "index_key": "eks-pod-identity-agent",
          "schema_version": 0,
          "attributes": {
            "addon_name": "eks-pod-identity-agent",
            "addon_version": "v1.3.10-eksbuild.3",
            "arn": "arn:aws:eks:ap-south-1:320343233567:addon/kubeoptima-test/eks-pod-identity-agent/c6cfbb52-6f2e-bea6-cf27-7378f9ffedc4",
            "cluster_name": "kubeoptima-test",
            "configuration_values": "",
            "created_at": "2026-07-18T19:12:24Z",
            "id": "kubeoptima-test:eks-pod-identity-agent",
            "modified_at": "2026-07-18T19:12:30Z",
            "pod_identity_association": [],
            "preserve": true,
            "resolve_conflicts": null,
            "resolve_conflicts_on_create": "NONE",
            "resolve_conflicts_on_update": "OVERWRITE",
            "service_account_role_arn": "",
            "tags": {
              "Environment": "testing",
              "ManagedBy": "Terraform",
              "Platform": "KubeOptima",
              "karpenter.sh/discovery": "kubeoptima-test"
            },
            "tags_all": {
              "Environment": "testing",
              "ManagedBy": "Terraform",
              "Platform": "KubeOptima",
              "karpenter.sh/discovery": "kubeoptima-test"
            },
            "timeouts": {
              "create": null,
              "delete": null,
              "update": null
            }
          },
          "sensitive_attributes": [],
          "private": "eyJlMmJmYjczMC1lY2FhLTExZTYtOGY4OC0zNDM2M2JjN2M0YzAiOnsiY3JlYXRlIjoxMjAwMDAwMDAwMDAwLCJkZWxldGUiOjI0MDAwMDAwMDAwMDAsInVwZGF0ZSI6MTIwMDAwMDAwMDAwMH19",
          "dependencies": [
            "module.kubeoptima_eks.data.aws_availability_zones.available",
            "module.kubeoptima_eks.module.eks.aws_cloudwatch_log_group.this",
            "module.kubeoptima_eks.module.eks.aws_eks_cluster.this",
            "module.kubeoptima_eks.module.eks.aws_iam_policy.cni_ipv6_policy",
            "module.kubeoptima_eks.module.eks.aws_iam_role.eks_auto",
            "module.kubeoptima_eks.module.eks.aws_iam_role.this",
            "module.kubeoptima_eks.module.eks.aws_iam_role_policy_attachment.this",
            "module.kubeoptima_eks.module.eks.aws_security_group.cluster",
            "module.kubeoptima_eks.module.eks.aws_security_group.node",
            "module.kubeoptima_eks.module.eks.aws_security_group_rule.cluster",
            "module.kubeoptima_eks.module.eks.aws_security_group_rule.node",
            "module.kubeoptima_eks.module.eks.data.aws_caller_identity.current",
            "module.kubeoptima_eks.module.eks.data.aws_eks_addon_version.this",
            "module.kubeoptima_eks.module.eks.data.aws_iam_policy_document.assume_role_policy",
            "module.kubeoptima_eks.module.eks.data.aws_iam_policy_document.cni_ipv6_policy",
            "module.kubeoptima_eks.module.eks.data.aws_iam_policy_document.node_assume_role_policy",
            "module.kubeoptima_eks.module.eks.data.aws_iam_session_context.current",
            "module.kubeoptima_eks.module.eks.data.aws_partition.current",
            "module.kubeoptima_eks.module.eks.module.eks_managed_node_group.aws_autoscaling_schedule.this",
            "module.kubeoptima_eks.module.eks.module.eks_managed_node_group.aws_eks_node_group.this",
            "module.kubeoptima_eks.module.eks.module.eks_managed_node_group.aws_iam_role.this",
            "module.kubeoptima_eks.module.eks.module.eks_managed_node_group.aws_iam_role_policy.this",
            "module.kubeoptima_eks.module.eks.module.eks_managed_node_group.aws_iam_role_policy_attachment.additional",
            "module.kubeoptima_eks.module.eks.module.eks_managed_node_group.aws_iam_role_policy_attachment.this",
            "module.kubeoptima_eks.module.eks.module.eks_managed_node_group.aws_launch_template.this",
            "module.kubeoptima_eks.module.eks.module.eks_managed_node_group.aws_placement_group.this",
            "module.kubeoptima_eks.module.eks.module.eks_managed_node_group.data.aws_caller_identity.current",
            "module.kubeoptima_eks.module.eks.module.eks_managed_node_group.data.aws_ec2_instance_type.this",
            "module.kubeoptima_eks.module.eks.module.eks_managed_node_group.data.aws_ec2_instance_type_offerings.this",
            "module.kubeoptima_eks.module.eks.module.eks_managed_node_group.data.aws_iam_policy_document.assume_role_policy",
            "module.kubeoptima_eks.module.eks.module.eks_managed_node_group.data.aws_iam_policy_document.role",
            "module.kubeoptima_eks.module.eks.module.eks_managed_node_group.data.aws_partition.current",
            "module.kubeoptima_eks.module.eks.module.eks_managed_node_group.data.aws_ssm_parameter.ami",
            "module.kubeoptima_eks.module.eks.module.eks_managed_node_group.data.aws_subnets.placement_group",
            "module.kubeoptima_eks.module.eks.module.eks_managed_node_group.module.user_data.data.cloudinit_config.al2023_eks_managed_node_group",
            "module.kubeoptima_eks.module.eks.module.eks_managed_node_group.module.user_data.data.cloudinit_config.linux_eks_managed_node_group",
            "module.kubeoptima_eks.module.eks.module.eks_managed_node_group.module.user_data.null_resource.validate_cluster_service_cidr",
            "module.kubeoptima_eks.module.eks.module.fargate_profile.aws_eks_fargate_profile.this",
            "module.kubeoptima_eks.module.eks.module.fargate_profile.aws_iam_role.this",
            "module.kubeoptima_eks.module.eks.module.fargate_profile.aws_iam_role_policy.this",
            "module.kubeoptima_eks.module.eks.module.fargate_profile.aws_iam_role_policy_attachment.additional",
            "module.kubeoptima_eks.module.eks.module.fargate_profile.aws_iam_role_policy_attachment.this",
            "module.kubeoptima_eks.module.eks.module.fargate_profile.data.aws_caller_identity.current",
            "module.kubeoptima_eks.module.eks.module.fargate_profile.data.aws_iam_policy_document.assume_role_policy",
            "module.kubeoptima_eks.module.eks.module.fargate_profile.data.aws_iam_policy_document.role",
            "module.kubeoptima_eks.module.eks.module.fargate_profile.data.aws_partition.current",
            "module.kubeoptima_eks.module.eks.module.fargate_profile.data.aws_region.current",
            "module.kubeoptima_eks.module.eks.module.kms.aws_kms_external_key.this",
            "module.kubeoptima_eks.module.eks.module.kms.aws_kms_key.this",
            "module.kubeoptima_eks.module.eks.module.kms.aws_kms_replica_external_key.this",
            "module.kubeoptima_eks.module.eks.module.kms.aws_kms_replica_key.this",
            "module.kubeoptima_eks.module.eks.module.kms.data.aws_caller_identity.current",
            "module.kubeoptima_eks.module.eks.module.kms.data.aws_iam_policy_document.this",
            "module.kubeoptima_eks.module.eks.module.kms.data.aws_partition.current",
            "module.kubeoptima_eks.module.eks.module.self_managed_node_group.aws_autoscaling_group.this",
            "module.kubeoptima_eks.module.eks.module.self_managed_node_group.aws_autoscaling_schedule.this",
            "module.kubeoptima_eks.module.eks.module.self_managed_node_group.aws_eks_access_entry.this",
            "module.kubeoptima_eks.module.eks.module.self_managed_node_group.aws_iam_instance_profile.this",
            "module.kubeoptima_eks.module.eks.module.self_managed_node_group.aws_iam_role.this",
            "module.kubeoptima_eks.module.eks.module.self_managed_node_group.aws_iam_role_policy.this",
            "module.kubeoptima_eks.module.eks.module.self_managed_node_group.aws_iam_role_policy_attachment.additional",
            "module.kubeoptima_eks.module.eks.module.self_managed_node_group.aws_iam_role_policy_attachment.this",
            "module.kubeoptima_eks.module.eks.module.self_managed_node_group.aws_launch_template.this",
            "module.kubeoptima_eks.module.eks.module.self_managed_node_group.aws_placement_group.this",
            "module.kubeoptima_eks.module.eks.module.self_managed_node_group.data.aws_caller_identity.current",
            "module.kubeoptima_eks.module.eks.module.self_managed_node_group.data.aws_ec2_instance_type.this",
            "module.kubeoptima_eks.module.eks.module.self_managed_node_group.data.aws_ec2_instance_type_offerings.this",
            "module.kubeoptima_eks.module.eks.module.self_managed_node_group.data.aws_iam_policy_document.assume_role_policy",
            "module.kubeoptima_eks.module.eks.module.self_managed_node_group.data.aws_iam_policy_document.role",
            "module.kubeoptima_eks.module.eks.module.self_managed_node_group.data.aws_partition.current",
            "module.kubeoptima_eks.module.eks.module.self_managed_node_group.data.aws_ssm_parameter.ami",
            "module.kubeoptima_eks.module.eks.module.self_managed_node_group.data.aws_subnets.placement_group",
            "module.kubeoptima_eks.module.eks.module.self_managed_node_group.module.user_data.data.cloudinit_config.al2023_eks_managed_node_group",
            "module.kubeoptima_eks.module.eks.module.self_managed_node_group.module.user_data.data.cloudinit_config.linux_eks_managed_node_group",
            "module.kubeoptima_eks.module.eks.module.self_managed_node_group.module.user_data.null_resource.validate_cluster_service_cidr",
            "module.kubeoptima_eks.module.eks.time_sleep.this",
            "module.kubeoptima_eks.module.vpc.aws_subnet.private",
            "module.kubeoptima_eks.module.vpc.aws_vpc.this",
            "module.kubeoptima_eks.module.vpc.aws_vpc_ipv4_cidr_block_association.this"
          ]
        },
        {
          "index_key": "kube-proxy",
          "schema_version": 0,
          "attributes": {
            "addon_name": "kube-proxy",
            "addon_version": "v1.36.0-eksbuild.9",
            "arn": "arn:aws:eks:ap-south-1:320343233567:addon/kubeoptima-test/kube-proxy/42cfbb52-6f24-2cad-fa80-ee7863d596b2",
            "cluster_name": "kubeoptima-test",
            "configuration_values": "",
            "created_at": "2026-07-18T19:12:24Z",
            "id": "kubeoptima-test:kube-proxy",
            "modified_at": "2026-07-18T19:12:31Z",
            "pod_identity_association": [],
            "preserve": true,
            "resolve_conflicts": null,
            "resolve_conflicts_on_create": "NONE",
            "resolve_conflicts_on_update": "OVERWRITE",
            "service_account_role_arn": "",
            "tags": {
              "Environment": "testing",
              "ManagedBy": "Terraform",
              "Platform": "KubeOptima",
              "karpenter.sh/discovery": "kubeoptima-test"
            },
            "tags_all": {
              "Environment": "testing",
              "ManagedBy": "Terraform",
              "Platform": "KubeOptima",
              "karpenter.sh/discovery": "kubeoptima-test"
            },
            "timeouts": {
              "create": null,
              "delete": null,
              "update": null
            }
          },
          "sensitive_attributes": [],
          "private": "eyJlMmJmYjczMC1lY2FhLTExZTYtOGY4OC0zNDM2M2JjN2M0YzAiOnsiY3JlYXRlIjoxMjAwMDAwMDAwMDAwLCJkZWxldGUiOjI0MDAwMDAwMDAwMDAsInVwZGF0ZSI6MTIwMDAwMDAwMDAwMH19",
          "dependencies": [
            "module.kubeoptima_eks.data.aws_availability_zones.available",
            "module.kubeoptima_eks.module.eks.aws_cloudwatch_log_group.this",
            "module.kubeoptima_eks.module.eks.aws_eks_cluster.this",
            "module.kubeoptima_eks.module.eks.aws_iam_policy.cni_ipv6_policy",
            "module.kubeoptima_eks.module.eks.aws_iam_role.eks_auto",
            "module.kubeoptima_eks.module.eks.aws_iam_role.this",
            "module.kubeoptima_eks.module.eks.aws_iam_role_policy_attachment.this",
            "module.kubeoptima_eks.module.eks.aws_security_group.cluster",
            "module.kubeoptima_eks.module.eks.aws_security_group.node",
            "module.kubeoptima_eks.module.eks.aws_security_group_rule.cluster",
            "module.kubeoptima_eks.module.eks.aws_security_group_rule.node",
            "module.kubeoptima_eks.module.eks.data.aws_caller_identity.current",
            "module.kubeoptima_eks.module.eks.data.aws_eks_addon_version.this",
            "module.kubeoptima_eks.module.eks.data.aws_iam_policy_document.assume_role_policy",
            "module.kubeoptima_eks.module.eks.data.aws_iam_policy_document.cni_ipv6_policy",
            "module.kubeoptima_eks.module.eks.data.aws_iam_policy_document.node_assume_role_policy",
            "module.kubeoptima_eks.module.eks.data.aws_iam_session_context.current",
            "module.kubeoptima_eks.module.eks.data.aws_partition.current",
            "module.kubeoptima_eks.module.eks.module.eks_managed_node_group.aws_autoscaling_schedule.this",
            "module.kubeoptima_eks.module.eks.module.eks_managed_node_group.aws_eks_node_group.this",
            "module.kubeoptima_eks.module.eks.module.eks_managed_node_group.aws_iam_role.this",
            "module.kubeoptima_eks.module.eks.module.eks_managed_node_group.aws_iam_role_policy.this",
            "module.kubeoptima_eks.module.eks.module.eks_managed_node_group.aws_iam_role_policy_attachment.additional",
            "module.kubeoptima_eks.module.eks.module.eks_managed_node_group.aws_iam_role_policy_attachment.this",
            "module.kubeoptima_eks.module.eks.module.eks_managed_node_group.aws_launch_template.this",
            "module.kubeoptima_eks.module.eks.module.eks_managed_node_group.aws_placement_group.this",
            "module.kubeoptima_eks.module.eks.module.eks_managed_node_group.data.aws_caller_identity.current",
            "module.kubeoptima_eks.module.eks.module.eks_managed_node_group.data.aws_ec2_instance_type.this",
            "module.kubeoptima_eks.module.eks.module.eks_managed_node_group.data.aws_ec2_instance_type_offerings.this",
            "module.kubeoptima_eks.module.eks.module.eks_managed_node_group.data.aws_iam_policy_document.assume_role_policy",
            "module.kubeoptima_eks.module.eks.module.eks_managed_node_group.data.aws_iam_policy_document.role",
            "module.kubeoptima_eks.module.eks.module.eks_managed_node_group.data.aws_partition.current",
            "module.kubeoptima_eks.module.eks.module.eks_managed_node_group.data.aws_ssm_parameter.ami",
            "module.kubeoptima_eks.module.eks.module.eks_managed_node_group.data.aws_subnets.placement_group",
            "module.kubeoptima_eks.module.eks.module.eks_managed_node_group.module.user_data.data.cloudinit_config.al2023_eks_managed_node_group",
            "module.kubeoptima_eks.module.eks.module.eks_managed_node_group.module.user_data.data.cloudinit_config.linux_eks_managed_node_group",
            "module.kubeoptima_eks.module.eks.module.eks_managed_node_group.module.user_data.null_resource.validate_cluster_service_cidr",
            "module.kubeoptima_eks.module.eks.module.fargate_profile.aws_eks_fargate_profile.this",
            "module.kubeoptima_eks.module.eks.module.fargate_profile.aws_iam_role.this",
            "module.kubeoptima_eks.module.eks.module.fargate_profile.aws_iam_role_policy.this",
            "module.kubeoptima_eks.module.eks.module.fargate_profile.aws_iam_role_policy_attachment.additional",
            "module.kubeoptima_eks.module.eks.module.fargate_profile.aws_iam_role_policy_attachment.this",
            "module.kubeoptima_eks.module.eks.module.fargate_profile.data.aws_caller_identity.current",
            "module.kubeoptima_eks.module.eks.module.fargate_profile.data.aws_iam_policy_document.assume_role_policy",
            "module.kubeoptima_eks.module.eks.module.fargate_profile.data.aws_iam_policy_document.role",
            "module.kubeoptima_eks.module.eks.module.fargate_profile.data.aws_partition.current",
            "module.kubeoptima_eks.module.eks.module.fargate_profile.data.aws_region.current",
            "module.kubeoptima_eks.module.eks.module.kms.aws_kms_external_key.this",
            "module.kubeoptima_eks.module.eks.module.kms.aws_kms_key.this",
            "module.kubeoptima_eks.module.eks.module.kms.aws_kms_replica_external_key.this",
            "module.kubeoptima_eks.module.eks.module.kms.aws_kms_replica_key.this",
            "module.kubeoptima_eks.module.eks.module.kms.data.aws_caller_identity.current",
            "module.kubeoptima_eks.module.eks.module.kms.data.aws_iam_policy_document.this",
            "module.kubeoptima_eks.module.eks.module.kms.data.aws_partition.current",
            "module.kubeoptima_eks.module.eks.module.self_managed_node_group.aws_autoscaling_group.this",
            "module.kubeoptima_eks.module.eks.module.self_managed_node_group.aws_autoscaling_schedule.this",
            "module.kubeoptima_eks.module.eks.module.self_managed_node_group.aws_eks_access_entry.this",
            "module.kubeoptima_eks.module.eks.module.self_managed_node_group.aws_iam_instance_profile.this",
            "module.kubeoptima_eks.module.eks.module.self_managed_node_group.aws_iam_role.this",
            "module.kubeoptima_eks.module.eks.module.self_managed_node_group.aws_iam_role_policy.this",
            "module.kubeoptima_eks.module.eks.module.self_managed_node_group.aws_iam_role_policy_attachment.additional",
            "module.kubeoptima_eks.module.eks.module.self_managed_node_group.aws_iam_role_policy_attachment.this",
            "module.kubeoptima_eks.module.eks.module.self_managed_node_group.aws_launch_template.this",
            "module.kubeoptima_eks.module.eks.module.self_managed_node_group.aws_placement_group.this",
            "module.kubeoptima_eks.module.eks.module.self_managed_node_group.data.aws_caller_identity.current",
            "module.kubeoptima_eks.module.eks.module.self_managed_node_group.data.aws_ec2_instance_type.this",
            "module.kubeoptima_eks.module.eks.module.self_managed_node_group.data.aws_ec2_instance_type_offerings.this",
            "module.kubeoptima_eks.module.eks.module.self_managed_node_group.data.aws_iam_policy_document.assume_role_policy",
            "module.kubeoptima_eks.module.eks.module.self_managed_node_group.data.aws_iam_policy_document.role",
            "module.kubeoptima_eks.module.eks.module.self_managed_node_group.data.aws_partition.current",
            "module.kubeoptima_eks.module.eks.module.self_managed_node_group.data.aws_ssm_parameter.ami",
            "module.kubeoptima_eks.module.eks.module.self_managed_node_group.data.aws_subnets.placement_group",
            "module.kubeoptima_eks.module.eks.module.self_managed_node_group.module.user_data.data.cloudinit_config.al2023_eks_managed_node_group",
            "module.kubeoptima_eks.module.eks.module.self_managed_node_group.module.user_data.data.cloudinit_config.linux_eks_managed_node_group",
            "module.kubeoptima_eks.module.eks.module.self_managed_node_group.module.user_data.null_resource.validate_cluster_service_cidr",
            "module.kubeoptima_eks.module.eks.time_sleep.this",
            "module.kubeoptima_eks.module.vpc.aws_subnet.private",
            "module.kubeoptima_eks.module.vpc.aws_vpc.this",
            "module.kubeoptima_eks.module.vpc.aws_vpc_ipv4_cidr_block_association.this"
          ]
        },
        {
          "index_key": "vpc-cni",
          "schema_version": 0,
          "attributes": {
            "addon_name": "vpc-cni",
            "addon_version": "v1.22.3-eksbuild.1",
            "arn": "arn:aws:eks:ap-south-1:320343233567:addon/kubeoptima-test/vpc-cni/80cfbb52-6f25-aa8e-d716-4b339de034db",
            "cluster_name": "kubeoptima-test",
            "configuration_values": "",
            "created_at": "2026-07-18T19:12:24Z",
            "id": "kubeoptima-test:vpc-cni",
            "modified_at": "2026-07-18T19:12:32Z",
            "pod_identity_association": [],
            "preserve": true,
            "resolve_conflicts": null,
            "resolve_conflicts_on_create": "NONE",
            "resolve_conflicts_on_update": "OVERWRITE",
            "service_account_role_arn": "",
            "tags": {
              "Environment": "testing",
              "ManagedBy": "Terraform",
              "Platform": "KubeOptima",
              "karpenter.sh/discovery": "kubeoptima-test"
            },
            "tags_all": {
              "Environment": "testing",
              "ManagedBy": "Terraform",
              "Platform": "KubeOptima",
              "karpenter.sh/discovery": "kubeoptima-test"
            },
            "timeouts": {
              "create": null,
              "delete": null,
              "update": null
            }
          },
          "sensitive_attributes": [],
          "private": "eyJlMmJmYjczMC1lY2FhLTExZTYtOGY4OC0zNDM2M2JjN2M0YzAiOnsiY3JlYXRlIjoxMjAwMDAwMDAwMDAwLCJkZWxldGUiOjI0MDAwMDAwMDAwMDAsInVwZGF0ZSI6MTIwMDAwMDAwMDAwMH19",
          "dependencies": [
            "module.kubeoptima_eks.data.aws_availability_zones.available",
            "module.kubeoptima_eks.module.eks.aws_cloudwatch_log_group.this",
            "module.kubeoptima_eks.module.eks.aws_eks_cluster.this",
            "module.kubeoptima_eks.module.eks.aws_iam_policy.cni_ipv6_policy",
            "module.kubeoptima_eks.module.eks.aws_iam_role.eks_auto",
            "module.kubeoptima_eks.module.eks.aws_iam_role.this",
            "module.kubeoptima_eks.module.eks.aws_iam_role_policy_attachment.this",
            "module.kubeoptima_eks.module.eks.aws_security_group.cluster",
            "module.kubeoptima_eks.module.eks.aws_security_group.node",
            "module.kubeoptima_eks.module.eks.aws_security_group_rule.cluster",
            "module.kubeoptima_eks.module.eks.aws_security_group_rule.node",
            "module.kubeoptima_eks.module.eks.data.aws_caller_identity.current",
            "module.kubeoptima_eks.module.eks.data.aws_eks_addon_version.this",
            "module.kubeoptima_eks.module.eks.data.aws_iam_policy_document.assume_role_policy",
            "module.kubeoptima_eks.module.eks.data.aws_iam_policy_document.cni_ipv6_policy",
            "module.kubeoptima_eks.module.eks.data.aws_iam_policy_document.node_assume_role_policy",
            "module.kubeoptima_eks.module.eks.data.aws_iam_session_context.current",
            "module.kubeoptima_eks.module.eks.data.aws_partition.current",
            "module.kubeoptima_eks.module.eks.module.eks_managed_node_group.aws_autoscaling_schedule.this",
            "module.kubeoptima_eks.module.eks.module.eks_managed_node_group.aws_eks_node_group.this",
            "module.kubeoptima_eks.module.eks.module.eks_managed_node_group.aws_iam_role.this",
            "module.kubeoptima_eks.module.eks.module.eks_managed_node_group.aws_iam_role_policy.this",
            "module.kubeoptima_eks.module.eks.module.eks_managed_node_group.aws_iam_role_policy_attachment.additional",
            "module.kubeoptima_eks.module.eks.module.eks_managed_node_group.aws_iam_role_policy_attachment.this",
            "module.kubeoptima_eks.module.eks.module.eks_managed_node_group.aws_launch_template.this",
            "module.kubeoptima_eks.module.eks.module.eks_managed_node_group.aws_placement_group.this",
            "module.kubeoptima_eks.module.eks.module.eks_managed_node_group.data.aws_caller_identity.current",
            "module.kubeoptima_eks.module.eks.module.eks_managed_node_group.data.aws_ec2_instance_type.this",
            "module.kubeoptima_eks.module.eks.module.eks_managed_node_group.data.aws_ec2_instance_type_offerings.this",
            "module.kubeoptima_eks.module.eks.module.eks_managed_node_group.data.aws_iam_policy_document.assume_role_policy",
            "module.kubeoptima_eks.module.eks.module.eks_managed_node_group.data.aws_iam_policy_document.role",
            "module.kubeoptima_eks.module.eks.module.eks_managed_node_group.data.aws_partition.current",
            "module.kubeoptima_eks.module.eks.module.eks_managed_node_group.data.aws_ssm_parameter.ami",
            "module.kubeoptima_eks.module.eks.module.eks_managed_node_group.data.aws_subnets.placement_group",
            "module.kubeoptima_eks.module.eks.module.eks_managed_node_group.module.user_data.data.cloudinit_config.al2023_eks_managed_node_group",
            "module.kubeoptima_eks.module.eks.module.eks_managed_node_group.module.user_data.data.cloudinit_config.linux_eks_managed_node_group",
            "module.kubeoptima_eks.module.eks.module.eks_managed_node_group.module.user_data.null_resource.validate_cluster_service_cidr",
            "module.kubeoptima_eks.module.eks.module.fargate_profile.aws_eks_fargate_profile.this",
            "module.kubeoptima_eks.module.eks.module.fargate_profile.aws_iam_role.this",
            "module.kubeoptima_eks.module.eks.module.fargate_profile.aws_iam_role_policy.this",
            "module.kubeoptima_eks.module.eks.module.fargate_profile.aws_iam_role_policy_attachment.additional",
            "module.kubeoptima_eks.module.eks.module.fargate_profile.aws_iam_role_policy_attachment.this",
            "module.kubeoptima_eks.module.eks.module.fargate_profile.data.aws_caller_identity.current",
            "module.kubeoptima_eks.module.eks.module.fargate_profile.data.aws_iam_policy_document.assume_role_policy",
            "module.kubeoptima_eks.module.eks.module.fargate_profile.data.aws_iam_policy_document.role",
            "module.kubeoptima_eks.module.eks.module.fargate_profile.data.aws_partition.current",
            "module.kubeoptima_eks.module.eks.module.fargate_profile.data.aws_region.current",
            "module.kubeoptima_eks.module.eks.module.kms.aws_kms_external_key.this",
            "module.kubeoptima_eks.module.eks.module.kms.aws_kms_key.this",
            "module.kubeoptima_eks.module.eks.module.kms.aws_kms_replica_external_key.this",
            "module.kubeoptima_eks.module.eks.module.kms.aws_kms_replica_key.this",
            "module.kubeoptima_eks.module.eks.module.kms.data.aws_caller_identity.current",
            "module.kubeoptima_eks.module.eks.module.kms.data.aws_iam_policy_document.this",
            "module.kubeoptima_eks.module.eks.module.kms.data.aws_partition.current",
            "module.kubeoptima_eks.module.eks.module.self_managed_node_group.aws_autoscaling_group.this",
            "module.kubeoptima_eks.module.eks.module.self_managed_node_group.aws_autoscaling_schedule.this",
            "module.kubeoptima_eks.module.eks.module.self_managed_node_group.aws_eks_access_entry.this",
            "module.kubeoptima_eks.module.eks.module.self_managed_node_group.aws_iam_instance_profile.this",
            "module.kubeoptima_eks.module.eks.module.self_managed_node_group.aws_iam_role.this",
            "module.kubeoptima_eks.module.eks.module.self_managed_node_group.aws_iam_role_policy.this",
            "module.kubeoptima_eks.module.eks.module.self_managed_node_group.aws_iam_role_policy_attachment.additional",
            "module.kubeoptima_eks.module.eks.module.self_managed_node_group.aws_iam_role_policy_attachment.this",
            "module.kubeoptima_eks.module.eks.module.self_managed_node_group.aws_launch_template.this",
            "module.kubeoptima_eks.module.eks.module.self_managed_node_group.aws_placement_group.this",
            "module.kubeoptima_eks.module.eks.module.self_managed_node_group.data.aws_caller_identity.current",
            "module.kubeoptima_eks.module.eks.module.self_managed_node_group.data.aws_ec2_instance_type.this",
            "module.kubeoptima_eks.module.eks.module.self_managed_node_group.data.aws_ec2_instance_type_offerings.this",
            "module.kubeoptima_eks.module.eks.module.self_managed_node_group.data.aws_iam_policy_document.assume_role_policy",
            "module.kubeoptima_eks.module.eks.module.self_managed_node_group.data.aws_iam_policy_document.role",
            "module.kubeoptima_eks.module.eks.module.self_managed_node_group.data.aws_partition.current",
            "module.kubeoptima_eks.module.eks.module.self_managed_node_group.data.aws_ssm_parameter.ami",
            "module.kubeoptima_eks.module.eks.module.self_managed_node_group.data.aws_subnets.placement_group",
            "module.kubeoptima_eks.module.eks.module.self_managed_node_group.module.user_data.data.cloudinit_config.al2023_eks_managed_node_group",
            "module.kubeoptima_eks.module.eks.module.self_managed_node_group.module.user_data.data.cloudinit_config.linux_eks_managed_node_group",
            "module.kubeoptima_eks.module.eks.module.self_managed_node_group.module.user_data.null_resource.validate_cluster_service_cidr",
            "module.kubeoptima_eks.module.eks.time_sleep.this",
            "module.kubeoptima_eks.module.vpc.aws_subnet.private",
            "module.kubeoptima_eks.module.vpc.aws_vpc.this",
            "module.kubeoptima_eks.module.vpc.aws_vpc_ipv4_cidr_block_association.this"
          ]
        }
      ]
    },
    {
      "module": "module.kubeoptima_eks.module.eks",
      "mode": "managed",
      "type": "aws_eks_cluster",
      "name": "this",
      "provider": "provider[\"registry.terraform.io/hashicorp/aws\"]",
      "instances": [
        {
          "index_key": 0,
          "schema_version": 1,
          "attributes": {
            "access_config": [
              {
                "authentication_mode": "API_AND_CONFIG_MAP",
                "bootstrap_cluster_creator_admin_permissions": true
              }
            ],
            "arn": "arn:aws:eks:ap-south-1:320343233567:cluster/kubeoptima-test",
            "bootstrap_self_managed_addons": false,
            "certificate_authority": [
              {
                "data": "LS0tLS1CRUdJTiBDRVJUSUZJQ0FURS0tLS0tCk1JSURCVENDQWUyZ0F3SUJBZ0lJRFRWazZBZDNrZFV3RFFZSktvWklodmNOQVFFTEJRQXdGVEVUTUJFR0ExVUUKQXhNS2EzVmlaWEp1WlhSbGN6QWVGdzB5TmpBM01UZ3hPRFEyTkROYUZ3MHpOakEzTVRVeE9EVXhORE5hTUJVeApFekFSQmdOVkJBTVRDbXQxWW1WeWJtVjBaWE13Z2dFaU1BMEdDU3FHU0liM0RRRUJBUVVBQTRJQkR3QXdnZ0VLCkFvSUJBUURVdEEyVHRxeXRCbGFLQ1NtMnVsaEJQLzhpRXE5OE5EUnhnM3FCRDR3cFJyMHhBeE5IdmlhVStsK0IKVlZTR2xUSHgybk1CTVViK25RbzRqQW9ieU85MWlpbEpUR2dUWEc2bEl5SExaT3ZMZjNBdzd1V3VtcVlpYlNETgpOZm9PdzR5bkNnQUtsUEVHd0Fodzl5WU5odzVDYy8wamFBK3luSXo3YURjMzVlTENmYlovVG5VYmIxUCt3KytZCldmcG93c3hzWUx0c3lFeHBqL0Q0ZWZaSW5NNVVBMG1iMjM1aUxnRW4vNXdTTHhlLzdqV2JWQjFrY01tNnJFVngKVmR6VXBCc1FlakN0VnhXYVRNbXVVY2hLRlF3U1JBanZIUDBicEpDT3BnWFFPSGQydElhelJTWTA2U0VUMzNvawpweHJNNlhBdm55dWs5Z3VndUtGV1gwekN3MUFKQWdNQkFBR2pXVEJYTUE0R0ExVWREd0VCL3dRRUF3SUNwREFQCkJnTlZIUk1CQWY4RUJUQURBUUgvTUIwR0ExVWREZ1FXQkJRTTcvYUF6cThrVWpJV3gwMDZKZE9wb3IxS2VqQVYKQmdOVkhSRUVEakFNZ2dwcmRXSmxjbTVsZEdWek1BMEdDU3FHU0liM0RRRUJDd1VBQTRJQkFRREhnNjJSanJXTAp3Vks1cTZKdi9PNXpJdzN3d1dVeGhCUldhaTB3Y2tqMDczZFUwZUNRSllZZW9DeGtBY0xUTVRDeXB3U3VHY1B1CnJLb0NKS3YyaXNDeTRLbzFjbnhFN1dwTE4ya09LRmRFa2o5M0NmbFlyS2djYjFQSndmeGwxbXhtbHdPTUIySFYKUWpaVkI3YVdHeHFCakZTSGcrVE4xVU5PZWlYZVZvTzRpTXJTOUFQU2ZXQnF0U242SlBYL3l6MmErOStGa3lKMgpDR2NjbnpMd1JzWnk0MEVCdUFEQitWVms2clpoRDVDUnpNQ2xIQkdFQU9HZ0tYZmxRVEVJOUJvMFQzbjVoOGRSCi9iTE9CUmVaL3VQeFArakh6TGNHM1UxejY0VkNOQUZETHZ1KzJIcFpjVTBwT2ZZdlJIQ3IxS29CSmxLMmNqZWcKQnlUeXdPdnFFNUR0Ci0tLS0tRU5EIENFUlRJRklDQVRFLS0tLS0K"
              }
            ],
            "cluster_id": null,
            "compute_config": [],
            "created_at": "2026-07-18T18:47:32Z",
            "enabled_cluster_log_types": [
              "api",
              "audit",
              "authenticator",
              "controllerManager",
              "scheduler"
            ],
            "encryption_config": [
              {
                "provider": [
                  {
                    "key_arn": "arn:aws:kms:ap-south-1:320343233567:key/ba94adc8-494b-4e13-9ec7-271437c3dc50"
                  }
                ],
                "resources": [
                  "secrets"
                ]
              }
            ],
            "endpoint": "https://F8B296ADBE2FBD122A662383000B8604.gr7.ap-south-1.eks.amazonaws.com",
            "force_update_version": null,
            "id": "kubeoptima-test",
            "identity": [
              {
                "oidc": [
                  {
                    "issuer": "https://oidc.eks.ap-south-1.amazonaws.com/id/F8B296ADBE2FBD122A662383000B8604"
                  }
                ]
              }
            ],
            "kubernetes_network_config": [
              {
                "elastic_load_balancing": [
                  {
                    "enabled": false
                  }
                ],
                "ip_family": "ipv4",
                "service_ipv4_cidr": "172.20.0.0/16",
                "service_ipv6_cidr": ""
              }
            ],
            "name": "kubeoptima-test",
            "outpost_config": [],
            "platform_version": "eks.7",
            "remote_network_config": [],
            "role_arn": "arn:aws:iam::320343233567:role/kubeoptima-test-cluster-20260718184706785400000001",
            "status": "ACTIVE",
            "storage_config": [],
            "tags": {
              "Environment": "testing",
              "ManagedBy": "Terraform",
              "Platform": "KubeOptima",
              "karpenter.sh/discovery": "kubeoptima-test",
              "terraform-aws-modules": "eks"
            },
            "tags_all": {
              "Environment": "testing",
              "ManagedBy": "Terraform",
              "Platform": "KubeOptima",
              "karpenter.sh/discovery": "kubeoptima-test",
              "terraform-aws-modules": "eks"
            },
            "timeouts": null,
            "upgrade_policy": [
              {
                "support_type": "EXTENDED"
              }
            ],
            "version": "1.36",
            "vpc_config": [
              {
                "cluster_security_group_id": "sg-00adc8fcf7f278fc8",
                "endpoint_private_access": true,
                "endpoint_public_access": true,
                "public_access_cidrs": [
                  "0.0.0.0/0"
                ],
                "security_group_ids": [
                  "sg-0b9496ab4f1aad3d2"
                ],
                "subnet_ids": [
                  "subnet-015a8034446ae70d4",
                  "subnet-03a46e0b1b986e6ae",
                  "subnet-089052d6fb0dfb701"
                ],
                "vpc_id": "vpc-0ceedfa2776728ad6"
              }
            ],
            "zonal_shift_config": []
          },
          "sensitive_attributes": [],
          "private": "eyJlMmJmYjczMC1lY2FhLTExZTYtOGY4OC0zNDM2M2JjN2M0YzAiOnsiY3JlYXRlIjoxODAwMDAwMDAwMDAwLCJkZWxldGUiOjkwMDAwMDAwMDAwMCwidXBkYXRlIjozNjAwMDAwMDAwMDAwfSwic2NoZW1hX3ZlcnNpb24iOiIxIn0=",
          "dependencies": [
            "module.kubeoptima_eks.data.aws_availability_zones.available",
            "module.kubeoptima_eks.module.eks.aws_cloudwatch_log_group.this",
            "module.kubeoptima_eks.module.eks.aws_iam_policy.cni_ipv6_policy",
            "module.kubeoptima_eks.module.eks.aws_iam_role.eks_auto",
            "module.kubeoptima_eks.module.eks.aws_iam_role.this",
            "module.kubeoptima_eks.module.eks.aws_iam_role_policy_attachment.this",
            "module.kubeoptima_eks.module.eks.aws_security_group.cluster",
            "module.kubeoptima_eks.module.eks.aws_security_group.node",
            "module.kubeoptima_eks.module.eks.aws_security_group_rule.cluster",
            "module.kubeoptima_eks.module.eks.aws_security_group_rule.node",
            "module.kubeoptima_eks.module.eks.data.aws_caller_identity.current",
            "module.kubeoptima_eks.module.eks.data.aws_iam_policy_document.assume_role_policy",
            "module.kubeoptima_eks.module.eks.data.aws_iam_policy_document.cni_ipv6_policy",
            "module.kubeoptima_eks.module.eks.data.aws_iam_policy_document.node_assume_role_policy",
            "module.kubeoptima_eks.module.eks.data.aws_iam_session_context.current",
            "module.kubeoptima_eks.module.eks.data.aws_partition.current",
            "module.kubeoptima_eks.module.eks.module.kms.aws_kms_external_key.this",
            "module.kubeoptima_eks.module.eks.module.kms.aws_kms_key.this",
            "module.kubeoptima_eks.module.eks.module.kms.aws_kms_replica_external_key.this",
            "module.kubeoptima_eks.module.eks.module.kms.aws_kms_replica_key.this",
            "module.kubeoptima_eks.module.eks.module.kms.data.aws_caller_identity.current",
            "module.kubeoptima_eks.module.eks.module.kms.data.aws_iam_policy_document.this",
            "module.kubeoptima_eks.module.eks.module.kms.data.aws_partition.current",
            "module.kubeoptima_eks.module.vpc.aws_subnet.private",
            "module.kubeoptima_eks.module.vpc.aws_vpc.this",
            "module.kubeoptima_eks.module.vpc.aws_vpc_ipv4_cidr_block_association.this"
          ],
          "create_before_destroy": true
        }
      ]
    },
    {
      "module": "module.kubeoptima_eks.module.eks",
      "mode": "managed",
      "type": "aws_eks_identity_provider_config",
      "name": "this",
      "provider": "provider[\"registry.terraform.io/hashicorp/aws\"]",
      "instances": []
    },
    {
      "module": "module.kubeoptima_eks.module.eks",
      "mode": "managed",
      "type": "aws_iam_openid_connect_provider",
      "name": "oidc_provider",
      "provider": "provider[\"registry.terraform.io/hashicorp/aws\"]",
      "instances": [
        {
          "index_key": 0,
          "schema_version": 0,
          "attributes": {
            "arn": "arn:aws:iam::320343233567:oidc-provider/oidc.eks.ap-south-1.amazonaws.com/id/F8B296ADBE2FBD122A662383000B8604",
            "client_id_list": [
              "sts.amazonaws.com"
            ],
            "id": "arn:aws:iam::320343233567:oidc-provider/oidc.eks.ap-south-1.amazonaws.com/id/F8B296ADBE2FBD122A662383000B8604",
            "tags": {
              "Environment": "testing",
              "ManagedBy": "Terraform",
              "Name": "kubeoptima-test-eks-irsa",
              "Platform": "KubeOptima",
              "karpenter.sh/discovery": "kubeoptima-test"
            },
            "tags_all": {
              "Environment": "testing",
              "ManagedBy": "Terraform",
              "Name": "kubeoptima-test-eks-irsa",
              "Platform": "KubeOptima",
              "karpenter.sh/discovery": "kubeoptima-test"
            },
            "thumbprint_list": [
              "06b25927c42a721631c1efd9431e648fa62e1e39"
            ],
            "url": "oidc.eks.ap-south-1.amazonaws.com/id/F8B296ADBE2FBD122A662383000B8604"
          },
          "sensitive_attributes": [],
          "private": "bnVsbA==",
          "dependencies": [
            "module.kubeoptima_eks.data.aws_availability_zones.available",
            "module.kubeoptima_eks.module.eks.aws_cloudwatch_log_group.this",
            "module.kubeoptima_eks.module.eks.aws_eks_cluster.this",
            "module.kubeoptima_eks.module.eks.aws_iam_policy.cni_ipv6_policy",
            "module.kubeoptima_eks.module.eks.aws_iam_role.eks_auto",
            "module.kubeoptima_eks.module.eks.aws_iam_role.this",
            "module.kubeoptima_eks.module.eks.aws_iam_role_policy_attachment.this",
            "module.kubeoptima_eks.module.eks.aws_security_group.cluster",
            "module.kubeoptima_eks.module.eks.aws_security_group.node",
            "module.kubeoptima_eks.module.eks.aws_security_group_rule.cluster",
            "module.kubeoptima_eks.module.eks.aws_security_group_rule.node",
            "module.kubeoptima_eks.module.eks.data.aws_caller_identity.current",
            "module.kubeoptima_eks.module.eks.data.aws_iam_policy_document.assume_role_policy",
            "module.kubeoptima_eks.module.eks.data.aws_iam_policy_document.cni_ipv6_policy",
            "module.kubeoptima_eks.module.eks.data.aws_iam_policy_document.node_assume_role_policy",
            "module.kubeoptima_eks.module.eks.data.aws_iam_session_context.current",
            "module.kubeoptima_eks.module.eks.data.aws_partition.current",
            "module.kubeoptima_eks.module.eks.data.tls_certificate.this",
            "module.kubeoptima_eks.module.eks.module.kms.aws_kms_external_key.this",
            "module.kubeoptima_eks.module.eks.module.kms.aws_kms_key.this",
            "module.kubeoptima_eks.module.eks.module.kms.aws_kms_replica_external_key.this",
            "module.kubeoptima_eks.module.eks.module.kms.aws_kms_replica_key.this",
            "module.kubeoptima_eks.module.eks.module.kms.data.aws_caller_identity.current",
            "module.kubeoptima_eks.module.eks.module.kms.data.aws_iam_policy_document.this",
            "module.kubeoptima_eks.module.eks.module.kms.data.aws_partition.current",
            "module.kubeoptima_eks.module.vpc.aws_subnet.private",
            "module.kubeoptima_eks.module.vpc.aws_vpc.this",
            "module.kubeoptima_eks.module.vpc.aws_vpc_ipv4_cidr_block_association.this"
          ]
        }
      ]
    },
    {
      "module": "module.kubeoptima_eks.module.eks",
      "mode": "managed",
      "type": "aws_iam_policy",
      "name": "cluster_encryption",
      "provider": "provider[\"registry.terraform.io/hashicorp/aws\"]",
      "instances": [
        {
          "index_key": 0,
          "schema_version": 0,
          "attributes": {
            "arn": "arn:aws:iam::320343233567:policy/kubeoptima-test-cluster-ClusterEncryption2026071818473017500000000e",
            "attachment_count": 1,
            "description": "Cluster encryption policy to allow cluster role to utilize CMK provided",
            "id": "arn:aws:iam::320343233567:policy/kubeoptima-test-cluster-ClusterEncryption2026071818473017500000000e",
            "name": "kubeoptima-test-cluster-ClusterEncryption2026071818473017500000000e",
            "name_prefix": "kubeoptima-test-cluster-ClusterEncryption",
            "path": "/",
            "policy": "{\"Statement\":[{\"Action\":[\"kms:Encrypt\",\"kms:Decrypt\",\"kms:ListGrants\",\"kms:DescribeKey\"],\"Effect\":\"Allow\",\"Resource\":\"arn:aws:kms:ap-south-1:320343233567:key/ba94adc8-494b-4e13-9ec7-271437c3dc50\"}],\"Version\":\"2012-10-17\"}",
            "policy_id": "ANPAUVFPR2QPWPH6STXIA",
            "tags": {
              "Environment": "testing",
              "ManagedBy": "Terraform",
              "Platform": "KubeOptima",
              "karpenter.sh/discovery": "kubeoptima-test"
            },
            "tags_all": {
              "Environment": "testing",
              "ManagedBy": "Terraform",
              "Platform": "KubeOptima",
              "karpenter.sh/discovery": "kubeoptima-test"
            }
          },
          "sensitive_attributes": [],
          "private": "bnVsbA==",
          "dependencies": [
            "module.kubeoptima_eks.module.eks.aws_iam_role.this",
            "module.kubeoptima_eks.module.eks.data.aws_caller_identity.current",
            "module.kubeoptima_eks.module.eks.data.aws_iam_policy_document.assume_role_policy",
            "module.kubeoptima_eks.module.eks.data.aws_iam_session_context.current",
            "module.kubeoptima_eks.module.eks.module.kms.aws_kms_external_key.this",
            "module.kubeoptima_eks.module.eks.module.kms.aws_kms_key.this",
            "module.kubeoptima_eks.module.eks.module.kms.aws_kms_replica_external_key.this",
            "module.kubeoptima_eks.module.eks.module.kms.aws_kms_replica_key.this",
            "module.kubeoptima_eks.module.eks.module.kms.data.aws_caller_identity.current",
            "module.kubeoptima_eks.module.eks.module.kms.data.aws_iam_policy_document.this",
            "module.kubeoptima_eks.module.eks.module.kms.data.aws_partition.current"
          ]
        }
      ]
    },
    {
      "module": "module.kubeoptima_eks.module.eks",
      "mode": "managed",
      "type": "aws_iam_policy",
      "name": "cni_ipv6_policy",
      "provider": "provider[\"registry.terraform.io/hashicorp/aws\"]",
      "instances": []
    },
    {
      "module": "module.kubeoptima_eks.module.eks",
      "mode": "managed",
      "type": "aws_iam_policy",
      "name": "custom",
      "provider": "provider[\"registry.terraform.io/hashicorp/aws\"]",
      "instances": [
        {
          "index_key": 0,
          "schema_version": 0,
          "attributes": {
            "arn": "arn:aws:iam::320343233567:policy/kubeoptima-test-cluster-20260718184706786500000002",
            "attachment_count": 1,
            "description": "",
            "id": "arn:aws:iam::320343233567:policy/kubeoptima-test-cluster-20260718184706786500000002",
            "name": "kubeoptima-test-cluster-20260718184706786500000002",
            "name_prefix": "kubeoptima-test-cluster-",
            "path": "/",
            "policy": "{\"Statement\":[{\"Action\":[\"ec2:RunInstances\",\"ec2:CreateLaunchTemplate\",\"ec2:CreateFleet\"],\"Condition\":{\"StringEquals\":{\"aws:RequestTag/eks:eks-cluster-name\":\"${aws:PrincipalTag/eks:eks-cluster-name}\"},\"StringLike\":{\"aws:RequestTag/eks:kubernetes-node-class-name\":\"*\",\"aws:RequestTag/eks:kubernetes-node-pool-name\":\"*\"}},\"Effect\":\"Allow\",\"Resource\":\"*\",\"Sid\":\"Compute\"},{\"Action\":[\"ec2:CreateVolume\",\"ec2:CreateSnapshot\"],\"Condition\":{\"StringEquals\":{\"aws:RequestTag/eks:eks-cluster-name\":\"${aws:PrincipalTag/eks:eks-cluster-name}\"}},\"Effect\":\"Allow\",\"Resource\":[\"arn:aws:ec2:*:*:volume/*\",\"arn:aws:ec2:*:*:snapshot/*\"],\"Sid\":\"Storage\"},{\"Action\":\"ec2:CreateNetworkInterface\",\"Condition\":{\"StringEquals\":{\"aws:RequestTag/eks:eks-cluster-name\":\"${aws:PrincipalTag/eks:eks-cluster-name}\",\"aws:RequestTag/eks:kubernetes-cni-node-name\":\"*\"}},\"Effect\":\"Allow\",\"Resource\":\"*\",\"Sid\":\"Networking\"},{\"Action\":[\"elasticloadbalancing:CreateTargetGroup\",\"elasticloadbalancing:CreateRule\",\"elasticloadbalancing:CreateLoadBalancer\",\"elasticloadbalancing:CreateListener\",\"ec2:CreateSecurityGroup\"],\"Condition\":{\"StringEquals\":{\"aws:RequestTag/eks:eks-cluster-name\":\"${aws:PrincipalTag/eks:eks-cluster-name}\"}},\"Effect\":\"Allow\",\"Resource\":\"*\",\"Sid\":\"LoadBalancer\"},{\"Action\":\"shield:CreateProtection\",\"Condition\":{\"StringEquals\":{\"aws:RequestTag/eks:eks-cluster-name\":\"${aws:PrincipalTag/eks:eks-cluster-name}\"}},\"Effect\":\"Allow\",\"Resource\":\"*\",\"Sid\":\"ShieldProtection\"},{\"Action\":\"shield:TagResource\",\"Condition\":{\"StringEquals\":{\"aws:RequestTag/eks:eks-cluster-name\":\"${aws:PrincipalTag/eks:eks-cluster-name}\"}},\"Effect\":\"Allow\",\"Resource\":\"arn:aws:shield::*:protection/*\",\"Sid\":\"ShieldTagResource\"}],\"Version\":\"2012-10-17\"}",
            "policy_id": "ANPAUVFPR2QPVGJ6F6E7D",
            "tags": {
              "Environment": "testing",
              "ManagedBy": "Terraform",
              "Platform": "KubeOptima",
              "karpenter.sh/discovery": "kubeoptima-test"
            },
            "tags_all": {
              "Environment": "testing",
              "ManagedBy": "Terraform",
              "Platform": "KubeOptima",
              "karpenter.sh/discovery": "kubeoptima-test"
            }
          },
          "sensitive_attributes": [],
          "private": "bnVsbA==",
          "dependencies": [
            "module.kubeoptima_eks.module.eks.data.aws_iam_policy_document.custom",
            "module.kubeoptima_eks.module.eks.data.aws_partition.current"
          ]
        }
      ]
    },
    {
      "module": "module.kubeoptima_eks.module.eks",
      "mode": "managed",
      "type": "aws_iam_role",
      "name": "eks_auto",
      "provider": "provider[\"registry.terraform.io/hashicorp/aws\"]",
      "instances": []
    },
    {
      "module": "module.kubeoptima_eks.module.eks",
      "mode": "managed",
      "type": "aws_iam_role",
      "name": "this",
      "provider": "provider[\"registry.terraform.io/hashicorp/aws\"]",
      "instances": [
        {
          "index_key": 0,
          "schema_version": 0,
          "attributes": {
            "arn": "arn:aws:iam::320343233567:role/kubeoptima-test-cluster-20260718184706785400000001",
            "assume_role_policy": "{\"Statement\":[{\"Action\":[\"sts:TagSession\",\"sts:AssumeRole\"],\"Effect\":\"Allow\",\"Principal\":{\"Service\":\"eks.amazonaws.com\"},\"Sid\":\"EKSClusterAssumeRole\"}],\"Version\":\"2012-10-17\"}",
            "create_date": "2026-07-18T18:47:08Z",
            "description": "",
            "force_detach_policies": true,
            "id": "kubeoptima-test-cluster-20260718184706785400000001",
            "inline_policy": [],
            "managed_policy_arns": [
              "arn:aws:iam::320343233567:policy/kubeoptima-test-cluster-20260718184706786500000002",
              "arn:aws:iam::320343233567:policy/kubeoptima-test-cluster-ClusterEncryption2026071818473017500000000e",
              "arn:aws:iam::aws:policy/AmazonEKSClusterPolicy",
              "arn:aws:iam::aws:policy/AmazonEKSVPCResourceController"
            ],
            "max_session_duration": 3600,
            "name": "kubeoptima-test-cluster-20260718184706785400000001",
            "name_prefix": "kubeoptima-test-cluster-",
            "path": "/",
            "permissions_boundary": "",
            "tags": {
              "Environment": "testing",
              "ManagedBy": "Terraform",
              "Platform": "KubeOptima",
              "karpenter.sh/discovery": "kubeoptima-test"
            },
            "tags_all": {
              "Environment": "testing",
              "ManagedBy": "Terraform",
              "Platform": "KubeOptima",
              "karpenter.sh/discovery": "kubeoptima-test"
            },
            "unique_id": "AROAUVFPR2QPYXITJ6LUO"
          },
          "sensitive_attributes": [],
          "private": "bnVsbA==",
          "dependencies": [
            "module.kubeoptima_eks.module.eks.data.aws_iam_policy_document.assume_role_policy"
          ],
          "create_before_destroy": true
        }
      ]
    },
    {
      "module": "module.kubeoptima_eks.module.eks",
      "mode": "managed",
      "type": "aws_iam_role_policy_attachment",
      "name": "additional",
      "provider": "provider[\"registry.terraform.io/hashicorp/aws\"]",
      "instances": []
    },
    {
      "module": "module.kubeoptima_eks.module.eks",
      "mode": "managed",
      "type": "aws_iam_role_policy_attachment",
      "name": "cluster_encryption",
      "provider": "provider[\"registry.terraform.io/hashicorp/aws\"]",
      "instances": [
        {
          "index_key": 0,
          "schema_version": 0,
          "attributes": {
            "id": "kubeoptima-test-cluster-20260718184706785400000001-2026071818473144270000000f",
            "policy_arn": "arn:aws:iam::320343233567:policy/kubeoptima-test-cluster-ClusterEncryption2026071818473017500000000e",
            "role": "kubeoptima-test-cluster-20260718184706785400000001"
          },
          "sensitive_attributes": [],
          "private": "bnVsbA==",
          "dependencies": [
            "module.kubeoptima_eks.module.eks.aws_iam_policy.cluster_encryption",
            "module.kubeoptima_eks.module.eks.aws_iam_role.this",
            "module.kubeoptima_eks.module.eks.data.aws_caller_identity.current",
            "module.kubeoptima_eks.module.eks.data.aws_iam_policy_document.assume_role_policy",
            "module.kubeoptima_eks.module.eks.data.aws_iam_session_context.current",
            "module.kubeoptima_eks.module.eks.module.kms.aws_kms_external_key.this",
            "module.kubeoptima_eks.module.eks.module.kms.aws_kms_key.this",
            "module.kubeoptima_eks.module.eks.module.kms.aws_kms_replica_external_key.this",
            "module.kubeoptima_eks.module.eks.module.kms.aws_kms_replica_key.this",
            "module.kubeoptima_eks.module.eks.module.kms.data.aws_caller_identity.current",
            "module.kubeoptima_eks.module.eks.module.kms.data.aws_iam_policy_document.this",
            "module.kubeoptima_eks.module.eks.module.kms.data.aws_partition.current"
          ]
        }
      ]
    },
    {
      "module": "module.kubeoptima_eks.module.eks",
      "mode": "managed",
      "type": "aws_iam_role_policy_attachment",
      "name": "custom",
      "provider": "provider[\"registry.terraform.io/hashicorp/aws\"]",
      "instances": [
        {
          "index_key": 0,
          "schema_version": 0,
          "attributes": {
            "id": "kubeoptima-test-cluster-20260718184706785400000001-20260718184709282200000005",
            "policy_arn": "arn:aws:iam::320343233567:policy/kubeoptima-test-cluster-20260718184706786500000002",
            "role": "kubeoptima-test-cluster-20260718184706785400000001"
          },
          "sensitive_attributes": [],
          "private": "bnVsbA==",
          "dependencies": [
            "module.kubeoptima_eks.module.eks.aws_iam_policy.custom",
            "module.kubeoptima_eks.module.eks.aws_iam_role.this",
            "module.kubeoptima_eks.module.eks.data.aws_iam_policy_document.assume_role_policy",
            "module.kubeoptima_eks.module.eks.data.aws_iam_policy_document.custom",
            "module.kubeoptima_eks.module.eks.data.aws_partition.current"
          ]
        }
      ]
    },
    {
      "module": "module.kubeoptima_eks.module.eks",
      "mode": "managed",
      "type": "aws_iam_role_policy_attachment",
      "name": "eks_auto",
      "provider": "provider[\"registry.terraform.io/hashicorp/aws\"]",
      "instances": []
    },
    {
      "module": "module.kubeoptima_eks.module.eks",
      "mode": "managed",
      "type": "aws_iam_role_policy_attachment",
      "name": "eks_auto_additional",
      "provider": "provider[\"registry.terraform.io/hashicorp/aws\"]",
      "instances": []
    },
    {
      "module": "module.kubeoptima_eks.module.eks",
      "mode": "managed",
      "type": "aws_iam_role_policy_attachment",
      "name": "this",
      "provider": "provider[\"registry.terraform.io/hashicorp/aws\"]",
      "instances": [
        {
          "index_key": "AmazonEKSClusterPolicy",
          "schema_version": 0,
          "attributes": {
            "id": "kubeoptima-test-cluster-20260718184706785400000001-20260718184709279000000004",
            "policy_arn": "arn:aws:iam::aws:policy/AmazonEKSClusterPolicy",
            "role": "kubeoptima-test-cluster-20260718184706785400000001"
          },
          "sensitive_attributes": [],
          "private": "bnVsbA==",
          "dependencies": [
            "module.kubeoptima_eks.module.eks.aws_iam_role.this",
            "module.kubeoptima_eks.module.eks.data.aws_iam_policy_document.assume_role_policy",
            "module.kubeoptima_eks.module.eks.data.aws_partition.current"
          ],
          "create_before_destroy": true
        },
        {
          "index_key": "AmazonEKSVPCResourceController",
          "schema_version": 0,
          "attributes": {
            "id": "kubeoptima-test-cluster-20260718184706785400000001-20260718184709233100000003",
            "policy_arn": "arn:aws:iam::aws:policy/AmazonEKSVPCResourceController",
            "role": "kubeoptima-test-cluster-20260718184706785400000001"
          },
          "sensitive_attributes": [],
          "private": "bnVsbA==",
          "dependencies": [
            "module.kubeoptima_eks.module.eks.aws_iam_role.this",
            "module.kubeoptima_eks.module.eks.data.aws_iam_policy_document.assume_role_policy",
            "module.kubeoptima_eks.module.eks.data.aws_partition.current"
          ],
          "create_before_destroy": true
        }
      ]
    },
    {
      "module": "module.kubeoptima_eks.module.eks",
      "mode": "managed",
      "type": "aws_security_group",
      "name": "cluster",
      "provider": "provider[\"registry.terraform.io/hashicorp/aws\"]",
      "instances": [
        {
          "index_key": 0,
          "schema_version": 1,
          "attributes": {
            "arn": "arn:aws:ec2:ap-south-1:320343233567:security-group/sg-0b9496ab4f1aad3d2",
            "description": "EKS cluster security group",
            "egress": [],
            "id": "sg-0b9496ab4f1aad3d2",
            "ingress": [
              {
                "cidr_blocks": [],
                "description": "Node groups to cluster API",
                "from_port": 443,
                "ipv6_cidr_blocks": [],
                "prefix_list_ids": [],
                "protocol": "tcp",
                "security_groups": [
                  "sg-0e89ebeb42d2d0ec4"
                ],
                "self": false,
                "to_port": 443
              }
            ],
            "name": "kubeoptima-test-cluster-2026071818471952330000000b",
            "name_prefix": "kubeoptima-test-cluster-",
            "owner_id": "320343233567",
            "revoke_rules_on_delete": false,
            "tags": {
              "Environment": "testing",
              "ManagedBy": "Terraform",
              "Name": "kubeoptima-test-cluster",
              "Platform": "KubeOptima",
              "karpenter.sh/discovery": "kubeoptima-test"
            },
            "tags_all": {
              "Environment": "testing",
              "ManagedBy": "Terraform",
              "Name": "kubeoptima-test-cluster",
              "Platform": "KubeOptima",
              "karpenter.sh/discovery": "kubeoptima-test"
            },
            "timeouts": null,
            "vpc_id": "vpc-0ceedfa2776728ad6"
          },
          "sensitive_attributes": [],
          "private": "eyJlMmJmYjczMC1lY2FhLTExZTYtOGY4OC0zNDM2M2JjN2M0YzAiOnsiY3JlYXRlIjo2MDAwMDAwMDAwMDAsImRlbGV0ZSI6OTAwMDAwMDAwMDAwfSwic2NoZW1hX3ZlcnNpb24iOiIxIn0=",
          "dependencies": [
            "module.kubeoptima_eks.module.vpc.aws_vpc.this"
          ],
          "create_before_destroy": true
        }
      ]
    },
    {
      "module": "module.kubeoptima_eks.module.eks",
      "mode": "managed",
      "type": "aws_security_group",
      "name": "node",
      "provider": "provider[\"registry.terraform.io/hashicorp/aws\"]",
      "instances": [
        {
          "index_key": 0,
          "schema_version": 1,
          "attributes": {
            "arn": "arn:aws:ec2:ap-south-1:320343233567:security-group/sg-0e89ebeb42d2d0ec4",
            "description": "EKS node shared security group",
            "egress": [
              {
                "cidr_blocks": [
                  "0.0.0.0/0"
                ],
                "description": "Allow all egress",
                "from_port": 0,
                "ipv6_cidr_blocks": [],
                "prefix_list_ids": [],
                "protocol": "-1",
                "security_groups": [],
                "self": false,
                "to_port": 0
              }
            ],
            "id": "sg-0e89ebeb42d2d0ec4",
            "ingress": [
              {
                "cidr_blocks": [],
                "description": "Cluster API to node 4443/tcp webhook",
                "from_port": 4443,
                "ipv6_cidr_blocks": [],
                "prefix_list_ids": [],
                "protocol": "tcp",
                "security_groups": [
                  "sg-0b9496ab4f1aad3d2"
                ],
                "self": false,
                "to_port": 4443
              },
              {
                "cidr_blocks": [],
                "description": "Cluster API to node 6443/tcp webhook",
                "from_port": 6443,
                "ipv6_cidr_blocks": [],
                "prefix_list_ids": [],
                "protocol": "tcp",
                "security_groups": [
                  "sg-0b9496ab4f1aad3d2"
                ],
                "self": false,
                "to_port": 6443
              },
              {
                "cidr_blocks": [],
                "description": "Cluster API to node 8443/tcp webhook",
                "from_port": 8443,
                "ipv6_cidr_blocks": [],
                "prefix_list_ids": [],
                "protocol": "tcp",
                "security_groups": [
                  "sg-0b9496ab4f1aad3d2"
                ],
                "self": false,
                "to_port": 8443
              },
              {
                "cidr_blocks": [],
                "description": "Cluster API to node 9443/tcp webhook",
                "from_port": 9443,
                "ipv6_cidr_blocks": [],
                "prefix_list_ids": [],
                "protocol": "tcp",
                "security_groups": [
                  "sg-0b9496ab4f1aad3d2"
                ],
                "self": false,
                "to_port": 9443
              },
              {
                "cidr_blocks": [],
                "description": "Cluster API to node groups",
                "from_port": 443,
                "ipv6_cidr_blocks": [],
                "prefix_list_ids": [],
                "protocol": "tcp",
                "security_groups": [
                  "sg-0b9496ab4f1aad3d2"
                ],
                "self": false,
                "to_port": 443
              },
              {
                "cidr_blocks": [],
                "description": "Cluster API to node kubelets",
                "from_port": 10250,
                "ipv6_cidr_blocks": [],
                "prefix_list_ids": [],
                "protocol": "tcp",
                "security_groups": [
                  "sg-0b9496ab4f1aad3d2"
                ],
                "self": false,
                "to_port": 10250
              },
              {
                "cidr_blocks": [],
                "description": "Node to node CoreDNS UDP",
                "from_port": 53,
                "ipv6_cidr_blocks": [],
                "prefix_list_ids": [],
                "protocol": "udp",
                "security_groups": [],
                "self": true,
                "to_port": 53
              },
              {
                "cidr_blocks": [],
                "description": "Node to node CoreDNS",
                "from_port": 53,
                "ipv6_cidr_blocks": [],
                "prefix_list_ids": [],
                "protocol": "tcp",
                "security_groups": [],
                "self": true,
                "to_port": 53
              },
              {
                "cidr_blocks": [],
                "description": "Node to node ingress on ephemeral ports",
                "from_port": 1025,
                "ipv6_cidr_blocks": [],
                "prefix_list_ids": [],
                "protocol": "tcp",
                "security_groups": [],
                "self": true,
                "to_port": 65535
              }
            ],
            "name": "kubeoptima-test-node-2026071818471968430000000c",
            "name_prefix": "kubeoptima-test-node-",
            "owner_id": "320343233567",
            "revoke_rules_on_delete": false,
            "tags": {
              "Environment": "testing",
              "ManagedBy": "Terraform",
              "Name": "kubeoptima-test-node",
              "Platform": "KubeOptima",
              "karpenter.sh/discovery": "kubeoptima-test",
              "kubernetes.io/cluster/kubeoptima-test": "owned"
            },
            "tags_all": {
              "Environment": "testing",
              "ManagedBy": "Terraform",
              "Name": "kubeoptima-test-node",
              "Platform": "KubeOptima",
              "karpenter.sh/discovery": "kubeoptima-test",
              "kubernetes.io/cluster/kubeoptima-test": "owned"
            },
            "timeouts": null,
            "vpc_id": "vpc-0ceedfa2776728ad6"
          },
          "sensitive_attributes": [],
          "private": "eyJlMmJmYjczMC1lY2FhLTExZTYtOGY4OC0zNDM2M2JjN2M0YzAiOnsiY3JlYXRlIjo2MDAwMDAwMDAwMDAsImRlbGV0ZSI6OTAwMDAwMDAwMDAwfSwic2NoZW1hX3ZlcnNpb24iOiIxIn0=",
          "dependencies": [
            "module.kubeoptima_eks.module.vpc.aws_vpc.this"
          ],
          "create_before_destroy": true
        }
      ]
    },
    {
      "module": "module.kubeoptima_eks.module.eks",
      "mode": "managed",
      "type": "aws_security_group_rule",
      "name": "cluster",
      "provider": "provider[\"registry.terraform.io/hashicorp/aws\"]",
      "instances": [
        {
          "index_key": "ingress_nodes_443",
          "schema_version": 2,
          "attributes": {
            "cidr_blocks": null,
            "description": "Node groups to cluster API",
            "from_port": 443,
            "id": "sgrule-434411347",
            "ipv6_cidr_blocks": null,
            "prefix_list_ids": null,
            "protocol": "tcp",
            "security_group_id": "sg-0b9496ab4f1aad3d2",
            "security_group_rule_id": "sgr-0e3d51ef5c2e736b1",
            "self": false,
            "source_security_group_id": "sg-0e89ebeb42d2d0ec4",
            "timeouts": null,
            "to_port": 443,
            "type": "ingress"
          },
          "sensitive_attributes": [],
          "private": "eyJlMmJmYjczMC1lY2FhLTExZTYtOGY4OC0zNDM2M2JjN2M0YzAiOnsiY3JlYXRlIjozMDAwMDAwMDAwMDB9LCJzY2hlbWFfdmVyc2lvbiI6IjIifQ==",
          "dependencies": [
            "module.kubeoptima_eks.module.eks.aws_security_group.cluster",
            "module.kubeoptima_eks.module.eks.aws_security_group.node",
            "module.kubeoptima_eks.module.vpc.aws_vpc.this"
          ],
          "create_before_destroy": true
        }
      ]
    },
    {
      "module": "module.kubeoptima_eks.module.eks",
      "mode": "managed",
      "type": "aws_security_group_rule",
      "name": "node",
      "provider": "provider[\"registry.terraform.io/hashicorp/aws\"]",
      "instances": [
        {
          "index_key": "egress_all",
          "schema_version": 2,
          "attributes": {
            "cidr_blocks": [
              "0.0.0.0/0"
            ],
            "description": "Allow all egress",
            "from_port": 0,
            "id": "sgrule-4077163797",
            "ipv6_cidr_blocks": null,
            "prefix_list_ids": [],
            "protocol": "-1",
            "security_group_id": "sg-0e89ebeb42d2d0ec4",
            "security_group_rule_id": "sgr-0a4f01d129eb1fa67",
            "self": false,
            "source_security_group_id": null,
            "timeouts": null,
            "to_port": 0,
            "type": "egress"
          },
          "sensitive_attributes": [],
          "private": "eyJlMmJmYjczMC1lY2FhLTExZTYtOGY4OC0zNDM2M2JjN2M0YzAiOnsiY3JlYXRlIjozMDAwMDAwMDAwMDB9LCJzY2hlbWFfdmVyc2lvbiI6IjIifQ==",
          "dependencies": [
            "module.kubeoptima_eks.module.eks.aws_security_group.cluster",
            "module.kubeoptima_eks.module.eks.aws_security_group.node",
            "module.kubeoptima_eks.module.vpc.aws_vpc.this"
          ],
          "create_before_destroy": true
        },
        {
          "index_key": "ingress_cluster_443",
          "schema_version": 2,
          "attributes": {
            "cidr_blocks": null,
            "description": "Cluster API to node groups",
            "from_port": 443,
            "id": "sgrule-1224888083",
            "ipv6_cidr_blocks": null,
            "prefix_list_ids": [],
            "protocol": "tcp",
            "security_group_id": "sg-0e89ebeb42d2d0ec4",
            "security_group_rule_id": "sgr-001b6aefd93d34ddf",
            "self": false,
            "source_security_group_id": "sg-0b9496ab4f1aad3d2",
            "timeouts": null,
            "to_port": 443,
            "type": "ingress"
          },
          "sensitive_attributes": [],
          "private": "eyJlMmJmYjczMC1lY2FhLTExZTYtOGY4OC0zNDM2M2JjN2M0YzAiOnsiY3JlYXRlIjozMDAwMDAwMDAwMDB9LCJzY2hlbWFfdmVyc2lvbiI6IjIifQ==",
          "dependencies": [
            "module.kubeoptima_eks.module.eks.aws_security_group.cluster",
            "module.kubeoptima_eks.module.eks.aws_security_group.node",
            "module.kubeoptima_eks.module.vpc.aws_vpc.this"
          ],
          "create_before_destroy": true
        },
        {
          "index_key": "ingress_cluster_4443_webhook",
          "schema_version": 2,
          "attributes": {
            "cidr_blocks": null,
            "description": "Cluster API to node 4443/tcp webhook",
            "from_port": 4443,
            "id": "sgrule-568617844",
            "ipv6_cidr_blocks": null,
            "prefix_list_ids": [],
            "protocol": "tcp",
            "security_group_id": "sg-0e89ebeb42d2d0ec4",
            "security_group_rule_id": "sgr-04ed310dd183c991a",
            "self": false,
            "source_security_group_id": "sg-0b9496ab4f1aad3d2",
            "timeouts": null,
            "to_port": 4443,
            "type": "ingress"
          },
          "sensitive_attributes": [],
          "private": "eyJlMmJmYjczMC1lY2FhLTExZTYtOGY4OC0zNDM2M2JjN2M0YzAiOnsiY3JlYXRlIjozMDAwMDAwMDAwMDB9LCJzY2hlbWFfdmVyc2lvbiI6IjIifQ==",
          "dependencies": [
            "module.kubeoptima_eks.module.eks.aws_security_group.cluster",
            "module.kubeoptima_eks.module.eks.aws_security_group.node",
            "module.kubeoptima_eks.module.vpc.aws_vpc.this"
          ],
          "create_before_destroy": true
        },
        {
          "index_key": "ingress_cluster_6443_webhook",
          "schema_version": 2,
          "attributes": {
            "cidr_blocks": null,
            "description": "Cluster API to node 6443/tcp webhook",
            "from_port": 6443,
            "id": "sgrule-3903196386",
            "ipv6_cidr_blocks": null,
            "prefix_list_ids": [],
            "protocol": "tcp",
            "security_group_id": "sg-0e89ebeb42d2d0ec4",
            "security_group_rule_id": "sgr-0dd8e7b5e6aa4fbf8",
            "self": false,
            "source_security_group_id": "sg-0b9496ab4f1aad3d2",
            "timeouts": null,
            "to_port": 6443,
            "type": "ingress"
          },
          "sensitive_attributes": [],
          "private": "eyJlMmJmYjczMC1lY2FhLTExZTYtOGY4OC0zNDM2M2JjN2M0YzAiOnsiY3JlYXRlIjozMDAwMDAwMDAwMDB9LCJzY2hlbWFfdmVyc2lvbiI6IjIifQ==",
          "dependencies": [
            "module.kubeoptima_eks.module.eks.aws_security_group.cluster",
            "module.kubeoptima_eks.module.eks.aws_security_group.node",
            "module.kubeoptima_eks.module.vpc.aws_vpc.this"
          ],
          "create_before_destroy": true
        },
        {
          "index_key": "ingress_cluster_8443_webhook",
          "schema_version": 2,
          "attributes": {
            "cidr_blocks": null,
            "description": "Cluster API to node 8443/tcp webhook",
            "from_port": 8443,
            "id": "sgrule-4227477699",
            "ipv6_cidr_blocks": null,
            "prefix_list_ids": [],
            "protocol": "tcp",
            "security_group_id": "sg-0e89ebeb42d2d0ec4",
            "security_group_rule_id": "sgr-027a0914559e46bec",
            "self": false,
            "source_security_group_id": "sg-0b9496ab4f1aad3d2",
            "timeouts": null,
            "to_port": 8443,
            "type": "ingress"
          },
          "sensitive_attributes": [],
          "private": "eyJlMmJmYjczMC1lY2FhLTExZTYtOGY4OC0zNDM2M2JjN2M0YzAiOnsiY3JlYXRlIjozMDAwMDAwMDAwMDB9LCJzY2hlbWFfdmVyc2lvbiI6IjIifQ==",
          "dependencies": [
            "module.kubeoptima_eks.module.eks.aws_security_group.cluster",
            "module.kubeoptima_eks.module.eks.aws_security_group.node",
            "module.kubeoptima_eks.module.vpc.aws_vpc.this"
          ],
          "create_before_destroy": true
        },
        {
          "index_key": "ingress_cluster_9443_webhook",
          "schema_version": 2,
          "attributes": {
            "cidr_blocks": null,
            "description": "Cluster API to node 9443/tcp webhook",
            "from_port": 9443,
            "id": "sgrule-2673541896",
            "ipv6_cidr_blocks": null,
            "prefix_list_ids": [],
            "protocol": "tcp",
            "security_group_id": "sg-0e89ebeb42d2d0ec4",
            "security_group_rule_id": "sgr-01ecd8e600aa0fbb6",
            "self": false,
            "source_security_group_id": "sg-0b9496ab4f1aad3d2",
            "timeouts": null,
            "to_port": 9443,
            "type": "ingress"
          },
          "sensitive_attributes": [],
          "private": "eyJlMmJmYjczMC1lY2FhLTExZTYtOGY4OC0zNDM2M2JjN2M0YzAiOnsiY3JlYXRlIjozMDAwMDAwMDAwMDB9LCJzY2hlbWFfdmVyc2lvbiI6IjIifQ==",
          "dependencies": [
            "module.kubeoptima_eks.module.eks.aws_security_group.cluster",
            "module.kubeoptima_eks.module.eks.aws_security_group.node",
            "module.kubeoptima_eks.module.vpc.aws_vpc.this"
          ],
          "create_before_destroy": true
        },
        {
          "index_key": "ingress_cluster_kubelet",
          "schema_version": 2,
          "attributes": {
            "cidr_blocks": null,
            "description": "Cluster API to node kubelets",
            "from_port": 10250,
            "id": "sgrule-2352860589",
            "ipv6_cidr_blocks": null,
            "prefix_list_ids": [],
            "protocol": "tcp",
            "security_group_id": "sg-0e89ebeb42d2d0ec4",
            "security_group_rule_id": "sgr-05e69ba96c0d6a953",
            "self": false,
            "source_security_group_id": "sg-0b9496ab4f1aad3d2",
            "timeouts": null,
            "to_port": 10250,
            "type": "ingress"
          },
          "sensitive_attributes": [],
          "private": "eyJlMmJmYjczMC1lY2FhLTExZTYtOGY4OC0zNDM2M2JjN2M0YzAiOnsiY3JlYXRlIjozMDAwMDAwMDAwMDB9LCJzY2hlbWFfdmVyc2lvbiI6IjIifQ==",
          "dependencies": [
            "module.kubeoptima_eks.module.eks.aws_security_group.cluster",
            "module.kubeoptima_eks.module.eks.aws_security_group.node",
            "module.kubeoptima_eks.module.vpc.aws_vpc.this"
          ],
          "create_before_destroy": true
        },
        {
          "index_key": "ingress_nodes_ephemeral",
          "schema_version": 2,
          "attributes": {
            "cidr_blocks": null,
            "description": "Node to node ingress on ephemeral ports",
            "from_port": 1025,
            "id": "sgrule-3454481582",
            "ipv6_cidr_blocks": null,
            "prefix_list_ids": [],
            "protocol": "tcp",
            "security_group_id": "sg-0e89ebeb42d2d0ec4",
            "security_group_rule_id": "sgr-03e7eb7339a57b107",
            "self": true,
            "source_security_group_id": null,
            "timeouts": null,
            "to_port": 65535,
            "type": "ingress"
          },
          "sensitive_attributes": [],
          "private": "eyJlMmJmYjczMC1lY2FhLTExZTYtOGY4OC0zNDM2M2JjN2M0YzAiOnsiY3JlYXRlIjozMDAwMDAwMDAwMDB9LCJzY2hlbWFfdmVyc2lvbiI6IjIifQ==",
          "dependencies": [
            "module.kubeoptima_eks.module.eks.aws_security_group.cluster",
            "module.kubeoptima_eks.module.eks.aws_security_group.node",
            "module.kubeoptima_eks.module.vpc.aws_vpc.this"
          ],
          "create_before_destroy": true
        },
        {
          "index_key": "ingress_self_coredns_tcp",
          "schema_version": 2,
          "attributes": {
            "cidr_blocks": null,
            "description": "Node to node CoreDNS",
            "from_port": 53,
            "id": "sgrule-3421496904",
            "ipv6_cidr_blocks": null,
            "prefix_list_ids": [],
            "protocol": "tcp",
            "security_group_id": "sg-0e89ebeb42d2d0ec4",
            "security_group_rule_id": "sgr-0ab428a6ff181675d",
            "self": true,
            "source_security_group_id": null,
            "timeouts": null,
            "to_port": 53,
            "type": "ingress"
          },
          "sensitive_attributes": [],
          "private": "eyJlMmJmYjczMC1lY2FhLTExZTYtOGY4OC0zNDM2M2JjN2M0YzAiOnsiY3JlYXRlIjozMDAwMDAwMDAwMDB9LCJzY2hlbWFfdmVyc2lvbiI6IjIifQ==",
          "dependencies": [
            "module.kubeoptima_eks.module.eks.aws_security_group.cluster",
            "module.kubeoptima_eks.module.eks.aws_security_group.node",
            "module.kubeoptima_eks.module.vpc.aws_vpc.this"
          ],
          "create_before_destroy": true
        },
        {
          "index_key": "ingress_self_coredns_udp",
          "schema_version": 2,
          "attributes": {
            "cidr_blocks": null,
            "description": "Node to node CoreDNS UDP",
            "from_port": 53,
            "id": "sgrule-1873823143",
            "ipv6_cidr_blocks": null,
            "prefix_list_ids": [],
            "protocol": "udp",
            "security_group_id": "sg-0e89ebeb42d2d0ec4",
            "security_group_rule_id": "sgr-049cfea87099a8941",
            "self": true,
            "source_security_group_id": null,
            "timeouts": null,
            "to_port": 53,
            "type": "ingress"
          },
          "sensitive_attributes": [],
          "private": "eyJlMmJmYjczMC1lY2FhLTExZTYtOGY4OC0zNDM2M2JjN2M0YzAiOnsiY3JlYXRlIjozMDAwMDAwMDAwMDB9LCJzY2hlbWFfdmVyc2lvbiI6IjIifQ==",
          "dependencies": [
            "module.kubeoptima_eks.module.eks.aws_security_group.cluster",
            "module.kubeoptima_eks.module.eks.aws_security_group.node",
            "module.kubeoptima_eks.module.vpc.aws_vpc.this"
          ],
          "create_before_destroy": true
        }
      ]
    },
    {
      "module": "module.kubeoptima_eks.module.eks",
      "mode": "managed",
      "type": "time_sleep",
      "name": "this",
      "provider": "provider[\"registry.terraform.io/hashicorp/time\"]",
      "instances": [
        {
          "index_key": 0,
          "schema_version": 0,
          "attributes": {
            "create_duration": "30s",
            "destroy_duration": null,
            "id": "2026-07-18T19:12:23Z",
            "triggers": {
              "cluster_certificate_authority_data": "LS0tLS1CRUdJTiBDRVJUSUZJQ0FURS0tLS0tCk1JSURCVENDQWUyZ0F3SUJBZ0lJRFRWazZBZDNrZFV3RFFZSktvWklodmNOQVFFTEJRQXdGVEVUTUJFR0ExVUUKQXhNS2EzVmlaWEp1WlhSbGN6QWVGdzB5TmpBM01UZ3hPRFEyTkROYUZ3MHpOakEzTVRVeE9EVXhORE5hTUJVeApFekFSQmdOVkJBTVRDbXQxWW1WeWJtVjBaWE13Z2dFaU1BMEdDU3FHU0liM0RRRUJBUVVBQTRJQkR3QXdnZ0VLCkFvSUJBUURVdEEyVHRxeXRCbGFLQ1NtMnVsaEJQLzhpRXE5OE5EUnhnM3FCRDR3cFJyMHhBeE5IdmlhVStsK0IKVlZTR2xUSHgybk1CTVViK25RbzRqQW9ieU85MWlpbEpUR2dUWEc2bEl5SExaT3ZMZjNBdzd1V3VtcVlpYlNETgpOZm9PdzR5bkNnQUtsUEVHd0Fodzl5WU5odzVDYy8wamFBK3luSXo3YURjMzVlTENmYlovVG5VYmIxUCt3KytZCldmcG93c3hzWUx0c3lFeHBqL0Q0ZWZaSW5NNVVBMG1iMjM1aUxnRW4vNXdTTHhlLzdqV2JWQjFrY01tNnJFVngKVmR6VXBCc1FlakN0VnhXYVRNbXVVY2hLRlF3U1JBanZIUDBicEpDT3BnWFFPSGQydElhelJTWTA2U0VUMzNvawpweHJNNlhBdm55dWs5Z3VndUtGV1gwekN3MUFKQWdNQkFBR2pXVEJYTUE0R0ExVWREd0VCL3dRRUF3SUNwREFQCkJnTlZIUk1CQWY4RUJUQURBUUgvTUIwR0ExVWREZ1FXQkJRTTcvYUF6cThrVWpJV3gwMDZKZE9wb3IxS2VqQVYKQmdOVkhSRUVEakFNZ2dwcmRXSmxjbTVsZEdWek1BMEdDU3FHU0liM0RRRUJDd1VBQTRJQkFRREhnNjJSanJXTAp3Vks1cTZKdi9PNXpJdzN3d1dVeGhCUldhaTB3Y2tqMDczZFUwZUNRSllZZW9DeGtBY0xUTVRDeXB3U3VHY1B1CnJLb0NKS3YyaXNDeTRLbzFjbnhFN1dwTE4ya09LRmRFa2o5M0NmbFlyS2djYjFQSndmeGwxbXhtbHdPTUIySFYKUWpaVkI3YVdHeHFCakZTSGcrVE4xVU5PZWlYZVZvTzRpTXJTOUFQU2ZXQnF0U242SlBYL3l6MmErOStGa3lKMgpDR2NjbnpMd1JzWnk0MEVCdUFEQitWVms2clpoRDVDUnpNQ2xIQkdFQU9HZ0tYZmxRVEVJOUJvMFQzbjVoOGRSCi9iTE9CUmVaL3VQeFArakh6TGNHM1UxejY0VkNOQUZETHZ1KzJIcFpjVTBwT2ZZdlJIQ3IxS29CSmxLMmNqZWcKQnlUeXdPdnFFNUR0Ci0tLS0tRU5EIENFUlRJRklDQVRFLS0tLS0K",
              "cluster_endpoint": "https://F8B296ADBE2FBD122A662383000B8604.gr7.ap-south-1.eks.amazonaws.com",
              "cluster_name": "kubeoptima-test",
              "cluster_service_cidr": "172.20.0.0/16",
              "cluster_version": "1.36"
            }
          },
          "sensitive_attributes": [],
          "dependencies": [
            "module.kubeoptima_eks.data.aws_availability_zones.available",
            "module.kubeoptima_eks.module.eks.aws_cloudwatch_log_group.this",
            "module.kubeoptima_eks.module.eks.aws_eks_cluster.this",
            "module.kubeoptima_eks.module.eks.aws_iam_policy.cni_ipv6_policy",
            "module.kubeoptima_eks.module.eks.aws_iam_role.eks_auto",
            "module.kubeoptima_eks.module.eks.aws_iam_role.this",
            "module.kubeoptima_eks.module.eks.aws_iam_role_policy_attachment.this",
            "module.kubeoptima_eks.module.eks.aws_security_group.cluster",
            "module.kubeoptima_eks.module.eks.aws_security_group.node",
            "module.kubeoptima_eks.module.eks.aws_security_group_rule.cluster",
            "module.kubeoptima_eks.module.eks.aws_security_group_rule.node",
            "module.kubeoptima_eks.module.eks.data.aws_caller_identity.current",
            "module.kubeoptima_eks.module.eks.data.aws_iam_policy_document.assume_role_policy",
            "module.kubeoptima_eks.module.eks.data.aws_iam_policy_document.cni_ipv6_policy",
            "module.kubeoptima_eks.module.eks.data.aws_iam_policy_document.node_assume_role_policy",
            "module.kubeoptima_eks.module.eks.data.aws_iam_session_context.current",
            "module.kubeoptima_eks.module.eks.data.aws_partition.current",
            "module.kubeoptima_eks.module.eks.module.kms.aws_kms_external_key.this",
            "module.kubeoptima_eks.module.eks.module.kms.aws_kms_key.this",
            "module.kubeoptima_eks.module.eks.module.kms.aws_kms_replica_external_key.this",
            "module.kubeoptima_eks.module.eks.module.kms.aws_kms_replica_key.this",
            "module.kubeoptima_eks.module.eks.module.kms.data.aws_caller_identity.current",
            "module.kubeoptima_eks.module.eks.module.kms.data.aws_iam_policy_document.this",
            "module.kubeoptima_eks.module.eks.module.kms.data.aws_partition.current",
            "module.kubeoptima_eks.module.vpc.aws_subnet.private",
            "module.kubeoptima_eks.module.vpc.aws_vpc.this",
            "module.kubeoptima_eks.module.vpc.aws_vpc_ipv4_cidr_block_association.this"
          ],
          "create_before_destroy": true
        }
      ]
    },
    {
      "module": "module.kubeoptima_eks.module.eks.module.eks_managed_node_group[\"spot\"]",
      "mode": "data",
      "type": "aws_ec2_instance_type",
      "name": "this",
      "provider": "provider[\"registry.terraform.io/hashicorp/aws\"]",
      "instances": []
    },
    {
      "module": "module.kubeoptima_eks.module.eks.module.eks_managed_node_group[\"spot\"]",
      "mode": "data",
      "type": "aws_ec2_instance_type_offerings",
      "name": "this",
      "provider": "provider[\"registry.terraform.io/hashicorp/aws\"]",
      "instances": []
    },
    {
      "module": "module.kubeoptima_eks.module.eks.module.eks_managed_node_group[\"spot\"]",
      "mode": "data",
      "type": "aws_iam_policy_document",
      "name": "assume_role_policy",
      "provider": "provider[\"registry.terraform.io/hashicorp/aws\"]",
      "instances": []
    },
    {
      "module": "module.kubeoptima_eks.module.eks.module.eks_managed_node_group[\"spot\"]",
      "mode": "data",
      "type": "aws_subnets",
      "name": "placement_group",
      "provider": "provider[\"registry.terraform.io/hashicorp/aws\"]",
      "instances": []
    },
    {
      "module": "module.kubeoptima_eks.module.eks.module.eks_managed_node_group[\"spot\"]",
      "mode": "managed",
      "type": "aws_iam_role",
      "name": "this",
      "provider": "provider[\"registry.terraform.io/hashicorp/aws\"]",
      "instances": []
    },
    {
      "module": "module.kubeoptima_eks.module.eks.module.eks_managed_node_group[\"spot\"]",
      "mode": "managed",
      "type": "aws_iam_role_policy_attachment",
      "name": "additional",
      "provider": "provider[\"registry.terraform.io/hashicorp/aws\"]",
      "instances": []
    },
    {
      "module": "module.kubeoptima_eks.module.eks.module.eks_managed_node_group[\"spot\"]",
      "mode": "managed",
      "type": "aws_iam_role_policy_attachment",
      "name": "this",
      "provider": "provider[\"registry.terraform.io/hashicorp/aws\"]",
      "instances": []
    },
    {
      "module": "module.kubeoptima_eks.module.eks.module.eks_managed_node_group[\"spot\"].module.user_data",
      "mode": "data",
      "type": "cloudinit_config",
      "name": "linux_eks_managed_node_group",
      "provider": "provider[\"registry.terraform.io/hashicorp/cloudinit\"]",
      "instances": []
    },
    {
      "module": "module.kubeoptima_eks.module.eks.module.eks_managed_node_group[\"system\"]",
      "mode": "data",
      "type": "aws_ec2_instance_type",
      "name": "this",
      "provider": "provider[\"registry.terraform.io/hashicorp/aws\"]",
      "instances": []
    },
    {
      "module": "module.kubeoptima_eks.module.eks.module.eks_managed_node_group[\"system\"]",
      "mode": "data",
      "type": "aws_ec2_instance_type_offerings",
      "name": "this",
      "provider": "provider[\"registry.terraform.io/hashicorp/aws\"]",
      "instances": []
    },
    {
      "module": "module.kubeoptima_eks.module.eks.module.eks_managed_node_group[\"system\"]",
      "mode": "data",
      "type": "aws_iam_policy_document",
      "name": "assume_role_policy",
      "provider": "provider[\"registry.terraform.io/hashicorp/aws\"]",
      "instances": []
    },
    {
      "module": "module.kubeoptima_eks.module.eks.module.eks_managed_node_group[\"system\"]",
      "mode": "data",
      "type": "aws_subnets",
      "name": "placement_group",
      "provider": "provider[\"registry.terraform.io/hashicorp/aws\"]",
      "instances": []
    },
    {
      "module": "module.kubeoptima_eks.module.eks.module.eks_managed_node_group[\"system\"]",
      "mode": "managed",
      "type": "aws_iam_role",
      "name": "this",
      "provider": "provider[\"registry.terraform.io/hashicorp/aws\"]",
      "instances": []
    },
    {
      "module": "module.kubeoptima_eks.module.eks.module.eks_managed_node_group[\"system\"]",
      "mode": "managed",
      "type": "aws_iam_role_policy_attachment",
      "name": "additional",
      "provider": "provider[\"registry.terraform.io/hashicorp/aws\"]",
      "instances": []
    },
    {
      "module": "module.kubeoptima_eks.module.eks.module.eks_managed_node_group[\"system\"]",
      "mode": "managed",
      "type": "aws_iam_role_policy_attachment",
      "name": "this",
      "provider": "provider[\"registry.terraform.io/hashicorp/aws\"]",
      "instances": []
    },
    {
      "module": "module.kubeoptima_eks.module.eks.module.eks_managed_node_group[\"system\"].module.user_data",
      "mode": "data",
      "type": "cloudinit_config",
      "name": "linux_eks_managed_node_group",
      "provider": "provider[\"registry.terraform.io/hashicorp/cloudinit\"]",
      "instances": []
    },
    {
      "module": "module.kubeoptima_eks.module.eks.module.kms",
      "mode": "data",
      "type": "aws_caller_identity",
      "name": "current",
      "provider": "provider[\"registry.terraform.io/hashicorp/aws\"]",
      "instances": [
        {
          "index_key": 0,
          "schema_version": 0,
          "attributes": {
            "account_id": "320343233567",
            "arn": "arn:aws:iam::320343233567:user/sharan-personal",
            "id": "320343233567",
            "user_id": "AIDAUVFPR2QPZJVRHEOZH"
          },
          "sensitive_attributes": []
        }
      ]
    },
    {
      "module": "module.kubeoptima_eks.module.eks.module.kms",
      "mode": "data",
      "type": "aws_iam_policy_document",
      "name": "this",
      "provider": "provider[\"registry.terraform.io/hashicorp/aws\"]",
      "instances": [
        {
          "index_key": 0,
          "schema_version": 0,
          "attributes": {
            "id": "3788072714",
            "json": "{\n  \"Version\": \"2012-10-17\",\n  \"Statement\": [\n    {\n      \"Sid\": \"Default\",\n      \"Effect\": \"Allow\",\n      \"Action\": \"kms:*\",\n      \"Resource\": \"*\",\n      \"Principal\": {\n        \"AWS\": \"arn:aws:iam::320343233567:root\"\n      }\n    },\n    {\n      \"Sid\": \"KeyAdministration\",\n      \"Effect\": \"Allow\",\n      \"Action\": [\n        \"kms:Update*\",\n        \"kms:UntagResource\",\n        \"kms:TagResource\",\n        \"kms:ScheduleKeyDeletion\",\n        \"kms:Revoke*\",\n        \"kms:ReplicateKey\",\n        \"kms:Put*\",\n        \"kms:List*\",\n        \"kms:ImportKeyMaterial\",\n        \"kms:Get*\",\n        \"kms:Enable*\",\n        \"kms:Disable*\",\n        \"kms:Describe*\",\n        \"kms:Delete*\",\n        \"kms:Create*\",\n        \"kms:CancelKeyDeletion\"\n      ],\n      \"Resource\": \"*\",\n      \"Principal\": {\n        \"AWS\": \"arn:aws:iam::320343233567:user/sharan-personal\"\n      }\n    },\n    {\n      \"Sid\": \"KeyUsage\",\n      \"Effect\": \"Allow\",\n      \"Action\": [\n        \"kms:ReEncrypt*\",\n        \"kms:GenerateDataKey*\",\n        \"kms:Encrypt\",\n        \"kms:DescribeKey\",\n        \"kms:Decrypt\"\n      ],\n      \"Resource\": \"*\",\n      \"Principal\": {\n        \"AWS\": \"arn:aws:iam::320343233567:role/kubeoptima-test-cluster-20260718184706785400000001\"\n      }\n    }\n  ]\n}",
            "minified_json": "{\"Version\":\"2012-10-17\",\"Statement\":[{\"Sid\":\"Default\",\"Effect\":\"Allow\",\"Action\":\"kms:*\",\"Resource\":\"*\",\"Principal\":{\"AWS\":\"arn:aws:iam::320343233567:root\"}},{\"Sid\":\"KeyAdministration\",\"Effect\":\"Allow\",\"Action\":[\"kms:Update*\",\"kms:UntagResource\",\"kms:TagResource\",\"kms:ScheduleKeyDeletion\",\"kms:Revoke*\",\"kms:ReplicateKey\",\"kms:Put*\",\"kms:List*\",\"kms:ImportKeyMaterial\",\"kms:Get*\",\"kms:Enable*\",\"kms:Disable*\",\"kms:Describe*\",\"kms:Delete*\",\"kms:Create*\",\"kms:CancelKeyDeletion\"],\"Resource\":\"*\",\"Principal\":{\"AWS\":\"arn:aws:iam::320343233567:user/sharan-personal\"}},{\"Sid\":\"KeyUsage\",\"Effect\":\"Allow\",\"Action\":[\"kms:ReEncrypt*\",\"kms:GenerateDataKey*\",\"kms:Encrypt\",\"kms:DescribeKey\",\"kms:Decrypt\"],\"Resource\":\"*\",\"Principal\":{\"AWS\":\"arn:aws:iam::320343233567:role/kubeoptima-test-cluster-20260718184706785400000001\"}}]}",
            "override_json": null,
            "override_policy_documents": null,
            "policy_id": null,
            "source_json": null,
            "source_policy_documents": null,
            "statement": [
              {
                "actions": [
                  "kms:*"
                ],
                "condition": [],
                "effect": "Allow",
                "not_actions": [],
                "not_principals": [],
                "not_resources": [],
                "principals": [
                  {
                    "identifiers": [
                      "arn:aws:iam::320343233567:root"
                    ],
                    "type": "AWS"
                  }
                ],
                "resources": [
                  "*"
                ],
                "sid": "Default"
              },
              {
                "actions": [
                  "kms:CancelKeyDeletion",
                  "kms:Create*",
                  "kms:Delete*",
                  "kms:Describe*",
                  "kms:Disable*",
                  "kms:Enable*",
                  "kms:Get*",
                  "kms:ImportKeyMaterial",
                  "kms:List*",
                  "kms:Put*",
                  "kms:ReplicateKey",
                  "kms:Revoke*",
                  "kms:ScheduleKeyDeletion",
                  "kms:TagResource",
                  "kms:UntagResource",
                  "kms:Update*"
                ],
                "condition": [],
                "effect": "Allow",
                "not_actions": [],
                "not_principals": [],
                "not_resources": [],
                "principals": [
                  {
                    "identifiers": [
                      "arn:aws:iam::320343233567:user/sharan-personal"
                    ],
                    "type": "AWS"
                  }
                ],
                "resources": [
                  "*"
                ],
                "sid": "KeyAdministration"
              },
              {
                "actions": [
                  "kms:Decrypt",
                  "kms:DescribeKey",
                  "kms:Encrypt",
                  "kms:GenerateDataKey*",
                  "kms:ReEncrypt*"
                ],
                "condition": [],
                "effect": "Allow",
                "not_actions": [],
                "not_principals": [],
                "not_resources": [],
                "principals": [
                  {
                    "identifiers": [
                      "arn:aws:iam::320343233567:role/kubeoptima-test-cluster-20260718184706785400000001"
                    ],
                    "type": "AWS"
                  }
                ],
                "resources": [
                  "*"
                ],
                "sid": "KeyUsage"
              }
            ],
            "version": "2012-10-17"
          },
          "sensitive_attributes": []
        }
      ]
    },
    {
      "module": "module.kubeoptima_eks.module.eks.module.kms",
      "mode": "data",
      "type": "aws_partition",
      "name": "current",
      "provider": "provider[\"registry.terraform.io/hashicorp/aws\"]",
      "instances": [
        {
          "index_key": 0,
          "schema_version": 0,
          "attributes": {
            "dns_suffix": "amazonaws.com",
            "id": "aws",
            "partition": "aws",
            "reverse_dns_prefix": "com.amazonaws"
          },
          "sensitive_attributes": []
        }
      ]
    },
    {
      "module": "module.kubeoptima_eks.module.eks.module.kms",
      "mode": "managed",
      "type": "aws_kms_alias",
      "name": "this",
      "provider": "provider[\"registry.terraform.io/hashicorp/aws\"]",
      "instances": [
        {
          "index_key": "cluster",
          "schema_version": 0,
          "attributes": {
            "arn": "arn:aws:kms:ap-south-1:320343233567:alias/eks/kubeoptima-test",
            "id": "alias/eks/kubeoptima-test",
            "name": "alias/eks/kubeoptima-test",
            "name_prefix": "",
            "target_key_arn": "arn:aws:kms:ap-south-1:320343233567:key/ba94adc8-494b-4e13-9ec7-271437c3dc50",
            "target_key_id": "ba94adc8-494b-4e13-9ec7-271437c3dc50"
          },
          "sensitive_attributes": [],
          "private": "bnVsbA==",
          "dependencies": [
            "module.kubeoptima_eks.module.eks.aws_iam_role.this",
            "module.kubeoptima_eks.module.eks.data.aws_caller_identity.current",
            "module.kubeoptima_eks.module.eks.data.aws_iam_policy_document.assume_role_policy",
            "module.kubeoptima_eks.module.eks.data.aws_iam_session_context.current",
            "module.kubeoptima_eks.module.eks.module.kms.aws_kms_external_key.this",
            "module.kubeoptima_eks.module.eks.module.kms.aws_kms_key.this",
            "module.kubeoptima_eks.module.eks.module.kms.aws_kms_replica_external_key.this",
            "module.kubeoptima_eks.module.eks.module.kms.aws_kms_replica_key.this",
            "module.kubeoptima_eks.module.eks.module.kms.data.aws_caller_identity.current",
            "module.kubeoptima_eks.module.eks.module.kms.data.aws_iam_policy_document.this",
            "module.kubeoptima_eks.module.eks.module.kms.data.aws_partition.current"
          ]
        }
      ]
    },
    {
      "module": "module.kubeoptima_eks.module.eks.module.kms",
      "mode": "managed",
      "type": "aws_kms_external_key",
      "name": "this",
      "provider": "provider[\"registry.terraform.io/hashicorp/aws\"]",
      "instances": []
    },
    {
      "module": "module.kubeoptima_eks.module.eks.module.kms",
      "mode": "managed",
      "type": "aws_kms_grant",
      "name": "this",
      "provider": "provider[\"registry.terraform.io/hashicorp/aws\"]",
      "instances": []
    },
    {
      "module": "module.kubeoptima_eks.module.eks.module.kms",
      "mode": "managed",
      "type": "aws_kms_key",
      "name": "this",
      "provider": "provider[\"registry.terraform.io/hashicorp/aws\"]",
      "instances": [
        {
          "index_key": 0,
          "schema_version": 0,
          "attributes": {
            "arn": "arn:aws:kms:ap-south-1:320343233567:key/ba94adc8-494b-4e13-9ec7-271437c3dc50",
            "bypass_policy_lockout_safety_check": false,
            "custom_key_store_id": "",
            "customer_master_key_spec": "SYMMETRIC_DEFAULT",
            "deletion_window_in_days": null,
            "description": "kubeoptima-test cluster encryption key",
            "enable_key_rotation": true,
            "id": "ba94adc8-494b-4e13-9ec7-271437c3dc50",
            "is_enabled": true,
            "key_id": "ba94adc8-494b-4e13-9ec7-271437c3dc50",
            "key_usage": "ENCRYPT_DECRYPT",
            "multi_region": false,
            "policy": "{\"Statement\":[{\"Action\":\"kms:*\",\"Effect\":\"Allow\",\"Principal\":{\"AWS\":\"arn:aws:iam::320343233567:root\"},\"Resource\":\"*\",\"Sid\":\"Default\"},{\"Action\":[\"kms:Update*\",\"kms:UntagResource\",\"kms:TagResource\",\"kms:ScheduleKeyDeletion\",\"kms:Revoke*\",\"kms:ReplicateKey\",\"kms:Put*\",\"kms:List*\",\"kms:ImportKeyMaterial\",\"kms:Get*\",\"kms:Enable*\",\"kms:Disable*\",\"kms:Describe*\",\"kms:Delete*\",\"kms:Create*\",\"kms:CancelKeyDeletion\"],\"Effect\":\"Allow\",\"Principal\":{\"AWS\":\"arn:aws:iam::320343233567:user/sharan-personal\"},\"Resource\":\"*\",\"Sid\":\"KeyAdministration\"},{\"Action\":[\"kms:ReEncrypt*\",\"kms:GenerateDataKey*\",\"kms:Encrypt\",\"kms:DescribeKey\",\"kms:Decrypt\"],\"Effect\":\"Allow\",\"Principal\":{\"AWS\":\"arn:aws:iam::320343233567:role/kubeoptima-test-cluster-20260718184706785400000001\"},\"Resource\":\"*\",\"Sid\":\"KeyUsage\"}],\"Version\":\"2012-10-17\"}",
            "rotation_period_in_days": 365,
            "tags": {
              "Environment": "testing",
              "ManagedBy": "Terraform",
              "Platform": "KubeOptima",
              "karpenter.sh/discovery": "kubeoptima-test",
              "terraform-aws-modules": "eks"
            },
            "tags_all": {
              "Environment": "testing",
              "ManagedBy": "Terraform",
              "Platform": "KubeOptima",
              "karpenter.sh/discovery": "kubeoptima-test",
              "terraform-aws-modules": "eks"
            },
            "timeouts": null,
            "xks_key_id": ""
          },
          "sensitive_attributes": [],
          "private": "eyJlMmJmYjczMC1lY2FhLTExZTYtOGY4OC0zNDM2M2JjN2M0YzAiOnsiY3JlYXRlIjoxMjAwMDAwMDAwMDB9fQ==",
          "dependencies": [
            "module.kubeoptima_eks.module.eks.aws_iam_role.this",
            "module.kubeoptima_eks.module.eks.data.aws_caller_identity.current",
            "module.kubeoptima_eks.module.eks.data.aws_iam_policy_document.assume_role_policy",
            "module.kubeoptima_eks.module.eks.data.aws_iam_session_context.current",
            "module.kubeoptima_eks.module.eks.module.kms.data.aws_caller_identity.current",
            "module.kubeoptima_eks.module.eks.module.kms.data.aws_iam_policy_document.this",
            "module.kubeoptima_eks.module.eks.module.kms.data.aws_partition.current"
          ],
          "create_before_destroy": true
        }
      ]
    },
    {
      "module": "module.kubeoptima_eks.module.eks.module.kms",
      "mode": "managed",
      "type": "aws_kms_replica_external_key",
      "name": "this",
      "provider": "provider[\"registry.terraform.io/hashicorp/aws\"]",
      "instances": []
    },
    {
      "module": "module.kubeoptima_eks.module.eks.module.kms",
      "mode": "managed",
      "type": "aws_kms_replica_key",
      "name": "this",
      "provider": "provider[\"registry.terraform.io/hashicorp/aws\"]",
      "instances": []
    },
    {
      "module": "module.kubeoptima_eks.module.vpc",
      "mode": "data",
      "type": "aws_caller_identity",
      "name": "current",
      "provider": "provider[\"registry.terraform.io/hashicorp/aws\"]",
      "instances": []
    },
    {
      "module": "module.kubeoptima_eks.module.vpc",
      "mode": "data",
      "type": "aws_iam_policy_document",
      "name": "flow_log_cloudwatch_assume_role",
      "provider": "provider[\"registry.terraform.io/hashicorp/aws\"]",
      "instances": []
    },
    {
      "module": "module.kubeoptima_eks.module.vpc",
      "mode": "data",
      "type": "aws_iam_policy_document",
      "name": "vpc_flow_log_cloudwatch",
      "provider": "provider[\"registry.terraform.io/hashicorp/aws\"]",
      "instances": []
    },
    {
      "module": "module.kubeoptima_eks.module.vpc",
      "mode": "data",
      "type": "aws_partition",
      "name": "current",
      "provider": "provider[\"registry.terraform.io/hashicorp/aws\"]",
      "instances": []
    },
    {
      "module": "module.kubeoptima_eks.module.vpc",
      "mode": "data",
      "type": "aws_region",
      "name": "current",
      "provider": "provider[\"registry.terraform.io/hashicorp/aws\"]",
      "instances": []
    },
    {
      "module": "module.kubeoptima_eks.module.vpc",
      "mode": "managed",
      "type": "aws_cloudwatch_log_group",
      "name": "flow_log",
      "provider": "provider[\"registry.terraform.io/hashicorp/aws\"]",
      "instances": []
    },
    {
      "module": "module.kubeoptima_eks.module.vpc",
      "mode": "managed",
      "type": "aws_customer_gateway",
      "name": "this",
      "provider": "provider[\"registry.terraform.io/hashicorp/aws\"]",
      "instances": []
    },
    {
      "module": "module.kubeoptima_eks.module.vpc",
      "mode": "managed",
      "type": "aws_db_subnet_group",
      "name": "database",
      "provider": "provider[\"registry.terraform.io/hashicorp/aws\"]",
      "instances": []
    },
    {
      "module": "module.kubeoptima_eks.module.vpc",
      "mode": "managed",
      "type": "aws_default_network_acl",
      "name": "this",
      "provider": "provider[\"registry.terraform.io/hashicorp/aws\"]",
      "instances": [
        {
          "index_key": 0,
          "schema_version": 0,
          "attributes": {
            "arn": "arn:aws:ec2:ap-south-1:320343233567:network-acl/acl-049d105c724fa9c48",
            "default_network_acl_id": "acl-049d105c724fa9c48",
            "egress": [
              {
                "action": "allow",
                "cidr_block": "",
                "from_port": 0,
                "icmp_code": 0,
                "icmp_type": 0,
                "ipv6_cidr_block": "::/0",
                "protocol": "-1",
                "rule_no": 101,
                "to_port": 0
              },
              {
                "action": "allow",
                "cidr_block": "0.0.0.0/0",
                "from_port": 0,
                "icmp_code": 0,
                "icmp_type": 0,
                "ipv6_cidr_block": "",
                "protocol": "-1",
                "rule_no": 100,
                "to_port": 0
              }
            ],
            "id": "acl-049d105c724fa9c48",
            "ingress": [
              {
                "action": "allow",
                "cidr_block": "",
                "from_port": 0,
                "icmp_code": 0,
                "icmp_type": 0,
                "ipv6_cidr_block": "::/0",
                "protocol": "-1",
                "rule_no": 101,
                "to_port": 0
              },
              {
                "action": "allow",
                "cidr_block": "0.0.0.0/0",
                "from_port": 0,
                "icmp_code": 0,
                "icmp_type": 0,
                "ipv6_cidr_block": "",
                "protocol": "-1",
                "rule_no": 100,
                "to_port": 0
              }
            ],
            "owner_id": "320343233567",
            "subnet_ids": [
              "subnet-015a8034446ae70d4",
              "subnet-02515e63788697811",
              "subnet-031a1e043957384cb",
              "subnet-03a46e0b1b986e6ae",
              "subnet-066057968666f25f7",
              "subnet-089052d6fb0dfb701"
            ],
            "tags": {
              "Environment": "testing",
              "ManagedBy": "Terraform",
              "Name": "kubeoptima-test-vpc-default",
              "Platform": "KubeOptima"
            },
            "tags_all": {
              "Environment": "testing",
              "ManagedBy": "Terraform",
              "Name": "kubeoptima-test-vpc-default",
              "Platform": "KubeOptima"
            },
            "vpc_id": "vpc-0ceedfa2776728ad6"
          },
          "sensitive_attributes": [],
          "private": "bnVsbA==",
          "dependencies": [
            "module.kubeoptima_eks.module.vpc.aws_vpc.this"
          ]
        }
      ]
    },
    {
      "module": "module.kubeoptima_eks.module.vpc",
      "mode": "managed",
      "type": "aws_default_route_table",
      "name": "default",
      "provider": "provider[\"registry.terraform.io/hashicorp/aws\"]",
      "instances": [
        {
          "index_key": 0,
          "schema_version": 0,
          "attributes": {
            "arn": "arn:aws:ec2:ap-south-1:320343233567:route-table/rtb-064dcb20bbc3fbbd2",
            "default_route_table_id": "rtb-064dcb20bbc3fbbd2",
            "id": "rtb-064dcb20bbc3fbbd2",
            "owner_id": "320343233567",
            "propagating_vgws": [],
            "route": [],
            "tags": {
              "Environment": "testing",
              "ManagedBy": "Terraform",
              "Name": "kubeoptima-test-vpc-default",
              "Platform": "KubeOptima"
            },
            "tags_all": {
              "Environment": "testing",
              "ManagedBy": "Terraform",
              "Name": "kubeoptima-test-vpc-default",
              "Platform": "KubeOptima"
            },
            "timeouts": {
              "create": "5m",
              "update": "5m"
            },
            "vpc_id": "vpc-0ceedfa2776728ad6"
          },
          "sensitive_attributes": [],
          "private": "eyJlMmJmYjczMC1lY2FhLTExZTYtOGY4OC0zNDM2M2JjN2M0YzAiOnsiY3JlYXRlIjozMDAwMDAwMDAwMDAsInVwZGF0ZSI6MzAwMDAwMDAwMDAwfX0=",
          "dependencies": [
            "module.kubeoptima_eks.module.vpc.aws_vpc.this"
          ]
        }
      ]
    },
    {
      "module": "module.kubeoptima_eks.module.vpc",
      "mode": "managed",
      "type": "aws_default_security_group",
      "name": "this",
      "provider": "provider[\"registry.terraform.io/hashicorp/aws\"]",
      "instances": [
        {
          "index_key": 0,
          "schema_version": 1,
          "attributes": {
            "arn": "arn:aws:ec2:ap-south-1:320343233567:security-group/sg-0d308703c1bacb8cc",
            "description": "default VPC security group",
            "egress": [],
            "id": "sg-0d308703c1bacb8cc",
            "ingress": [],
            "name": "default",
            "name_prefix": "",
            "owner_id": "320343233567",
            "revoke_rules_on_delete": false,
            "tags": {
              "Environment": "testing",
              "ManagedBy": "Terraform",
              "Name": "kubeoptima-test-vpc-default",
              "Platform": "KubeOptima"
            },
            "tags_all": {
              "Environment": "testing",
              "ManagedBy": "Terraform",
              "Name": "kubeoptima-test-vpc-default",
              "Platform": "KubeOptima"
            },
            "vpc_id": "vpc-0ceedfa2776728ad6"
          },
          "sensitive_attributes": [],
          "private": "eyJzY2hlbWFfdmVyc2lvbiI6IjEifQ==",
          "dependencies": [
            "module.kubeoptima_eks.module.vpc.aws_vpc.this"
          ]
        }
      ]
    },
    {
      "module": "module.kubeoptima_eks.module.vpc",
      "mode": "managed",
      "type": "aws_default_vpc",
      "name": "this",
      "provider": "provider[\"registry.terraform.io/hashicorp/aws\"]",
      "instances": []
    },
    {
      "module": "module.kubeoptima_eks.module.vpc",
      "mode": "managed",
      "type": "aws_egress_only_internet_gateway",
      "name": "this",
      "provider": "provider[\"registry.terraform.io/hashicorp/aws\"]",
      "instances": []
    },
    {
      "module": "module.kubeoptima_eks.module.vpc",
      "mode": "managed",
      "type": "aws_eip",
      "name": "nat",
      "provider": "provider[\"registry.terraform.io/hashicorp/aws\"]",
      "instances": [
        {
          "index_key": 0,
          "schema_version": 0,
          "attributes": {
            "address": null,
            "allocation_id": "eipalloc-012f6f45d947865ee",
            "arn": "arn:aws:ec2:ap-south-1:320343233567:elastic-ip/eipalloc-012f6f45d947865ee",
            "associate_with_private_ip": null,
            "association_id": "eipassoc-0a9aaf6e2efb686cd",
            "carrier_ip": "",
            "customer_owned_ip": "",
            "customer_owned_ipv4_pool": "",
            "domain": "vpc",
            "id": "eipalloc-012f6f45d947865ee",
            "instance": "",
            "ipam_pool_id": null,
            "network_border_group": "ap-south-1",
            "network_interface": "eni-0a3dd753a315ba0a9",
            "private_dns": "ip-10-0-101-159.ap-south-1.compute.internal",
            "private_ip": "10.0.101.159",
            "ptr_record": "",
            "public_dns": "ec2-15-206-177-243.ap-south-1.compute.amazonaws.com",
            "public_ip": "15.206.177.243",
            "public_ipv4_pool": "amazon",
            "tags": {
              "Environment": "testing",
              "ManagedBy": "Terraform",
              "Name": "kubeoptima-test-vpc-ap-south-1a",
              "Platform": "KubeOptima"
            },
            "tags_all": {
              "Environment": "testing",
              "ManagedBy": "Terraform",
              "Name": "kubeoptima-test-vpc-ap-south-1a",
              "Platform": "KubeOptima"
            },
            "timeouts": null,
            "vpc": true
          },
          "sensitive_attributes": [],
          "private": "eyJlMmJmYjczMC1lY2FhLTExZTYtOGY4OC0zNDM2M2JjN2M0YzAiOnsiZGVsZXRlIjoxODAwMDAwMDAwMDAsInJlYWQiOjkwMDAwMDAwMDAwMCwidXBkYXRlIjozMDAwMDAwMDAwMDB9fQ==",
          "dependencies": [
            "module.kubeoptima_eks.data.aws_availability_zones.available",
            "module.kubeoptima_eks.module.vpc.aws_internet_gateway.this",
            "module.kubeoptima_eks.module.vpc.aws_vpc.this",
            "module.kubeoptima_eks.module.vpc.aws_vpc_ipv4_cidr_block_association.this"
          ]
        }
      ]
    },
    {
      "module": "module.kubeoptima_eks.module.vpc",
      "mode": "managed",
      "type": "aws_elasticache_subnet_group",
      "name": "elasticache",
      "provider": "provider[\"registry.terraform.io/hashicorp/aws\"]",
      "instances": []
    },
    {
      "module": "module.kubeoptima_eks.module.vpc",
      "mode": "managed",
      "type": "aws_flow_log",
      "name": "this",
      "provider": "provider[\"registry.terraform.io/hashicorp/aws\"]",
      "instances": []
    },
    {
      "module": "module.kubeoptima_eks.module.vpc",
      "mode": "managed",
      "type": "aws_iam_policy",
      "name": "vpc_flow_log_cloudwatch",
      "provider": "provider[\"registry.terraform.io/hashicorp/aws\"]",
      "instances": []
    },
    {
      "module": "module.kubeoptima_eks.module.vpc",
      "mode": "managed",
      "type": "aws_iam_role",
      "name": "vpc_flow_log_cloudwatch",
      "provider": "provider[\"registry.terraform.io/hashicorp/aws\"]",
      "instances": []
    },
    {
      "module": "module.kubeoptima_eks.module.vpc",
      "mode": "managed",
      "type": "aws_iam_role_policy_attachment",
      "name": "vpc_flow_log_cloudwatch",
      "provider": "provider[\"registry.terraform.io/hashicorp/aws\"]",
      "instances": []
    },
    {
      "module": "module.kubeoptima_eks.module.vpc",
      "mode": "managed",
      "type": "aws_internet_gateway",
      "name": "this",
      "provider": "provider[\"registry.terraform.io/hashicorp/aws\"]",
      "instances": [
        {
          "index_key": 0,
          "schema_version": 0,
          "attributes": {
            "arn": "arn:aws:ec2:ap-south-1:320343233567:internet-gateway/igw-05f80ec96db9a726c",
            "id": "igw-05f80ec96db9a726c",
            "owner_id": "320343233567",
            "tags": {
              "Environment": "testing",
              "ManagedBy": "Terraform",
              "Name": "kubeoptima-test-vpc",
              "Platform": "KubeOptima"
            },
            "tags_all": {
              "Environment": "testing",
              "ManagedBy": "Terraform",
              "Name": "kubeoptima-test-vpc",
              "Platform": "KubeOptima"
            },
            "timeouts": null,
            "vpc_id": "vpc-0ceedfa2776728ad6"
          },
          "sensitive_attributes": [],
          "private": "eyJlMmJmYjczMC1lY2FhLTExZTYtOGY4OC0zNDM2M2JjN2M0YzAiOnsiY3JlYXRlIjoxMjAwMDAwMDAwMDAwLCJkZWxldGUiOjEyMDAwMDAwMDAwMDAsInVwZGF0ZSI6MTIwMDAwMDAwMDAwMH19",
          "dependencies": [
            "module.kubeoptima_eks.module.vpc.aws_vpc.this",
            "module.kubeoptima_eks.module.vpc.aws_vpc_ipv4_cidr_block_association.this"
          ]
        }
      ]
    },
    {
      "module": "module.kubeoptima_eks.module.vpc",
      "mode": "managed",
      "type": "aws_nat_gateway",
      "name": "this",
      "provider": "provider[\"registry.terraform.io/hashicorp/aws\"]",
      "instances": [
        {
          "index_key": 0,
          "schema_version": 0,
          "attributes": {
            "allocation_id": "eipalloc-012f6f45d947865ee",
            "association_id": "eipassoc-0a9aaf6e2efb686cd",
            "connectivity_type": "public",
            "id": "nat-0fd0f8da65d83dcb9",
            "network_interface_id": "eni-0a3dd753a315ba0a9",
            "private_ip": "10.0.101.159",
            "public_ip": "15.206.177.243",
            "secondary_allocation_ids": [],
            "secondary_private_ip_address_count": 0,
            "secondary_private_ip_addresses": [],
            "subnet_id": "subnet-031a1e043957384cb",
            "tags": {
              "Environment": "testing",
              "ManagedBy": "Terraform",
              "Name": "kubeoptima-test-vpc-ap-south-1a",
              "Platform": "KubeOptima"
            },
            "tags_all": {
              "Environment": "testing",
              "ManagedBy": "Terraform",
              "Name": "kubeoptima-test-vpc-ap-south-1a",
              "Platform": "KubeOptima"
            },
            "timeouts": null
          },
          "sensitive_attributes": [],
          "private": "eyJlMmJmYjczMC1lY2FhLTExZTYtOGY4OC0zNDM2M2JjN2M0YzAiOnsiY3JlYXRlIjo2MDAwMDAwMDAwMDAsImRlbGV0ZSI6MTgwMDAwMDAwMDAwMCwidXBkYXRlIjo2MDAwMDAwMDAwMDB9LCJzY2hlbWFfdmVyc2lvbiI6IjAifQ==",
          "dependencies": [
            "module.kubeoptima_eks.data.aws_availability_zones.available",
            "module.kubeoptima_eks.module.vpc.aws_eip.nat",
            "module.kubeoptima_eks.module.vpc.aws_internet_gateway.this",
            "module.kubeoptima_eks.module.vpc.aws_subnet.public",
            "module.kubeoptima_eks.module.vpc.aws_vpc.this",
            "module.kubeoptima_eks.module.vpc.aws_vpc_ipv4_cidr_block_association.this"
          ]
        }
      ]
    },
    {
      "module": "module.kubeoptima_eks.module.vpc",
      "mode": "managed",
      "type": "aws_network_acl",
      "name": "database",
      "provider": "provider[\"registry.terraform.io/hashicorp/aws\"]",
      "instances": []
    },
    {
      "module": "module.kubeoptima_eks.module.vpc",
      "mode": "managed",
      "type": "aws_network_acl",
      "name": "elasticache",
      "provider": "provider[\"registry.terraform.io/hashicorp/aws\"]",
      "instances": []
    },
    {
      "module": "module.kubeoptima_eks.module.vpc",
      "mode": "managed",
      "type": "aws_network_acl",
      "name": "intra",
      "provider": "provider[\"registry.terraform.io/hashicorp/aws\"]",
      "instances": []
    },
    {
      "module": "module.kubeoptima_eks.module.vpc",
      "mode": "managed",
      "type": "aws_network_acl",
      "name": "outpost",
      "provider": "provider[\"registry.terraform.io/hashicorp/aws\"]",
      "instances": []
    },
    {
      "module": "module.kubeoptima_eks.module.vpc",
      "mode": "managed",
      "type": "aws_network_acl",
      "name": "private",
      "provider": "provider[\"registry.terraform.io/hashicorp/aws\"]",
      "instances": []
    },
    {
      "module": "module.kubeoptima_eks.module.vpc",
      "mode": "managed",
      "type": "aws_network_acl",
      "name": "public",
      "provider": "provider[\"registry.terraform.io/hashicorp/aws\"]",
      "instances": []
    },
    {
      "module": "module.kubeoptima_eks.module.vpc",
      "mode": "managed",
      "type": "aws_network_acl",
      "name": "redshift",
      "provider": "provider[\"registry.terraform.io/hashicorp/aws\"]",
      "instances": []
    },
    {
      "module": "module.kubeoptima_eks.module.vpc",
      "mode": "managed",
      "type": "aws_network_acl_rule",
      "name": "database_inbound",
      "provider": "provider[\"registry.terraform.io/hashicorp/aws\"]",
      "instances": []
    },
    {
      "module": "module.kubeoptima_eks.module.vpc",
      "mode": "managed",
      "type": "aws_network_acl_rule",
      "name": "database_outbound",
      "provider": "provider[\"registry.terraform.io/hashicorp/aws\"]",
      "instances": []
    },
    {
      "module": "module.kubeoptima_eks.module.vpc",
      "mode": "managed",
      "type": "aws_network_acl_rule",
      "name": "elasticache_inbound",
      "provider": "provider[\"registry.terraform.io/hashicorp/aws\"]",
      "instances": []
    },
    {
      "module": "module.kubeoptima_eks.module.vpc",
      "mode": "managed",
      "type": "aws_network_acl_rule",
      "name": "elasticache_outbound",
      "provider": "provider[\"registry.terraform.io/hashicorp/aws\"]",
      "instances": []
    },
    {
      "module": "module.kubeoptima_eks.module.vpc",
      "mode": "managed",
      "type": "aws_network_acl_rule",
      "name": "intra_inbound",
      "provider": "provider[\"registry.terraform.io/hashicorp/aws\"]",
      "instances": []
    },
    {
      "module": "module.kubeoptima_eks.module.vpc",
      "mode": "managed",
      "type": "aws_network_acl_rule",
      "name": "intra_outbound",
      "provider": "provider[\"registry.terraform.io/hashicorp/aws\"]",
      "instances": []
    },
    {
      "module": "module.kubeoptima_eks.module.vpc",
      "mode": "managed",
      "type": "aws_network_acl_rule",
      "name": "outpost_inbound",
      "provider": "provider[\"registry.terraform.io/hashicorp/aws\"]",
      "instances": []
    },
    {
      "module": "module.kubeoptima_eks.module.vpc",
      "mode": "managed",
      "type": "aws_network_acl_rule",
      "name": "outpost_outbound",
      "provider": "provider[\"registry.terraform.io/hashicorp/aws\"]",
      "instances": []
    },
    {
      "module": "module.kubeoptima_eks.module.vpc",
      "mode": "managed",
      "type": "aws_network_acl_rule",
      "name": "private_inbound",
      "provider": "provider[\"registry.terraform.io/hashicorp/aws\"]",
      "instances": []
    },
    {
      "module": "module.kubeoptima_eks.module.vpc",
      "mode": "managed",
      "type": "aws_network_acl_rule",
      "name": "private_outbound",
      "provider": "provider[\"registry.terraform.io/hashicorp/aws\"]",
      "instances": []
    },
    {
      "module": "module.kubeoptima_eks.module.vpc",
      "mode": "managed",
      "type": "aws_network_acl_rule",
      "name": "public_inbound",
      "provider": "provider[\"registry.terraform.io/hashicorp/aws\"]",
      "instances": []
    },
    {
      "module": "module.kubeoptima_eks.module.vpc",
      "mode": "managed",
      "type": "aws_network_acl_rule",
      "name": "public_outbound",
      "provider": "provider[\"registry.terraform.io/hashicorp/aws\"]",
      "instances": []
    },
    {
      "module": "module.kubeoptima_eks.module.vpc",
      "mode": "managed",
      "type": "aws_network_acl_rule",
      "name": "redshift_inbound",
      "provider": "provider[\"registry.terraform.io/hashicorp/aws\"]",
      "instances": []
    },
    {
      "module": "module.kubeoptima_eks.module.vpc",
      "mode": "managed",
      "type": "aws_network_acl_rule",
      "name": "redshift_outbound",
      "provider": "provider[\"registry.terraform.io/hashicorp/aws\"]",
      "instances": []
    },
    {
      "module": "module.kubeoptima_eks.module.vpc",
      "mode": "managed",
      "type": "aws_redshift_subnet_group",
      "name": "redshift",
      "provider": "provider[\"registry.terraform.io/hashicorp/aws\"]",
      "instances": []
    },
    {
      "module": "module.kubeoptima_eks.module.vpc",
      "mode": "managed",
      "type": "aws_route",
      "name": "database_dns64_nat_gateway",
      "provider": "provider[\"registry.terraform.io/hashicorp/aws\"]",
      "instances": []
    },
    {
      "module": "module.kubeoptima_eks.module.vpc",
      "mode": "managed",
      "type": "aws_route",
      "name": "database_internet_gateway",
      "provider": "provider[\"registry.terraform.io/hashicorp/aws\"]",
      "instances": []
    },
    {
      "module": "module.kubeoptima_eks.module.vpc",
      "mode": "managed",
      "type": "aws_route",
      "name": "database_ipv6_egress",
      "provider": "provider[\"registry.terraform.io/hashicorp/aws\"]",
      "instances": []
    },
    {
      "module": "module.kubeoptima_eks.module.vpc",
      "mode": "managed",
      "type": "aws_route",
      "name": "database_nat_gateway",
      "provider": "provider[\"registry.terraform.io/hashicorp/aws\"]",
      "instances": []
    },
    {
      "module": "module.kubeoptima_eks.module.vpc",
      "mode": "managed",
      "type": "aws_route",
      "name": "private_dns64_nat_gateway",
      "provider": "provider[\"registry.terraform.io/hashicorp/aws\"]",
      "instances": []
    },
    {
      "module": "module.kubeoptima_eks.module.vpc",
      "mode": "managed",
      "type": "aws_route",
      "name": "private_ipv6_egress",
      "provider": "provider[\"registry.terraform.io/hashicorp/aws\"]",
      "instances": []
    },
    {
      "module": "module.kubeoptima_eks.module.vpc",
      "mode": "managed",
      "type": "aws_route",
      "name": "private_nat_gateway",
      "provider": "provider[\"registry.terraform.io/hashicorp/aws\"]",
      "instances": [
        {
          "index_key": 0,
          "schema_version": 0,
          "attributes": {
            "carrier_gateway_id": "",
            "core_network_arn": "",
            "destination_cidr_block": "0.0.0.0/0",
            "destination_ipv6_cidr_block": "",
            "destination_prefix_list_id": "",
            "egress_only_gateway_id": "",
            "gateway_id": "",
            "id": "r-rtb-072d4f6e03f1189ee1080289494",
            "instance_id": "",
            "instance_owner_id": "",
            "local_gateway_id": "",
            "nat_gateway_id": "nat-0fd0f8da65d83dcb9",
            "network_interface_id": "",
            "origin": "CreateRoute",
            "route_table_id": "rtb-072d4f6e03f1189ee",
            "state": "active",
            "timeouts": {
              "create": "5m",
              "delete": null,
              "update": null
            },
            "transit_gateway_id": "",
            "vpc_endpoint_id": "",
            "vpc_peering_connection_id": ""
          },
          "sensitive_attributes": [],
          "private": "eyJlMmJmYjczMC1lY2FhLTExZTYtOGY4OC0zNDM2M2JjN2M0YzAiOnsiY3JlYXRlIjozMDAwMDAwMDAwMDAsImRlbGV0ZSI6MzAwMDAwMDAwMDAwLCJ1cGRhdGUiOjEyMDAwMDAwMDAwMH19",
          "dependencies": [
            "module.kubeoptima_eks.data.aws_availability_zones.available",
            "module.kubeoptima_eks.module.vpc.aws_eip.nat",
            "module.kubeoptima_eks.module.vpc.aws_internet_gateway.this",
            "module.kubeoptima_eks.module.vpc.aws_nat_gateway.this",
            "module.kubeoptima_eks.module.vpc.aws_route_table.private",
            "module.kubeoptima_eks.module.vpc.aws_subnet.public",
            "module.kubeoptima_eks.module.vpc.aws_vpc.this",
            "module.kubeoptima_eks.module.vpc.aws_vpc_ipv4_cidr_block_association.this"
          ]
        }
      ]
    },
    {
      "module": "module.kubeoptima_eks.module.vpc",
      "mode": "managed",
      "type": "aws_route",
      "name": "public_internet_gateway",
      "provider": "provider[\"registry.terraform.io/hashicorp/aws\"]",
      "instances": [
        {
          "index_key": 0,
          "schema_version": 0,
          "attributes": {
            "carrier_gateway_id": "",
            "core_network_arn": "",
            "destination_cidr_block": "0.0.0.0/0",
            "destination_ipv6_cidr_block": "",
            "destination_prefix_list_id": "",
            "egress_only_gateway_id": "",
            "gateway_id": "igw-05f80ec96db9a726c",
            "id": "r-rtb-06332c65bbc25c7d61080289494",
            "instance_id": "",
            "instance_owner_id": "",
            "local_gateway_id": "",
            "nat_gateway_id": "",
            "network_interface_id": "",
            "origin": "CreateRoute",
            "route_table_id": "rtb-06332c65bbc25c7d6",
            "state": "active",
            "timeouts": {
              "create": "5m",
              "delete": null,
              "update": null
            },
            "transit_gateway_id": "",
            "vpc_endpoint_id": "",
            "vpc_peering_connection_id": ""
          },
          "sensitive_attributes": [],
          "private": "eyJlMmJmYjczMC1lY2FhLTExZTYtOGY4OC0zNDM2M2JjN2M0YzAiOnsiY3JlYXRlIjozMDAwMDAwMDAwMDAsImRlbGV0ZSI6MzAwMDAwMDAwMDAwLCJ1cGRhdGUiOjEyMDAwMDAwMDAwMH19",
          "dependencies": [
            "module.kubeoptima_eks.data.aws_availability_zones.available",
            "module.kubeoptima_eks.module.vpc.aws_internet_gateway.this",
            "module.kubeoptima_eks.module.vpc.aws_route_table.public",
            "module.kubeoptima_eks.module.vpc.aws_vpc.this",
            "module.kubeoptima_eks.module.vpc.aws_vpc_ipv4_cidr_block_association.this"
          ]
        }
      ]
    },
    {
      "module": "module.kubeoptima_eks.module.vpc",
      "mode": "managed",
      "type": "aws_route",
      "name": "public_internet_gateway_ipv6",
      "provider": "provider[\"registry.terraform.io/hashicorp/aws\"]",
      "instances": []
    },
    {
      "module": "module.kubeoptima_eks.module.vpc",
      "mode": "managed",
      "type": "aws_route_table",
      "name": "database",
      "provider": "provider[\"registry.terraform.io/hashicorp/aws\"]",
      "instances": []
    },
    {
      "module": "module.kubeoptima_eks.module.vpc",
      "mode": "managed",
      "type": "aws_route_table",
      "name": "elasticache",
      "provider": "provider[\"registry.terraform.io/hashicorp/aws\"]",
      "instances": []
    },
    {
      "module": "module.kubeoptima_eks.module.vpc",
      "mode": "managed",
      "type": "aws_route_table",
      "name": "intra",
      "provider": "provider[\"registry.terraform.io/hashicorp/aws\"]",
      "instances": []
    },
    {
      "module": "module.kubeoptima_eks.module.vpc",
      "mode": "managed",
      "type": "aws_route_table",
      "name": "private",
      "provider": "provider[\"registry.terraform.io/hashicorp/aws\"]",
      "instances": [
        {
          "index_key": 0,
          "schema_version": 0,
          "attributes": {
            "arn": "arn:aws:ec2:ap-south-1:320343233567:route-table/rtb-072d4f6e03f1189ee",
            "id": "rtb-072d4f6e03f1189ee",
            "owner_id": "320343233567",
            "propagating_vgws": [],
            "route": [
              {
                "carrier_gateway_id": "",
                "cidr_block": "0.0.0.0/0",
                "core_network_arn": "",
                "destination_prefix_list_id": "",
                "egress_only_gateway_id": "",
                "gateway_id": "",
                "ipv6_cidr_block": "",
                "local_gateway_id": "",
                "nat_gateway_id": "nat-0fd0f8da65d83dcb9",
                "network_interface_id": "",
                "transit_gateway_id": "",
                "vpc_endpoint_id": "",
                "vpc_peering_connection_id": ""
              }
            ],
            "tags": {
              "Environment": "testing",
              "ManagedBy": "Terraform",
              "Name": "kubeoptima-test-vpc-private",
              "Platform": "KubeOptima"
            },
            "tags_all": {
              "Environment": "testing",
              "ManagedBy": "Terraform",
              "Name": "kubeoptima-test-vpc-private",
              "Platform": "KubeOptima"
            },
            "timeouts": null,
            "vpc_id": "vpc-0ceedfa2776728ad6"
          },
          "sensitive_attributes": [],
          "private": "eyJlMmJmYjczMC1lY2FhLTExZTYtOGY4OC0zNDM2M2JjN2M0YzAiOnsiY3JlYXRlIjozMDAwMDAwMDAwMDAsImRlbGV0ZSI6MzAwMDAwMDAwMDAwLCJ1cGRhdGUiOjEyMDAwMDAwMDAwMH19",
          "dependencies": [
            "module.kubeoptima_eks.data.aws_availability_zones.available",
            "module.kubeoptima_eks.module.vpc.aws_vpc.this",
            "module.kubeoptima_eks.module.vpc.aws_vpc_ipv4_cidr_block_association.this"
          ]
        }
      ]
    },
    {
      "module": "module.kubeoptima_eks.module.vpc",
      "mode": "managed",
      "type": "aws_route_table",
      "name": "public",
      "provider": "provider[\"registry.terraform.io/hashicorp/aws\"]",
      "instances": [
        {
          "index_key": 0,
          "schema_version": 0,
          "attributes": {
            "arn": "arn:aws:ec2:ap-south-1:320343233567:route-table/rtb-06332c65bbc25c7d6",
            "id": "rtb-06332c65bbc25c7d6",
            "owner_id": "320343233567",
            "propagating_vgws": [],
            "route": [
              {
                "carrier_gateway_id": "",
                "cidr_block": "0.0.0.0/0",
                "core_network_arn": "",
                "destination_prefix_list_id": "",
                "egress_only_gateway_id": "",
                "gateway_id": "igw-05f80ec96db9a726c",
                "ipv6_cidr_block": "",
                "local_gateway_id": "",
                "nat_gateway_id": "",
                "network_interface_id": "",
                "transit_gateway_id": "",
                "vpc_endpoint_id": "",
                "vpc_peering_connection_id": ""
              }
            ],
            "tags": {
              "Environment": "testing",
              "ManagedBy": "Terraform",
              "Name": "kubeoptima-test-vpc-public",
              "Platform": "KubeOptima"
            },
            "tags_all": {
              "Environment": "testing",
              "ManagedBy": "Terraform",
              "Name": "kubeoptima-test-vpc-public",
              "Platform": "KubeOptima"
            },
            "timeouts": null,
            "vpc_id": "vpc-0ceedfa2776728ad6"
          },
          "sensitive_attributes": [],
          "private": "eyJlMmJmYjczMC1lY2FhLTExZTYtOGY4OC0zNDM2M2JjN2M0YzAiOnsiY3JlYXRlIjozMDAwMDAwMDAwMDAsImRlbGV0ZSI6MzAwMDAwMDAwMDAwLCJ1cGRhdGUiOjEyMDAwMDAwMDAwMH19",
          "dependencies": [
            "module.kubeoptima_eks.data.aws_availability_zones.available",
            "module.kubeoptima_eks.module.vpc.aws_vpc.this",
            "module.kubeoptima_eks.module.vpc.aws_vpc_ipv4_cidr_block_association.this"
          ]
        }
      ]
    },
    {
      "module": "module.kubeoptima_eks.module.vpc",
      "mode": "managed",
      "type": "aws_route_table",
      "name": "redshift",
      "provider": "provider[\"registry.terraform.io/hashicorp/aws\"]",
      "instances": []
    },
    {
      "module": "module.kubeoptima_eks.module.vpc",
      "mode": "managed",
      "type": "aws_route_table_association",
      "name": "database",
      "provider": "provider[\"registry.terraform.io/hashicorp/aws\"]",
      "instances": []
    },
    {
      "module": "module.kubeoptima_eks.module.vpc",
      "mode": "managed",
      "type": "aws_route_table_association",
      "name": "elasticache",
      "provider": "provider[\"registry.terraform.io/hashicorp/aws\"]",
      "instances": []
    },
    {
      "module": "module.kubeoptima_eks.module.vpc",
      "mode": "managed",
      "type": "aws_route_table_association",
      "name": "intra",
      "provider": "provider[\"registry.terraform.io/hashicorp/aws\"]",
      "instances": []
    },
    {
      "module": "module.kubeoptima_eks.module.vpc",
      "mode": "managed",
      "type": "aws_route_table_association",
      "name": "outpost",
      "provider": "provider[\"registry.terraform.io/hashicorp/aws\"]",
      "instances": []
    },
    {
      "module": "module.kubeoptima_eks.module.vpc",
      "mode": "managed",
      "type": "aws_route_table_association",
      "name": "private",
      "provider": "provider[\"registry.terraform.io/hashicorp/aws\"]",
      "instances": [
        {
          "index_key": 0,
          "schema_version": 0,
          "attributes": {
            "gateway_id": "",
            "id": "rtbassoc-0277a505e3b99bcb9",
            "route_table_id": "rtb-072d4f6e03f1189ee",
            "subnet_id": "subnet-015a8034446ae70d4",
            "timeouts": null
          },
          "sensitive_attributes": [],
          "private": "eyJlMmJmYjczMC1lY2FhLTExZTYtOGY4OC0zNDM2M2JjN2M0YzAiOnsiY3JlYXRlIjozMDAwMDAwMDAwMDAsImRlbGV0ZSI6MzAwMDAwMDAwMDAwLCJ1cGRhdGUiOjEyMDAwMDAwMDAwMH19",
          "dependencies": [
            "module.kubeoptima_eks.data.aws_availability_zones.available",
            "module.kubeoptima_eks.module.vpc.aws_route_table.private",
            "module.kubeoptima_eks.module.vpc.aws_subnet.private",
            "module.kubeoptima_eks.module.vpc.aws_vpc.this",
            "module.kubeoptima_eks.module.vpc.aws_vpc_ipv4_cidr_block_association.this"
          ]
        },
        {
          "index_key": 1,
          "schema_version": 0,
          "attributes": {
            "gateway_id": "",
            "id": "rtbassoc-0a4b28f7aa3a7f781",
            "route_table_id": "rtb-072d4f6e03f1189ee",
            "subnet_id": "subnet-03a46e0b1b986e6ae",
            "timeouts": null
          },
          "sensitive_attributes": [],
          "private": "eyJlMmJmYjczMC1lY2FhLTExZTYtOGY4OC0zNDM2M2JjN2M0YzAiOnsiY3JlYXRlIjozMDAwMDAwMDAwMDAsImRlbGV0ZSI6MzAwMDAwMDAwMDAwLCJ1cGRhdGUiOjEyMDAwMDAwMDAwMH19",
          "dependencies": [
            "module.kubeoptima_eks.data.aws_availability_zones.available",
            "module.kubeoptima_eks.module.vpc.aws_route_table.private",
            "module.kubeoptima_eks.module.vpc.aws_subnet.private",
            "module.kubeoptima_eks.module.vpc.aws_vpc.this",
            "module.kubeoptima_eks.module.vpc.aws_vpc_ipv4_cidr_block_association.this"
          ]
        },
        {
          "index_key": 2,
          "schema_version": 0,
          "attributes": {
            "gateway_id": "",
            "id": "rtbassoc-05edc7200c163ccc6",
            "route_table_id": "rtb-072d4f6e03f1189ee",
            "subnet_id": "subnet-089052d6fb0dfb701",
            "timeouts": null
          },
          "sensitive_attributes": [],
          "private": "eyJlMmJmYjczMC1lY2FhLTExZTYtOGY4OC0zNDM2M2JjN2M0YzAiOnsiY3JlYXRlIjozMDAwMDAwMDAwMDAsImRlbGV0ZSI6MzAwMDAwMDAwMDAwLCJ1cGRhdGUiOjEyMDAwMDAwMDAwMH19",
          "dependencies": [
            "module.kubeoptima_eks.data.aws_availability_zones.available",
            "module.kubeoptima_eks.module.vpc.aws_route_table.private",
            "module.kubeoptima_eks.module.vpc.aws_subnet.private",
            "module.kubeoptima_eks.module.vpc.aws_vpc.this",
            "module.kubeoptima_eks.module.vpc.aws_vpc_ipv4_cidr_block_association.this"
          ]
        }
      ]
    },
    {
      "module": "module.kubeoptima_eks.module.vpc",
      "mode": "managed",
      "type": "aws_route_table_association",
      "name": "public",
      "provider": "provider[\"registry.terraform.io/hashicorp/aws\"]",
      "instances": [
        {
          "index_key": 0,
          "schema_version": 0,
          "attributes": {
            "gateway_id": "",
            "id": "rtbassoc-08d90c25a0c9e0770",
            "route_table_id": "rtb-06332c65bbc25c7d6",
            "subnet_id": "subnet-031a1e043957384cb",
            "timeouts": null
          },
          "sensitive_attributes": [],
          "private": "eyJlMmJmYjczMC1lY2FhLTExZTYtOGY4OC0zNDM2M2JjN2M0YzAiOnsiY3JlYXRlIjozMDAwMDAwMDAwMDAsImRlbGV0ZSI6MzAwMDAwMDAwMDAwLCJ1cGRhdGUiOjEyMDAwMDAwMDAwMH19",
          "dependencies": [
            "module.kubeoptima_eks.data.aws_availability_zones.available",
            "module.kubeoptima_eks.module.vpc.aws_route_table.public",
            "module.kubeoptima_eks.module.vpc.aws_subnet.public",
            "module.kubeoptima_eks.module.vpc.aws_vpc.this",
            "module.kubeoptima_eks.module.vpc.aws_vpc_ipv4_cidr_block_association.this"
          ]
        },
        {
          "index_key": 1,
          "schema_version": 0,
          "attributes": {
            "gateway_id": "",
            "id": "rtbassoc-04c0344010413336d",
            "route_table_id": "rtb-06332c65bbc25c7d6",
            "subnet_id": "subnet-066057968666f25f7",
            "timeouts": null
          },
          "sensitive_attributes": [],
          "private": "eyJlMmJmYjczMC1lY2FhLTExZTYtOGY4OC0zNDM2M2JjN2M0YzAiOnsiY3JlYXRlIjozMDAwMDAwMDAwMDAsImRlbGV0ZSI6MzAwMDAwMDAwMDAwLCJ1cGRhdGUiOjEyMDAwMDAwMDAwMH19",
          "dependencies": [
            "module.kubeoptima_eks.data.aws_availability_zones.available",
            "module.kubeoptima_eks.module.vpc.aws_route_table.public",
            "module.kubeoptima_eks.module.vpc.aws_subnet.public",
            "module.kubeoptima_eks.module.vpc.aws_vpc.this",
            "module.kubeoptima_eks.module.vpc.aws_vpc_ipv4_cidr_block_association.this"
          ]
        },
        {
          "index_key": 2,
          "schema_version": 0,
          "attributes": {
            "gateway_id": "",
            "id": "rtbassoc-0b884534f92b2043a",
            "route_table_id": "rtb-06332c65bbc25c7d6",
            "subnet_id": "subnet-02515e63788697811",
            "timeouts": null
          },
          "sensitive_attributes": [],
          "private": "eyJlMmJmYjczMC1lY2FhLTExZTYtOGY4OC0zNDM2M2JjN2M0YzAiOnsiY3JlYXRlIjozMDAwMDAwMDAwMDAsImRlbGV0ZSI6MzAwMDAwMDAwMDAwLCJ1cGRhdGUiOjEyMDAwMDAwMDAwMH19",
          "dependencies": [
            "module.kubeoptima_eks.data.aws_availability_zones.available",
            "module.kubeoptima_eks.module.vpc.aws_route_table.public",
            "module.kubeoptima_eks.module.vpc.aws_subnet.public",
            "module.kubeoptima_eks.module.vpc.aws_vpc.this",
            "module.kubeoptima_eks.module.vpc.aws_vpc_ipv4_cidr_block_association.this"
          ]
        }
      ]
    },
    {
      "module": "module.kubeoptima_eks.module.vpc",
      "mode": "managed",
      "type": "aws_route_table_association",
      "name": "redshift",
      "provider": "provider[\"registry.terraform.io/hashicorp/aws\"]",
      "instances": []
    },
    {
      "module": "module.kubeoptima_eks.module.vpc",
      "mode": "managed",
      "type": "aws_route_table_association",
      "name": "redshift_public",
      "provider": "provider[\"registry.terraform.io/hashicorp/aws\"]",
      "instances": []
    },
    {
      "module": "module.kubeoptima_eks.module.vpc",
      "mode": "managed",
      "type": "aws_subnet",
      "name": "database",
      "provider": "provider[\"registry.terraform.io/hashicorp/aws\"]",
      "instances": []
    },
    {
      "module": "module.kubeoptima_eks.module.vpc",
      "mode": "managed",
      "type": "aws_subnet",
      "name": "elasticache",
      "provider": "provider[\"registry.terraform.io/hashicorp/aws\"]",
      "instances": []
    },
    {
      "module": "module.kubeoptima_eks.module.vpc",
      "mode": "managed",
      "type": "aws_subnet",
      "name": "intra",
      "provider": "provider[\"registry.terraform.io/hashicorp/aws\"]",
      "instances": []
    },
    {
      "module": "module.kubeoptima_eks.module.vpc",
      "mode": "managed",
      "type": "aws_subnet",
      "name": "outpost",
      "provider": "provider[\"registry.terraform.io/hashicorp/aws\"]",
      "instances": []
    },
    {
      "module": "module.kubeoptima_eks.module.vpc",
      "mode": "managed",
      "type": "aws_subnet",
      "name": "private",
      "provider": "provider[\"registry.terraform.io/hashicorp/aws\"]",
      "instances": [
        {
          "index_key": 0,
          "schema_version": 1,
          "attributes": {
            "arn": "arn:aws:ec2:ap-south-1:320343233567:subnet/subnet-015a8034446ae70d4",
            "assign_ipv6_address_on_creation": false,
            "availability_zone": "ap-south-1a",
            "availability_zone_id": "aps1-az1",
            "cidr_block": "10.0.1.0/24",
            "customer_owned_ipv4_pool": "",
            "enable_dns64": false,
            "enable_lni_at_device_index": 0,
            "enable_resource_name_dns_a_record_on_launch": false,
            "enable_resource_name_dns_aaaa_record_on_launch": false,
            "id": "subnet-015a8034446ae70d4",
            "ipv6_cidr_block": "",
            "ipv6_cidr_block_association_id": "",
            "ipv6_native": false,
            "map_customer_owned_ip_on_launch": false,
            "map_public_ip_on_launch": false,
            "outpost_arn": "",
            "owner_id": "320343233567",
            "private_dns_hostname_type_on_launch": "ip-name",
            "tags": {
              "Environment": "testing",
              "ManagedBy": "Terraform",
              "Name": "kubeoptima-test-vpc-private-ap-south-1a",
              "Platform": "KubeOptima",
              "karpenter.sh/discovery": "kubeoptima-test",
              "kubernetes.io/cluster/kubeoptima-test": "shared",
              "kubernetes.io/role/internal-elb": "1"
            },
            "tags_all": {
              "Environment": "testing",
              "ManagedBy": "Terraform",
              "Name": "kubeoptima-test-vpc-private-ap-south-1a",
              "Platform": "KubeOptima",
              "karpenter.sh/discovery": "kubeoptima-test",
              "kubernetes.io/cluster/kubeoptima-test": "shared",
              "kubernetes.io/role/internal-elb": "1"
            },
            "timeouts": null,
            "vpc_id": "vpc-0ceedfa2776728ad6"
          },
          "sensitive_attributes": [],
          "private": "eyJlMmJmYjczMC1lY2FhLTExZTYtOGY4OC0zNDM2M2JjN2M0YzAiOnsiY3JlYXRlIjo2MDAwMDAwMDAwMDAsImRlbGV0ZSI6MTIwMDAwMDAwMDAwMH0sInNjaGVtYV92ZXJzaW9uIjoiMSJ9",
          "dependencies": [
            "module.kubeoptima_eks.data.aws_availability_zones.available",
            "module.kubeoptima_eks.module.vpc.aws_vpc.this",
            "module.kubeoptima_eks.module.vpc.aws_vpc_ipv4_cidr_block_association.this"
          ],
          "create_before_destroy": true
        },
        {
          "index_key": 1,
          "schema_version": 1,
          "attributes": {
            "arn": "arn:aws:ec2:ap-south-1:320343233567:subnet/subnet-03a46e0b1b986e6ae",
            "assign_ipv6_address_on_creation": false,
            "availability_zone": "ap-south-1b",
            "availability_zone_id": "aps1-az3",
            "cidr_block": "10.0.2.0/24",
            "customer_owned_ipv4_pool": "",
            "enable_dns64": false,
            "enable_lni_at_device_index": 0,
            "enable_resource_name_dns_a_record_on_launch": false,
            "enable_resource_name_dns_aaaa_record_on_launch": false,
            "id": "subnet-03a46e0b1b986e6ae",
            "ipv6_cidr_block": "",
            "ipv6_cidr_block_association_id": "",
            "ipv6_native": false,
            "map_customer_owned_ip_on_launch": false,
            "map_public_ip_on_launch": false,
            "outpost_arn": "",
            "owner_id": "320343233567",
            "private_dns_hostname_type_on_launch": "ip-name",
            "tags": {
              "Environment": "testing",
              "ManagedBy": "Terraform",
              "Name": "kubeoptima-test-vpc-private-ap-south-1b",
              "Platform": "KubeOptima",
              "karpenter.sh/discovery": "kubeoptima-test",
              "kubernetes.io/cluster/kubeoptima-test": "shared",
              "kubernetes.io/role/internal-elb": "1"
            },
            "tags_all": {
              "Environment": "testing",
              "ManagedBy": "Terraform",
              "Name": "kubeoptima-test-vpc-private-ap-south-1b",
              "Platform": "KubeOptima",
              "karpenter.sh/discovery": "kubeoptima-test",
              "kubernetes.io/cluster/kubeoptima-test": "shared",
              "kubernetes.io/role/internal-elb": "1"
            },
            "timeouts": null,
            "vpc_id": "vpc-0ceedfa2776728ad6"
          },
          "sensitive_attributes": [],
          "private": "eyJlMmJmYjczMC1lY2FhLTExZTYtOGY4OC0zNDM2M2JjN2M0YzAiOnsiY3JlYXRlIjo2MDAwMDAwMDAwMDAsImRlbGV0ZSI6MTIwMDAwMDAwMDAwMH0sInNjaGVtYV92ZXJzaW9uIjoiMSJ9",
          "dependencies": [
            "module.kubeoptima_eks.data.aws_availability_zones.available",
            "module.kubeoptima_eks.module.vpc.aws_vpc.this",
            "module.kubeoptima_eks.module.vpc.aws_vpc_ipv4_cidr_block_association.this"
          ],
          "create_before_destroy": true
        },
        {
          "index_key": 2,
          "schema_version": 1,
          "attributes": {
            "arn": "arn:aws:ec2:ap-south-1:320343233567:subnet/subnet-089052d6fb0dfb701",
            "assign_ipv6_address_on_creation": false,
            "availability_zone": "ap-south-1c",
            "availability_zone_id": "aps1-az2",
            "cidr_block": "10.0.3.0/24",
            "customer_owned_ipv4_pool": "",
            "enable_dns64": false,
            "enable_lni_at_device_index": 0,
            "enable_resource_name_dns_a_record_on_launch": false,
            "enable_resource_name_dns_aaaa_record_on_launch": false,
            "id": "subnet-089052d6fb0dfb701",
            "ipv6_cidr_block": "",
            "ipv6_cidr_block_association_id": "",
            "ipv6_native": false,
            "map_customer_owned_ip_on_launch": false,
            "map_public_ip_on_launch": false,
            "outpost_arn": "",
            "owner_id": "320343233567",
            "private_dns_hostname_type_on_launch": "ip-name",
            "tags": {
              "Environment": "testing",
              "ManagedBy": "Terraform",
              "Name": "kubeoptima-test-vpc-private-ap-south-1c",
              "Platform": "KubeOptima",
              "karpenter.sh/discovery": "kubeoptima-test",
              "kubernetes.io/cluster/kubeoptima-test": "shared",
              "kubernetes.io/role/internal-elb": "1"
            },
            "tags_all": {
              "Environment": "testing",
              "ManagedBy": "Terraform",
              "Name": "kubeoptima-test-vpc-private-ap-south-1c",
              "Platform": "KubeOptima",
              "karpenter.sh/discovery": "kubeoptima-test",
              "kubernetes.io/cluster/kubeoptima-test": "shared",
              "kubernetes.io/role/internal-elb": "1"
            },
            "timeouts": null,
            "vpc_id": "vpc-0ceedfa2776728ad6"
          },
          "sensitive_attributes": [],
          "private": "eyJlMmJmYjczMC1lY2FhLTExZTYtOGY4OC0zNDM2M2JjN2M0YzAiOnsiY3JlYXRlIjo2MDAwMDAwMDAwMDAsImRlbGV0ZSI6MTIwMDAwMDAwMDAwMH0sInNjaGVtYV92ZXJzaW9uIjoiMSJ9",
          "dependencies": [
            "module.kubeoptima_eks.data.aws_availability_zones.available",
            "module.kubeoptima_eks.module.vpc.aws_vpc.this",
            "module.kubeoptima_eks.module.vpc.aws_vpc_ipv4_cidr_block_association.this"
          ],
          "create_before_destroy": true
        }
      ]
    },
    {
      "module": "module.kubeoptima_eks.module.vpc",
      "mode": "managed",
      "type": "aws_subnet",
      "name": "public",
      "provider": "provider[\"registry.terraform.io/hashicorp/aws\"]",
      "instances": [
        {
          "index_key": 0,
          "schema_version": 1,
          "attributes": {
            "arn": "arn:aws:ec2:ap-south-1:320343233567:subnet/subnet-031a1e043957384cb",
            "assign_ipv6_address_on_creation": false,
            "availability_zone": "ap-south-1a",
            "availability_zone_id": "aps1-az1",
            "cidr_block": "10.0.101.0/24",
            "customer_owned_ipv4_pool": "",
            "enable_dns64": false,
            "enable_lni_at_device_index": 0,
            "enable_resource_name_dns_a_record_on_launch": false,
            "enable_resource_name_dns_aaaa_record_on_launch": false,
            "id": "subnet-031a1e043957384cb",
            "ipv6_cidr_block": "",
            "ipv6_cidr_block_association_id": "",
            "ipv6_native": false,
            "map_customer_owned_ip_on_launch": false,
            "map_public_ip_on_launch": false,
            "outpost_arn": "",
            "owner_id": "320343233567",
            "private_dns_hostname_type_on_launch": "ip-name",
            "tags": {
              "Environment": "testing",
              "ManagedBy": "Terraform",
              "Name": "kubeoptima-test-vpc-public-ap-south-1a",
              "Platform": "KubeOptima",
              "kubernetes.io/cluster/kubeoptima-test": "shared",
              "kubernetes.io/role/elb": "1"
            },
            "tags_all": {
              "Environment": "testing",
              "ManagedBy": "Terraform",
              "Name": "kubeoptima-test-vpc-public-ap-south-1a",
              "Platform": "KubeOptima",
              "kubernetes.io/cluster/kubeoptima-test": "shared",
              "kubernetes.io/role/elb": "1"
            },
            "timeouts": null,
            "vpc_id": "vpc-0ceedfa2776728ad6"
          },
          "sensitive_attributes": [],
          "private": "eyJlMmJmYjczMC1lY2FhLTExZTYtOGY4OC0zNDM2M2JjN2M0YzAiOnsiY3JlYXRlIjo2MDAwMDAwMDAwMDAsImRlbGV0ZSI6MTIwMDAwMDAwMDAwMH0sInNjaGVtYV92ZXJzaW9uIjoiMSJ9",
          "dependencies": [
            "module.kubeoptima_eks.data.aws_availability_zones.available",
            "module.kubeoptima_eks.module.vpc.aws_vpc.this",
            "module.kubeoptima_eks.module.vpc.aws_vpc_ipv4_cidr_block_association.this"
          ]
        },
        {
          "index_key": 1,
          "schema_version": 1,
          "attributes": {
            "arn": "arn:aws:ec2:ap-south-1:320343233567:subnet/subnet-066057968666f25f7",
            "assign_ipv6_address_on_creation": false,
            "availability_zone": "ap-south-1b",
            "availability_zone_id": "aps1-az3",
            "cidr_block": "10.0.102.0/24",
            "customer_owned_ipv4_pool": "",
            "enable_dns64": false,
            "enable_lni_at_device_index": 0,
            "enable_resource_name_dns_a_record_on_launch": false,
            "enable_resource_name_dns_aaaa_record_on_launch": false,
            "id": "subnet-066057968666f25f7",
            "ipv6_cidr_block": "",
            "ipv6_cidr_block_association_id": "",
            "ipv6_native": false,
            "map_customer_owned_ip_on_launch": false,
            "map_public_ip_on_launch": false,
            "outpost_arn": "",
            "owner_id": "320343233567",
            "private_dns_hostname_type_on_launch": "ip-name",
            "tags": {
              "Environment": "testing",
              "ManagedBy": "Terraform",
              "Name": "kubeoptima-test-vpc-public-ap-south-1b",
              "Platform": "KubeOptima",
              "kubernetes.io/cluster/kubeoptima-test": "shared",
              "kubernetes.io/role/elb": "1"
            },
            "tags_all": {
              "Environment": "testing",
              "ManagedBy": "Terraform",
              "Name": "kubeoptima-test-vpc-public-ap-south-1b",
              "Platform": "KubeOptima",
              "kubernetes.io/cluster/kubeoptima-test": "shared",
              "kubernetes.io/role/elb": "1"
            },
            "timeouts": null,
            "vpc_id": "vpc-0ceedfa2776728ad6"
          },
          "sensitive_attributes": [],
          "private": "eyJlMmJmYjczMC1lY2FhLTExZTYtOGY4OC0zNDM2M2JjN2M0YzAiOnsiY3JlYXRlIjo2MDAwMDAwMDAwMDAsImRlbGV0ZSI6MTIwMDAwMDAwMDAwMH0sInNjaGVtYV92ZXJzaW9uIjoiMSJ9",
          "dependencies": [
            "module.kubeoptima_eks.data.aws_availability_zones.available",
            "module.kubeoptima_eks.module.vpc.aws_vpc.this",
            "module.kubeoptima_eks.module.vpc.aws_vpc_ipv4_cidr_block_association.this"
          ]
        },
        {
          "index_key": 2,
          "schema_version": 1,
          "attributes": {
            "arn": "arn:aws:ec2:ap-south-1:320343233567:subnet/subnet-02515e63788697811",
            "assign_ipv6_address_on_creation": false,
            "availability_zone": "ap-south-1c",
            "availability_zone_id": "aps1-az2",
            "cidr_block": "10.0.103.0/24",
            "customer_owned_ipv4_pool": "",
            "enable_dns64": false,
            "enable_lni_at_device_index": 0,
            "enable_resource_name_dns_a_record_on_launch": false,
            "enable_resource_name_dns_aaaa_record_on_launch": false,
            "id": "subnet-02515e63788697811",
            "ipv6_cidr_block": "",
            "ipv6_cidr_block_association_id": "",
            "ipv6_native": false,
            "map_customer_owned_ip_on_launch": false,
            "map_public_ip_on_launch": false,
            "outpost_arn": "",
            "owner_id": "320343233567",
            "private_dns_hostname_type_on_launch": "ip-name",
            "tags": {
              "Environment": "testing",
              "ManagedBy": "Terraform",
              "Name": "kubeoptima-test-vpc-public-ap-south-1c",
              "Platform": "KubeOptima",
              "kubernetes.io/cluster/kubeoptima-test": "shared",
              "kubernetes.io/role/elb": "1"
            },
            "tags_all": {
              "Environment": "testing",
              "ManagedBy": "Terraform",
              "Name": "kubeoptima-test-vpc-public-ap-south-1c",
              "Platform": "KubeOptima",
              "kubernetes.io/cluster/kubeoptima-test": "shared",
              "kubernetes.io/role/elb": "1"
            },
            "timeouts": null,
            "vpc_id": "vpc-0ceedfa2776728ad6"
          },
          "sensitive_attributes": [],
          "private": "eyJlMmJmYjczMC1lY2FhLTExZTYtOGY4OC0zNDM2M2JjN2M0YzAiOnsiY3JlYXRlIjo2MDAwMDAwMDAwMDAsImRlbGV0ZSI6MTIwMDAwMDAwMDAwMH0sInNjaGVtYV92ZXJzaW9uIjoiMSJ9",
          "dependencies": [
            "module.kubeoptima_eks.data.aws_availability_zones.available",
            "module.kubeoptima_eks.module.vpc.aws_vpc.this",
            "module.kubeoptima_eks.module.vpc.aws_vpc_ipv4_cidr_block_association.this"
          ]
        }
      ]
    },
    {
      "module": "module.kubeoptima_eks.module.vpc",
      "mode": "managed",
      "type": "aws_subnet",
      "name": "redshift",
      "provider": "provider[\"registry.terraform.io/hashicorp/aws\"]",
      "instances": []
    },
    {
      "module": "module.kubeoptima_eks.module.vpc",
      "mode": "managed",
      "type": "aws_vpc",
      "name": "this",
      "provider": "provider[\"registry.terraform.io/hashicorp/aws\"]",
      "instances": [
        {
          "index_key": 0,
          "schema_version": 1,
          "attributes": {
            "arn": "arn:aws:ec2:ap-south-1:320343233567:vpc/vpc-0ceedfa2776728ad6",
            "assign_generated_ipv6_cidr_block": false,
            "cidr_block": "10.0.0.0/16",
            "default_network_acl_id": "acl-049d105c724fa9c48",
            "default_route_table_id": "rtb-064dcb20bbc3fbbd2",
            "default_security_group_id": "sg-0d308703c1bacb8cc",
            "dhcp_options_id": "dopt-05d532565d577dcbf",
            "enable_dns_hostnames": true,
            "enable_dns_support": true,
            "enable_network_address_usage_metrics": false,
            "id": "vpc-0ceedfa2776728ad6",
            "instance_tenancy": "default",
            "ipv4_ipam_pool_id": null,
            "ipv4_netmask_length": null,
            "ipv6_association_id": "",
            "ipv6_cidr_block": "",
            "ipv6_cidr_block_network_border_group": "",
            "ipv6_ipam_pool_id": "",
            "ipv6_netmask_length": 0,
            "main_route_table_id": "rtb-064dcb20bbc3fbbd2",
            "owner_id": "320343233567",
            "tags": {
              "Environment": "testing",
              "ManagedBy": "Terraform",
              "Name": "kubeoptima-test-vpc",
              "Platform": "KubeOptima"
            },
            "tags_all": {
              "Environment": "testing",
              "ManagedBy": "Terraform",
              "Name": "kubeoptima-test-vpc",
              "Platform": "KubeOptima"
            }
          },
          "sensitive_attributes": [],
          "private": "eyJzY2hlbWFfdmVyc2lvbiI6IjEifQ==",
          "create_before_destroy": true
        }
      ]
    },
    {
      "module": "module.kubeoptima_eks.module.vpc",
      "mode": "managed",
      "type": "aws_vpc_block_public_access_exclusion",
      "name": "this",
      "provider": "provider[\"registry.terraform.io/hashicorp/aws\"]",
      "instances": []
    },
    {
      "module": "module.kubeoptima_eks.module.vpc",
      "mode": "managed",
      "type": "aws_vpc_block_public_access_options",
      "name": "this",
      "provider": "provider[\"registry.terraform.io/hashicorp/aws\"]",
      "instances": []
    },
    {
      "module": "module.kubeoptima_eks.module.vpc",
      "mode": "managed",
      "type": "aws_vpc_dhcp_options",
      "name": "this",
      "provider": "provider[\"registry.terraform.io/hashicorp/aws\"]",
      "instances": []
    },
    {
      "module": "module.kubeoptima_eks.module.vpc",
      "mode": "managed",
      "type": "aws_vpc_dhcp_options_association",
      "name": "this",
      "provider": "provider[\"registry.terraform.io/hashicorp/aws\"]",
      "instances": []
    },
    {
      "module": "module.kubeoptima_eks.module.vpc",
      "mode": "managed",
      "type": "aws_vpc_ipv4_cidr_block_association",
      "name": "this",
      "provider": "provider[\"registry.terraform.io/hashicorp/aws\"]",
      "instances": []
    },
    {
      "module": "module.kubeoptima_eks.module.vpc",
      "mode": "managed",
      "type": "aws_vpn_gateway",
      "name": "this",
      "provider": "provider[\"registry.terraform.io/hashicorp/aws\"]",
      "instances": []
    },
    {
      "module": "module.kubeoptima_eks.module.vpc",
      "mode": "managed",
      "type": "aws_vpn_gateway_attachment",
      "name": "this",
      "provider": "provider[\"registry.terraform.io/hashicorp/aws\"]",
      "instances": []
    },
    {
      "module": "module.kubeoptima_eks.module.vpc",
      "mode": "managed",
      "type": "aws_vpn_gateway_route_propagation",
      "name": "intra",
      "provider": "provider[\"registry.terraform.io/hashicorp/aws\"]",
      "instances": []
    },
    {
      "module": "module.kubeoptima_eks.module.vpc",
      "mode": "managed",
      "type": "aws_vpn_gateway_route_propagation",
      "name": "private",
      "provider": "provider[\"registry.terraform.io/hashicorp/aws\"]",
      "instances": []
    },
    {
      "module": "module.kubeoptima_eks.module.vpc",
      "mode": "managed",
      "type": "aws_vpn_gateway_route_propagation",
      "name": "public",
      "provider": "provider[\"registry.terraform.io/hashicorp/aws\"]",
      "instances": []
    }
  ],
  "check_results": null
}
